{
  "version": 4,
  "terraform_version": "1.2.5",
  "serial": 565,
  "lineage": "b69cabd0-3672-8efe-1c7b-c48ec7dddfbd",
  "outputs": {
    "associate": {
      "value": "eksctl utils associate-iam-oidc-provider --region=us-east-2 --cluster=wyze --approve",
      "type": "string"
    },
    "cluster-autoscaler": {
      "value": "eksctl create iamserviceaccount --name cluster-autoscaler --namespace kube-system --cluster wyze --attach-policy-arn arn:aws:iam::525621568406:policy/eks-cluster-autoscaler-policy --approve --override-existing-serviceaccounts",
      "type": "string"
    },
    "cluster-autoscaler-attach-policy": {
      "value": "kubectl annotate serviceaccount cluster-autoscaler -n kube-system eks.amazonaws.com/role-arn=arn:aws:iam::525621568406:policy/eks-cluster-autoscaler-policy",
      "type": "string"
    },
    "create": {
      "value": "eksctl create iamserviceaccount --name external-dns --namespace default --cluster wyze --attach-policy-arn arn:aws:iam::525621568406:policy/external-dns-policy --approve --override-existing-serviceaccounts",
      "type": "string"
    },
    "delete": {
      "value": "eksctl delete iamserviceaccount external-dns --cluster wyze",
      "type": "string"
    }
  },
  "resources": [
    {
      "mode": "data",
      "type": "aws_eks_cluster",
      "name": "cluster",
      "provider": "provider[\"registry.terraform.io/hashicorp/aws\"]",
      "instances": [
        {
          "schema_version": 0,
          "attributes": {
            "arn": "arn:aws:eks:us-east-2:525621568406:cluster/wyze",
            "certificate_authority": [
              {
                "data": "LS0tLS1CRUdJTiBDRVJUSUZJQ0FURS0tLS0tCk1JSUM1ekNDQWMrZ0F3SUJBZ0lCQURBTkJna3Foa2lHOXcwQkFRc0ZBREFWTVJNd0VRWURWUVFERXdwcmRXSmwKY201bGRHVnpNQjRYRFRJeU1EZ3dOREl3TXpJd01Wb1hEVE15TURnd01USXdNekl3TVZvd0ZURVRNQkVHQTFVRQpBeE1LYTNWaVpYSnVaWFJsY3pDQ0FTSXdEUVlKS29aSWh2Y05BUUVCQlFBRGdnRVBBRENDQVFvQ2dnRUJBTURQCkJRcDNpQWZlUUJEY3RsUVdxUUNmQnhrZXpKQ1VNZzVCdlU1R1JacVFXaVBya0RYby9kODJtL1kvZlBxcWxqU0YKalJyUWdHTDlqSFhHRzh0dnZ0S0R5bTVndGJhWWpQazhtYmMxSFlVT01JTUhZZ2FGdTJwczh4S0krTmdWeDZlcApxak9IS1VVbUc2NjJEVFN2Q3F3QW9aMUF2bmFsemdFaUI5dmNDQmVUZ3ZsWjJ0dG8rdFV3YXB0YkxrSThmdmRFClVZY2k1dnF2UE5vNzNuU0p2SmRHSnZYcERjL0h0UEhpKzFQOEI1Mm9lcVpad25IU1BSVmthK0dzQWdPd0ZEWUcKaWh0WTdobVY4NGdZV0tkY2ZCOEQxZ1VxU2orVHpEVTQ2cnVvNjRnMkh2M2l6aGJDZmdXZFc3RXNMOHc0T0J2RQpaZXVNQTMrQ3lFc2h6VzM1VlUwQ0F3RUFBYU5DTUVBd0RnWURWUjBQQVFIL0JBUURBZ0trTUE4R0ExVWRFd0VCCi93UUZNQU1CQWY4d0hRWURWUjBPQkJZRUZIK3hQbktUMENUbHNXWUNTUzFvdmVTeU5YTmlNQTBHQ1NxR1NJYjMKRFFFQkN3VUFBNElCQVFCODZwcG1vSGw5ZXBPeTNHRW5admk5RnVmbTVoVWN4b0hZZ2VGZ2IwZ2p1VGpEdWFGbAozdE9ia0ZWd2NrbG84WW01d2hEQTBzci8vMmhhZEtZWDhyOFdXazQ0VGZQUnhSbnM0aUxRNjV1VDE4SWp3b3hJCnFJTm9CZUsxRGtrWFV1czVzV2M5Z1ZHS2xSalFBTS9PVHIrUnNvQlNpRGN1TUNDVmhMclRBVURQMjZjdmpHRk4KQ1lmaVZwb2hFeWhJSmJOay9zSklVSVRYVzBqblJ4Ym9oWjZZRkIycWZITkNYaGorTzhDRFBuOWs4eDJBRUViOQpUOUl0M2ptTGpFUzh4ZDNmQmZ0d1VFeDVieGptdXhqWTFpSTNFV0NyUElmVWR3cUEyV2VHVUNUVkttRStNcWtqCkpEd3EyM0x3YXRrYis3c2g1MzR1ZUNmZDBkNEZYVnIrc0lMegotLS0tLUVORCBDRVJUSUZJQ0FURS0tLS0tCg=="
              }
            ],
            "created_at": "2022-08-04 20:26:20.687 +0000 UTC",
            "enabled_cluster_log_types": [],
            "endpoint": "https://14B7289244EEDFA71579F740EEBE3D1F.yl4.us-east-2.eks.amazonaws.com",
            "id": "wyze",
            "identity": [
              {
                "oidc": [
                  {
                    "issuer": "https://oidc.eks.us-east-2.amazonaws.com/id/14B7289244EEDFA71579F740EEBE3D1F"
                  }
                ]
              }
            ],
            "kubernetes_network_config": [
              {
                "ip_family": "ipv4",
                "service_ipv4_cidr": "172.20.0.0/16"
              }
            ],
            "name": "wyze",
            "platform_version": "eks.8",
            "role_arn": "arn:aws:iam::525621568406:role/wyze20220804202609885500000003",
            "status": "ACTIVE",
            "tags": {},
            "version": "1.20",
            "vpc_config": [
              {
                "cluster_security_group_id": "sg-06f4b091d9801286c",
                "endpoint_private_access": false,
                "endpoint_public_access": true,
                "public_access_cidrs": [
                  "0.0.0.0/0"
                ],
                "security_group_ids": [
                  "sg-0a138197a68cb2e9b"
                ],
                "subnet_ids": [
                  "subnet-02e46617c481cdd6c",
                  "subnet-0769268e88696a85d",
                  "subnet-0bf0a220fd89e351d"
                ],
                "vpc_id": "vpc-092ad76d810f5e0a1"
              }
            ]
          },
          "sensitive_attributes": []
        }
      ]
    },
    {
      "mode": "data",
      "type": "aws_eks_cluster_auth",
      "name": "cluster",
      "provider": "provider[\"registry.terraform.io/hashicorp/aws\"]",
      "instances": [
        {
          "schema_version": 0,
          "attributes": {
            "id": "wyze",
            "name": "wyze",
            "token": "k8s-aws-v1.aHR0cHM6Ly9zdHMuYW1hem9uYXdzLmNvbS8_QWN0aW9uPUdldENhbGxlcklkZW50aXR5JlZlcnNpb249MjAxMS0wNi0xNSZYLUFtei1BbGdvcml0aG09QVdTNC1ITUFDLVNIQTI1NiZYLUFtei1DcmVkZW50aWFsPUFLSUFYVVlMNFVPTEFQT01ENERXJTJGMjAyMjA4MDQlMkZ1cy1lYXN0LTElMkZzdHMlMkZhd3M0X3JlcXVlc3QmWC1BbXotRGF0ZT0yMDIyMDgwNFQyMDM2MzNaJlgtQW16LUV4cGlyZXM9MCZYLUFtei1TaWduZWRIZWFkZXJzPWhvc3QlM0J4LWs4cy1hd3MtaWQmWC1BbXotU2lnbmF0dXJlPTk1OTZmNTZkNTYwYjI2NTgxOWRhOTlmYTcwYjdkYmRhNmJhNTU1YTQzNzRhYjQwMWRkN2MyYmM0ZjQ4ZWU1ZTA"
          },
          "sensitive_attributes": []
        }
      ]
    },
    {
      "mode": "data",
      "type": "aws_region",
      "name": "current",
      "provider": "provider[\"registry.terraform.io/hashicorp/aws\"]",
      "instances": [
        {
          "schema_version": 0,
          "attributes": {
            "description": "US East (Ohio)",
            "endpoint": "ec2.us-east-2.amazonaws.com",
            "id": "us-east-2",
            "name": "us-east-2"
          },
          "sensitive_attributes": []
        }
      ]
    },
    {
      "mode": "managed",
      "type": "aws_iam_policy",
      "name": "eks-cluster-autoscaler-policy",
      "provider": "provider[\"registry.terraform.io/hashicorp/aws\"]",
      "instances": [
        {
          "schema_version": 0,
          "attributes": {
            "arn": "arn:aws:iam::525621568406:policy/eks-cluster-autoscaler-policy",
            "description": "Policy for cluster autoscaling.",
            "id": "arn:aws:iam::525621568406:policy/eks-cluster-autoscaler-policy",
            "name": "eks-cluster-autoscaler-policy",
            "name_prefix": null,
            "path": "/",
            "policy": "{\"Statement\":[{\"Action\":[\"autoscaling:DescribeAutoScalingGroups\",\"autoscaling:DescribeAutoScalingInstances\",\"autoscaling:DescribeLaunchConfigurations\",\"autoscaling:DescribeTags\",\"autoscaling:SetDesiredCapacity\",\"autoscaling:TerminateInstanceInAutoScalingGroup\",\"ec2:DescribeLaunchTemplateVersions\"],\"Effect\":\"Allow\",\"Resource\":\"*\"}],\"Version\":\"2012-10-17\"}",
            "policy_id": "ANPAXUYL4UOLD7NROARU2",
            "tags": null,
            "tags_all": {}
          },
          "sensitive_attributes": [],
          "private": "bnVsbA=="
        }
      ]
    },
    {
      "mode": "managed",
      "type": "aws_iam_policy",
      "name": "external-dns-policy",
      "provider": "provider[\"registry.terraform.io/hashicorp/aws\"]",
      "instances": [
        {
          "schema_version": 0,
          "attributes": {
            "arn": "arn:aws:iam::525621568406:policy/external-dns-policy",
            "description": "Policy for external DNS.",
            "id": "arn:aws:iam::525621568406:policy/external-dns-policy",
            "name": "external-dns-policy",
            "name_prefix": null,
            "path": "/",
            "policy": "{\"Statement\":[{\"Action\":[\"route53:ChangeResourceRecordSets\"],\"Effect\":\"Allow\",\"Resource\":\"arn:aws:route53:::hostedzone/*\"},{\"Action\":[\"route53:ListHostedZones\",\"route53:ListResourceRecordSets\"],\"Effect\":\"Allow\",\"Resource\":\"*\"}],\"Version\":\"2012-10-17\"}",
            "policy_id": "ANPAXUYL4UOLKENDUKS6B",
            "tags": null,
            "tags_all": {}
          },
          "sensitive_attributes": [],
          "private": "bnVsbA=="
        }
      ]
    },
    {
      "mode": "managed",
      "type": "aws_iam_role",
      "name": "iam-external-dns",
      "provider": "provider[\"registry.terraform.io/hashicorp/aws\"]",
      "instances": [
        {
          "schema_version": 0,
          "attributes": {
            "arn": "arn:aws:iam::525621568406:role/iam-external-dns",
            "assume_role_policy": "{\"Version\":\"2012-10-17\",\"Statement\":[{\"Sid\":\"\",\"Effect\":\"Allow\",\"Principal\":{\"Service\":\"ec2.amazonaws.com\"},\"Action\":\"sts:AssumeRole\"}]}",
            "create_date": "2022-08-04T20:26:10Z",
            "description": "",
            "force_detach_policies": false,
            "id": "iam-external-dns",
            "inline_policy": [
              {
                "name": "",
                "policy": ""
              }
            ],
            "managed_policy_arns": [],
            "max_session_duration": 3600,
            "name": "iam-external-dns",
            "name_prefix": "",
            "path": "/",
            "permissions_boundary": null,
            "tags": null,
            "tags_all": {},
            "unique_id": "AROAXUYL4UOLHGZN3KG5T"
          },
          "sensitive_attributes": [],
          "private": "bnVsbA=="
        }
      ]
    },
    {
      "mode": "managed",
      "type": "aws_iam_role_policy_attachment",
      "name": "external-dns-attach",
      "provider": "provider[\"registry.terraform.io/hashicorp/aws\"]",
      "instances": [
        {
          "schema_version": 0,
          "attributes": {
            "id": "iam-external-dns-20220804202611461000000006",
            "policy_arn": "arn:aws:iam::525621568406:policy/external-dns-policy",
            "role": "iam-external-dns"
          },
          "sensitive_attributes": [],
          "private": "bnVsbA==",
          "dependencies": [
            "aws_iam_policy.external-dns-policy",
            "aws_iam_role.iam-external-dns"
          ]
        }
      ]
    },
    {
      "module": "module.local-cluster",
      "mode": "data",
      "type": "aws_ami",
      "name": "eks_worker",
      "provider": "provider[\"registry.terraform.io/hashicorp/aws\"]",
      "instances": [
        {
          "index_key": 0,
          "schema_version": 0,
          "attributes": {
            "architecture": "x86_64",
            "arn": "arn:aws:ec2:us-east-2::image/ami-00525b6a7beff0c90",
            "block_device_mappings": [
              {
                "device_name": "/dev/xvda",
                "ebs": {
                  "delete_on_termination": "true",
                  "encrypted": "false",
                  "iops": "0",
                  "snapshot_id": "snap-0170f73dd0baa03bf",
                  "throughput": "0",
                  "volume_size": "20",
                  "volume_type": "gp2"
                },
                "no_device": "",
                "virtual_name": ""
              }
            ],
            "creation_date": "2022-07-26T14:32:53.000Z",
            "description": "EKS Kubernetes Worker AMI with AmazonLinux2 image, (k8s: 1.20.15, docker: 20.10.13-2.amzn2, containerd: 1.4.13-3.amzn2)",
            "ena_support": true,
            "executable_users": null,
            "filter": [
              {
                "name": "name",
                "values": [
                  "amazon-eks-node-1.20-v*"
                ]
              }
            ],
            "hypervisor": "xen",
            "id": "ami-00525b6a7beff0c90",
            "image_id": "ami-00525b6a7beff0c90",
            "image_location": "amazon/amazon-eks-node-1.20-v20220725",
            "image_owner_alias": "amazon",
            "image_type": "machine",
            "kernel_id": null,
            "most_recent": true,
            "name": "amazon-eks-node-1.20-v20220725",
            "name_regex": null,
            "owner_id": "602401143452",
            "owners": [
              "amazon"
            ],
            "platform": null,
            "platform_details": "Linux/UNIX",
            "product_codes": [],
            "public": true,
            "ramdisk_id": null,
            "root_device_name": "/dev/xvda",
            "root_device_type": "ebs",
            "root_snapshot_id": "snap-0170f73dd0baa03bf",
            "sriov_net_support": "simple",
            "state": "available",
            "state_reason": {
              "code": "UNSET",
              "message": "UNSET"
            },
            "tags": {},
            "usage_operation": "RunInstances",
            "virtualization_type": "hvm"
          },
          "sensitive_attributes": []
        }
      ]
    },
    {
      "module": "module.local-cluster",
      "mode": "data",
      "type": "aws_caller_identity",
      "name": "current",
      "provider": "provider[\"registry.terraform.io/hashicorp/aws\"]",
      "instances": [
        {
          "schema_version": 0,
          "attributes": {
            "account_id": "525621568406",
            "arn": "arn:aws:iam::525621568406:user/admin",
            "id": "525621568406",
            "user_id": "AIDAXUYL4UOLKRLHFTBIL"
          },
          "sensitive_attributes": []
        }
      ]
    },
    {
      "module": "module.local-cluster",
      "mode": "data",
      "type": "aws_iam_policy_document",
      "name": "cluster_assume_role_policy",
      "provider": "provider[\"registry.terraform.io/hashicorp/aws\"]",
      "instances": [
        {
          "schema_version": 0,
          "attributes": {
            "id": "2764486067",
            "json": "{\n  \"Version\": \"2012-10-17\",\n  \"Statement\": [\n    {\n      \"Sid\": \"EKSClusterAssumeRole\",\n      \"Effect\": \"Allow\",\n      \"Action\": \"sts:AssumeRole\",\n      \"Principal\": {\n        \"Service\": \"eks.amazonaws.com\"\n      }\n    }\n  ]\n}",
            "override_json": null,
            "override_policy_documents": null,
            "policy_id": null,
            "source_json": null,
            "source_policy_documents": null,
            "statement": [
              {
                "actions": [
                  "sts:AssumeRole"
                ],
                "condition": [],
                "effect": "Allow",
                "not_actions": [],
                "not_principals": [],
                "not_resources": [],
                "principals": [
                  {
                    "identifiers": [
                      "eks.amazonaws.com"
                    ],
                    "type": "Service"
                  }
                ],
                "resources": [],
                "sid": "EKSClusterAssumeRole"
              }
            ],
            "version": "2012-10-17"
          },
          "sensitive_attributes": []
        }
      ]
    },
    {
      "module": "module.local-cluster",
      "mode": "data",
      "type": "aws_iam_policy_document",
      "name": "cluster_deny_log_group",
      "provider": "provider[\"registry.terraform.io/hashicorp/aws\"]",
      "instances": [
        {
          "index_key": 0,
          "schema_version": 0,
          "attributes": {
            "id": "2675893060",
            "json": "{\n  \"Version\": \"2012-10-17\",\n  \"Statement\": [\n    {\n      \"Sid\": \"\",\n      \"Effect\": \"Deny\",\n      \"Action\": \"logs:CreateLogGroup\",\n      \"Resource\": \"*\"\n    }\n  ]\n}",
            "override_json": null,
            "override_policy_documents": null,
            "policy_id": null,
            "source_json": null,
            "source_policy_documents": null,
            "statement": [
              {
                "actions": [
                  "logs:CreateLogGroup"
                ],
                "condition": [],
                "effect": "Deny",
                "not_actions": [],
                "not_principals": [],
                "not_resources": [],
                "principals": [],
                "resources": [
                  "*"
                ],
                "sid": ""
              }
            ],
            "version": "2012-10-17"
          },
          "sensitive_attributes": []
        }
      ]
    },
    {
      "module": "module.local-cluster",
      "mode": "data",
      "type": "aws_iam_policy_document",
      "name": "cluster_elb_sl_role_creation",
      "provider": "provider[\"registry.terraform.io/hashicorp/aws\"]",
      "instances": [
        {
          "index_key": 0,
          "schema_version": 0,
          "attributes": {
            "id": "3709839417",
            "json": "{\n  \"Version\": \"2012-10-17\",\n  \"Statement\": [\n    {\n      \"Sid\": \"\",\n      \"Effect\": \"Allow\",\n      \"Action\": [\n        \"ec2:DescribeInternetGateways\",\n        \"ec2:DescribeAddresses\",\n        \"ec2:DescribeAccountAttributes\"\n      ],\n      \"Resource\": \"*\"\n    }\n  ]\n}",
            "override_json": null,
            "override_policy_documents": null,
            "policy_id": null,
            "source_json": null,
            "source_policy_documents": null,
            "statement": [
              {
                "actions": [
                  "ec2:DescribeAccountAttributes",
                  "ec2:DescribeAddresses",
                  "ec2:DescribeInternetGateways"
                ],
                "condition": [],
                "effect": "Allow",
                "not_actions": [],
                "not_principals": [],
                "not_resources": [],
                "principals": [],
                "resources": [
                  "*"
                ],
                "sid": ""
              }
            ],
            "version": "2012-10-17"
          },
          "sensitive_attributes": []
        }
      ]
    },
    {
      "module": "module.local-cluster",
      "mode": "data",
      "type": "aws_iam_policy_document",
      "name": "workers_assume_role_policy",
      "provider": "provider[\"registry.terraform.io/hashicorp/aws\"]",
      "instances": [
        {
          "schema_version": 0,
          "attributes": {
            "id": "3778018924",
            "json": "{\n  \"Version\": \"2012-10-17\",\n  \"Statement\": [\n    {\n      \"Sid\": \"EKSWorkerAssumeRole\",\n      \"Effect\": \"Allow\",\n      \"Action\": \"sts:AssumeRole\",\n      \"Principal\": {\n        \"Service\": \"ec2.amazonaws.com\"\n      }\n    }\n  ]\n}",
            "override_json": null,
            "override_policy_documents": null,
            "policy_id": null,
            "source_json": null,
            "source_policy_documents": null,
            "statement": [
              {
                "actions": [
                  "sts:AssumeRole"
                ],
                "condition": [],
                "effect": "Allow",
                "not_actions": [],
                "not_principals": [],
                "not_resources": [],
                "principals": [
                  {
                    "identifiers": [
                      "ec2.amazonaws.com"
                    ],
                    "type": "Service"
                  }
                ],
                "resources": [],
                "sid": "EKSWorkerAssumeRole"
              }
            ],
            "version": "2012-10-17"
          },
          "sensitive_attributes": []
        }
      ]
    },
    {
      "module": "module.local-cluster",
      "mode": "data",
      "type": "aws_partition",
      "name": "current",
      "provider": "provider[\"registry.terraform.io/hashicorp/aws\"]",
      "instances": [
        {
          "schema_version": 0,
          "attributes": {
            "dns_suffix": "amazonaws.com",
            "id": "aws",
            "partition": "aws",
            "reverse_dns_prefix": "com.amazonaws"
          },
          "sensitive_attributes": []
        }
      ]
    },
    {
      "module": "module.local-cluster",
      "mode": "data",
      "type": "http",
      "name": "wait_for_cluster",
      "provider": "provider[\"registry.terraform.io/terraform-aws-modules/http\"]",
      "instances": [
        {
          "index_key": 0,
          "schema_version": 0,
          "attributes": {
            "body": "ok",
            "ca_certificate": "-----BEGIN CERTIFICATE-----\nMIIC5zCCAc+gAwIBAgIBADANBgkqhkiG9w0BAQsFADAVMRMwEQYDVQQDEwprdWJl\ncm5ldGVzMB4XDTIyMDgwNDIwMzIwMVoXDTMyMDgwMTIwMzIwMVowFTETMBEGA1UE\nAxMKa3ViZXJuZXRlczCCASIwDQYJKoZIhvcNAQEBBQADggEPADCCAQoCggEBAMDP\nBQp3iAfeQBDctlQWqQCfBxkezJCUMg5BvU5GRZqQWiPrkDXo/d82m/Y/fPqqljSF\njRrQgGL9jHXGG8tvvtKDym5gtbaYjPk8mbc1HYUOMIMHYgaFu2ps8xKI+NgVx6ep\nqjOHKUUmG662DTSvCqwAoZ1AvnalzgEiB9vcCBeTgvlZ2tto+tUwaptbLkI8fvdE\nUYci5vqvPNo73nSJvJdGJvXpDc/HtPHi+1P8B52oeqZZwnHSPRVka+GsAgOwFDYG\nihtY7hmV84gYWKdcfB8D1gUqSj+TzDU46ruo64g2Hv3izhbCfgWdW7EsL8w4OBvE\nZeuMA3+CyEshzW35VU0CAwEAAaNCMEAwDgYDVR0PAQH/BAQDAgKkMA8GA1UdEwEB\n/wQFMAMBAf8wHQYDVR0OBBYEFH+xPnKT0CTlsWYCSS1oveSyNXNiMA0GCSqGSIb3\nDQEBCwUAA4IBAQB86ppmoHl9epOy3GEnZvi9Fufm5hUcxoHYgeFgb0gjuTjDuaFl\n3tObkFVwcklo8Ym5whDA0sr//2hadKYX8r8WWk44TfPRxRns4iLQ65uT18IjwoxI\nqINoBeK1DkkXUus5sWc9gVGKlRjQAM/OTr+RsoBSiDcuMCCVhLrTAUDP26cvjGFN\nCYfiVpohEyhIJbNk/sJIUITXW0jnRxbohZ6YFB2qfHNCXhj+O8CDPn9k8x2AEEb9\nT9It3jmLjES8xd3fBftwUEx5bxjmuxjY1iI3EWCrPIfUdwqA2WeGUCTVKmE+Mqkj\nJDwq23Lwatkb+7sh534ueCfd0d4FXVr+sILz\n-----END CERTIFICATE-----\n",
            "id": "https://14B7289244EEDFA71579F740EEBE3D1F.yl4.us-east-2.eks.amazonaws.com/healthz",
            "insecure": false,
            "request_headers": null,
            "response_headers": {
              "Cache-Control": "no-cache, private",
              "Content-Length": "2",
              "Content-Type": "text/plain; charset=utf-8",
              "Date": "Thu, 04 Aug 2022 20:36:32 GMT",
              "X-Content-Type-Options": "nosniff",
              "X-Kubernetes-Pf-Flowschema-Uid": "56b05590-84f0-41f0-a1d8-b60ee45a0a33",
              "X-Kubernetes-Pf-Prioritylevel-Uid": "a1902f10-0641-4750-9a9d-727c74554094"
            },
            "timeout": 300,
            "url": "https://14B7289244EEDFA71579F740EEBE3D1F.yl4.us-east-2.eks.amazonaws.com/healthz"
          },
          "sensitive_attributes": []
        }
      ]
    },
    {
      "module": "module.local-cluster",
      "mode": "managed",
      "type": "aws_autoscaling_group",
      "name": "workers",
      "provider": "provider[\"registry.terraform.io/hashicorp/aws\"]",
      "instances": [
        {
          "index_key": 0,
          "schema_version": 0,
          "attributes": {
            "arn": "arn:aws:autoscaling:us-east-2:525621568406:autoScalingGroup:239245ad-ac5d-464a-9ca7-5a8dd02b2ea5:autoScalingGroupName/wyze-020220804203644930300000014",
            "availability_zones": [
              "us-east-2a",
              "us-east-2b",
              "us-east-2c"
            ],
            "capacity_rebalance": false,
            "default_cooldown": 300,
            "desired_capacity": 1,
            "enabled_metrics": null,
            "force_delete": false,
            "force_delete_warm_pool": false,
            "health_check_grace_period": 300,
            "health_check_type": "EC2",
            "id": "wyze-020220804203644930300000014",
            "initial_lifecycle_hook": [],
            "instance_refresh": [],
            "launch_configuration": "wyze-020220804203634556300000013",
            "launch_template": [],
            "load_balancers": null,
            "max_instance_lifetime": 0,
            "max_size": 5,
            "metrics_granularity": "1Minute",
            "min_elb_capacity": null,
            "min_size": 1,
            "mixed_instances_policy": [],
            "name": "wyze-020220804203644930300000014",
            "name_prefix": "wyze-0",
            "placement_group": "",
            "protect_from_scale_in": false,
            "service_linked_role_arn": "arn:aws:iam::525621568406:role/aws-service-role/autoscaling.amazonaws.com/AWSServiceRoleForAutoScaling",
            "suspended_processes": [
              "AZRebalance"
            ],
            "tag": [
              {
                "key": "Name",
                "propagate_at_launch": true,
                "value": "wyze-0-eks_asg"
              },
              {
                "key": "k8s.io/cluster/wyze",
                "propagate_at_launch": true,
                "value": "owned"
              },
              {
                "key": "kubernetes.io/cluster/wyze",
                "propagate_at_launch": true,
                "value": "owned"
              }
            ],
            "tags": null,
            "target_group_arns": null,
            "termination_policies": [],
            "timeouts": null,
            "vpc_zone_identifier": [
              "subnet-02e46617c481cdd6c",
              "subnet-0769268e88696a85d",
              "subnet-0bf0a220fd89e351d"
            ],
            "wait_for_capacity_timeout": "10m",
            "wait_for_elb_capacity": null,
            "warm_pool": []
          },
          "sensitive_attributes": [],
          "private": "eyJlMmJmYjczMC1lY2FhLTExZTYtOGY4OC0zNDM2M2JjN2M0YzAiOnsiZGVsZXRlIjo2MDAwMDAwMDAwMDB9fQ==",
          "dependencies": [
            "module.local-cluster.aws_cloudwatch_log_group.this",
            "module.local-cluster.aws_eks_cluster.this",
            "module.local-cluster.aws_iam_instance_profile.workers",
            "module.local-cluster.aws_iam_role.cluster",
            "module.local-cluster.aws_iam_role.workers",
            "module.local-cluster.aws_iam_role_policy_attachment.cluster_AmazonEKSClusterPolicy",
            "module.local-cluster.aws_iam_role_policy_attachment.cluster_AmazonEKSServicePolicy",
            "module.local-cluster.aws_iam_role_policy_attachment.cluster_AmazonEKSVPCResourceControllerPolicy",
            "module.local-cluster.aws_iam_role_policy_attachment.workers_AmazonEC2ContainerRegistryReadOnly",
            "module.local-cluster.aws_iam_role_policy_attachment.workers_AmazonEKSWorkerNodePolicy",
            "module.local-cluster.aws_iam_role_policy_attachment.workers_AmazonEKS_CNI_Policy",
            "module.local-cluster.aws_iam_role_policy_attachment.workers_additional_policies",
            "module.local-cluster.aws_launch_configuration.workers",
            "module.local-cluster.aws_security_group.cluster",
            "module.local-cluster.aws_security_group.workers",
            "module.local-cluster.aws_security_group_rule.cluster_egress_internet",
            "module.local-cluster.aws_security_group_rule.cluster_https_worker_ingress",
            "module.local-cluster.aws_security_group_rule.cluster_primary_ingress_workers",
            "module.local-cluster.aws_security_group_rule.workers_egress_internet",
            "module.local-cluster.aws_security_group_rule.workers_ingress_cluster",
            "module.local-cluster.aws_security_group_rule.workers_ingress_cluster_https",
            "module.local-cluster.aws_security_group_rule.workers_ingress_cluster_kubelet",
            "module.local-cluster.aws_security_group_rule.workers_ingress_cluster_primary",
            "module.local-cluster.aws_security_group_rule.workers_ingress_self",
            "module.local-cluster.data.aws_ami.eks_worker",
            "module.local-cluster.data.aws_ami.eks_worker_windows",
            "module.local-cluster.data.aws_iam_instance_profile.custom_worker_group_iam_instance_profile",
            "module.local-cluster.data.aws_iam_policy_document.cluster_assume_role_policy",
            "module.local-cluster.data.aws_iam_policy_document.workers_assume_role_policy",
            "module.local-cluster.data.aws_iam_role.custom_cluster_iam_role",
            "module.local-cluster.data.aws_partition.current",
            "module.vpc.aws_subnet.private",
            "module.vpc.aws_vpc.this",
            "module.vpc.aws_vpc_ipv4_cidr_block_association.this"
          ],
          "create_before_destroy": true
        }
      ]
    },
    {
      "module": "module.local-cluster",
      "mode": "managed",
      "type": "aws_eks_cluster",
      "name": "this",
      "provider": "provider[\"registry.terraform.io/hashicorp/aws\"]",
      "instances": [
        {
          "index_key": 0,
          "schema_version": 0,
          "attributes": {
            "arn": "arn:aws:eks:us-east-2:525621568406:cluster/wyze",
            "certificate_authority": [
              {
                "data": "LS0tLS1CRUdJTiBDRVJUSUZJQ0FURS0tLS0tCk1JSUM1ekNDQWMrZ0F3SUJBZ0lCQURBTkJna3Foa2lHOXcwQkFRc0ZBREFWTVJNd0VRWURWUVFERXdwcmRXSmwKY201bGRHVnpNQjRYRFRJeU1EZ3dOREl3TXpJd01Wb1hEVE15TURnd01USXdNekl3TVZvd0ZURVRNQkVHQTFVRQpBeE1LYTNWaVpYSnVaWFJsY3pDQ0FTSXdEUVlKS29aSWh2Y05BUUVCQlFBRGdnRVBBRENDQVFvQ2dnRUJBTURQCkJRcDNpQWZlUUJEY3RsUVdxUUNmQnhrZXpKQ1VNZzVCdlU1R1JacVFXaVBya0RYby9kODJtL1kvZlBxcWxqU0YKalJyUWdHTDlqSFhHRzh0dnZ0S0R5bTVndGJhWWpQazhtYmMxSFlVT01JTUhZZ2FGdTJwczh4S0krTmdWeDZlcApxak9IS1VVbUc2NjJEVFN2Q3F3QW9aMUF2bmFsemdFaUI5dmNDQmVUZ3ZsWjJ0dG8rdFV3YXB0YkxrSThmdmRFClVZY2k1dnF2UE5vNzNuU0p2SmRHSnZYcERjL0h0UEhpKzFQOEI1Mm9lcVpad25IU1BSVmthK0dzQWdPd0ZEWUcKaWh0WTdobVY4NGdZV0tkY2ZCOEQxZ1VxU2orVHpEVTQ2cnVvNjRnMkh2M2l6aGJDZmdXZFc3RXNMOHc0T0J2RQpaZXVNQTMrQ3lFc2h6VzM1VlUwQ0F3RUFBYU5DTUVBd0RnWURWUjBQQVFIL0JBUURBZ0trTUE4R0ExVWRFd0VCCi93UUZNQU1CQWY4d0hRWURWUjBPQkJZRUZIK3hQbktUMENUbHNXWUNTUzFvdmVTeU5YTmlNQTBHQ1NxR1NJYjMKRFFFQkN3VUFBNElCQVFCODZwcG1vSGw5ZXBPeTNHRW5admk5RnVmbTVoVWN4b0hZZ2VGZ2IwZ2p1VGpEdWFGbAozdE9ia0ZWd2NrbG84WW01d2hEQTBzci8vMmhhZEtZWDhyOFdXazQ0VGZQUnhSbnM0aUxRNjV1VDE4SWp3b3hJCnFJTm9CZUsxRGtrWFV1czVzV2M5Z1ZHS2xSalFBTS9PVHIrUnNvQlNpRGN1TUNDVmhMclRBVURQMjZjdmpHRk4KQ1lmaVZwb2hFeWhJSmJOay9zSklVSVRYVzBqblJ4Ym9oWjZZRkIycWZITkNYaGorTzhDRFBuOWs4eDJBRUViOQpUOUl0M2ptTGpFUzh4ZDNmQmZ0d1VFeDVieGptdXhqWTFpSTNFV0NyUElmVWR3cUEyV2VHVUNUVkttRStNcWtqCkpEd3EyM0x3YXRrYis3c2g1MzR1ZUNmZDBkNEZYVnIrc0lMegotLS0tLUVORCBDRVJUSUZJQ0FURS0tLS0tCg=="
              }
            ],
            "created_at": "2022-08-04 20:26:20.687 +0000 UTC",
            "enabled_cluster_log_types": null,
            "encryption_config": [],
            "endpoint": "https://14B7289244EEDFA71579F740EEBE3D1F.yl4.us-east-2.eks.amazonaws.com",
            "id": "wyze",
            "identity": [
              {
                "oidc": [
                  {
                    "issuer": "https://oidc.eks.us-east-2.amazonaws.com/id/14B7289244EEDFA71579F740EEBE3D1F"
                  }
                ]
              }
            ],
            "kubernetes_network_config": [
              {
                "ip_family": "ipv4",
                "service_ipv4_cidr": "172.20.0.0/16"
              }
            ],
            "name": "wyze",
            "platform_version": "eks.8",
            "role_arn": "arn:aws:iam::525621568406:role/wyze20220804202609885500000003",
            "status": "ACTIVE",
            "tags": null,
            "tags_all": {},
            "timeouts": {
              "create": "30m",
              "delete": "15m",
              "update": "60m"
            },
            "version": "1.20",
            "vpc_config": [
              {
                "cluster_security_group_id": "sg-06f4b091d9801286c",
                "endpoint_private_access": false,
                "endpoint_public_access": true,
                "public_access_cidrs": [
                  "0.0.0.0/0"
                ],
                "security_group_ids": [
                  "sg-0a138197a68cb2e9b"
                ],
                "subnet_ids": [
                  "subnet-02e46617c481cdd6c",
                  "subnet-0769268e88696a85d",
                  "subnet-0bf0a220fd89e351d"
                ],
                "vpc_id": "vpc-092ad76d810f5e0a1"
              }
            ]
          },
          "sensitive_attributes": [],
          "private": "eyJlMmJmYjczMC1lY2FhLTExZTYtOGY4OC0zNDM2M2JjN2M0YzAiOnsiY3JlYXRlIjoxODAwMDAwMDAwMDAwLCJkZWxldGUiOjkwMDAwMDAwMDAwMCwidXBkYXRlIjozNjAwMDAwMDAwMDAwfX0=",
          "dependencies": [
            "module.local-cluster.aws_cloudwatch_log_group.this",
            "module.local-cluster.aws_iam_role.cluster",
            "module.local-cluster.aws_iam_role_policy_attachment.cluster_AmazonEKSClusterPolicy",
            "module.local-cluster.aws_iam_role_policy_attachment.cluster_AmazonEKSServicePolicy",
            "module.local-cluster.aws_iam_role_policy_attachment.cluster_AmazonEKSVPCResourceControllerPolicy",
            "module.local-cluster.aws_security_group.cluster",
            "module.local-cluster.aws_security_group.workers",
            "module.local-cluster.aws_security_group_rule.cluster_egress_internet",
            "module.local-cluster.aws_security_group_rule.cluster_https_worker_ingress",
            "module.local-cluster.data.aws_iam_policy_document.cluster_assume_role_policy",
            "module.local-cluster.data.aws_iam_role.custom_cluster_iam_role",
            "module.local-cluster.data.aws_partition.current",
            "module.vpc.aws_subnet.private",
            "module.vpc.aws_vpc.this",
            "module.vpc.aws_vpc_ipv4_cidr_block_association.this"
          ],
          "create_before_destroy": true
        }
      ]
    },
    {
      "module": "module.local-cluster",
      "mode": "managed",
      "type": "aws_iam_instance_profile",
      "name": "workers",
      "provider": "provider[\"registry.terraform.io/hashicorp/aws\"]",
      "instances": [
        {
          "index_key": 0,
          "schema_version": 0,
          "attributes": {
            "arn": "arn:aws:iam::525621568406:instance-profile/wyze2022080420363394150000000f",
            "create_date": "2022-08-04T20:36:34Z",
            "id": "wyze2022080420363394150000000f",
            "name": "wyze2022080420363394150000000f",
            "name_prefix": "wyze",
            "path": "/",
            "role": "wyze2022080420363268900000000e",
            "tags": null,
            "tags_all": {},
            "unique_id": "AIPAXUYL4UOLCX6TNDW6T"
          },
          "sensitive_attributes": [],
          "private": "bnVsbA==",
          "dependencies": [
            "module.local-cluster.aws_cloudwatch_log_group.this",
            "module.local-cluster.aws_eks_cluster.this",
            "module.local-cluster.aws_iam_role.cluster",
            "module.local-cluster.aws_iam_role.workers",
            "module.local-cluster.aws_iam_role_policy_attachment.cluster_AmazonEKSClusterPolicy",
            "module.local-cluster.aws_iam_role_policy_attachment.cluster_AmazonEKSServicePolicy",
            "module.local-cluster.aws_iam_role_policy_attachment.cluster_AmazonEKSVPCResourceControllerPolicy",
            "module.local-cluster.aws_security_group.cluster",
            "module.local-cluster.aws_security_group.workers",
            "module.local-cluster.aws_security_group_rule.cluster_egress_internet",
            "module.local-cluster.aws_security_group_rule.cluster_https_worker_ingress",
            "module.local-cluster.data.aws_iam_policy_document.cluster_assume_role_policy",
            "module.local-cluster.data.aws_iam_policy_document.workers_assume_role_policy",
            "module.local-cluster.data.aws_iam_role.custom_cluster_iam_role",
            "module.local-cluster.data.aws_partition.current",
            "module.vpc.aws_subnet.private",
            "module.vpc.aws_vpc.this",
            "module.vpc.aws_vpc_ipv4_cidr_block_association.this"
          ],
          "create_before_destroy": true
        }
      ]
    },
    {
      "module": "module.local-cluster",
      "mode": "managed",
      "type": "aws_iam_policy",
      "name": "cluster_deny_log_group",
      "provider": "provider[\"registry.terraform.io/hashicorp/aws\"]",
      "instances": [
        {
          "index_key": 0,
          "schema_version": 0,
          "attributes": {
            "arn": "arn:aws:iam::525621568406:policy/wyze-deny-log-group20220804202609880000000002",
            "description": "Deny CreateLogGroup",
            "id": "arn:aws:iam::525621568406:policy/wyze-deny-log-group20220804202609880000000002",
            "name": "wyze-deny-log-group20220804202609880000000002",
            "name_prefix": "wyze-deny-log-group",
            "path": "/",
            "policy": "{\"Statement\":[{\"Action\":\"logs:CreateLogGroup\",\"Effect\":\"Deny\",\"Resource\":\"*\",\"Sid\":\"\"}],\"Version\":\"2012-10-17\"}",
            "policy_id": "ANPAXUYL4UOLDP76FSG4R",
            "tags": null,
            "tags_all": {}
          },
          "sensitive_attributes": [],
          "private": "bnVsbA==",
          "dependencies": [
            "module.local-cluster.data.aws_iam_policy_document.cluster_deny_log_group"
          ]
        }
      ]
    },
    {
      "module": "module.local-cluster",
      "mode": "managed",
      "type": "aws_iam_policy",
      "name": "cluster_elb_sl_role_creation",
      "provider": "provider[\"registry.terraform.io/hashicorp/aws\"]",
      "instances": [
        {
          "index_key": 0,
          "schema_version": 0,
          "attributes": {
            "arn": "arn:aws:iam::525621568406:policy/wyze-elb-sl-role-creation20220804202609879800000001",
            "description": "Permissions for EKS to create AWSServiceRoleForElasticLoadBalancing service-linked role",
            "id": "arn:aws:iam::525621568406:policy/wyze-elb-sl-role-creation20220804202609879800000001",
            "name": "wyze-elb-sl-role-creation20220804202609879800000001",
            "name_prefix": "wyze-elb-sl-role-creation",
            "path": "/",
            "policy": "{\"Statement\":[{\"Action\":[\"ec2:DescribeInternetGateways\",\"ec2:DescribeAddresses\",\"ec2:DescribeAccountAttributes\"],\"Effect\":\"Allow\",\"Resource\":\"*\",\"Sid\":\"\"}],\"Version\":\"2012-10-17\"}",
            "policy_id": "ANPAXUYL4UOLMKNV4OCZL",
            "tags": null,
            "tags_all": {}
          },
          "sensitive_attributes": [],
          "private": "bnVsbA==",
          "dependencies": [
            "module.local-cluster.data.aws_iam_policy_document.cluster_elb_sl_role_creation"
          ]
        }
      ]
    },
    {
      "module": "module.local-cluster",
      "mode": "managed",
      "type": "aws_iam_role",
      "name": "cluster",
      "provider": "provider[\"registry.terraform.io/hashicorp/aws\"]",
      "instances": [
        {
          "index_key": 0,
          "schema_version": 0,
          "attributes": {
            "arn": "arn:aws:iam::525621568406:role/wyze20220804202609885500000003",
            "assume_role_policy": "{\"Version\":\"2012-10-17\",\"Statement\":[{\"Sid\":\"EKSClusterAssumeRole\",\"Effect\":\"Allow\",\"Principal\":{\"Service\":\"eks.amazonaws.com\"},\"Action\":\"sts:AssumeRole\"}]}",
            "create_date": "2022-08-04T20:26:10Z",
            "description": "",
            "force_detach_policies": true,
            "id": "wyze20220804202609885500000003",
            "inline_policy": [
              {
                "name": "",
                "policy": ""
              }
            ],
            "managed_policy_arns": [],
            "max_session_duration": 3600,
            "name": "wyze20220804202609885500000003",
            "name_prefix": "wyze",
            "path": "/",
            "permissions_boundary": null,
            "tags": null,
            "tags_all": {},
            "unique_id": "AROAXUYL4UOLPQAB53GWZ"
          },
          "sensitive_attributes": [],
          "private": "bnVsbA==",
          "dependencies": [
            "module.local-cluster.data.aws_iam_policy_document.cluster_assume_role_policy"
          ],
          "create_before_destroy": true
        }
      ]
    },
    {
      "module": "module.local-cluster",
      "mode": "managed",
      "type": "aws_iam_role",
      "name": "workers",
      "provider": "provider[\"registry.terraform.io/hashicorp/aws\"]",
      "instances": [
        {
          "index_key": 0,
          "schema_version": 0,
          "attributes": {
            "arn": "arn:aws:iam::525621568406:role/wyze2022080420363268900000000e",
            "assume_role_policy": "{\"Version\":\"2012-10-17\",\"Statement\":[{\"Sid\":\"EKSWorkerAssumeRole\",\"Effect\":\"Allow\",\"Principal\":{\"Service\":\"ec2.amazonaws.com\"},\"Action\":\"sts:AssumeRole\"}]}",
            "create_date": "2022-08-04T20:36:32Z",
            "description": "",
            "force_detach_policies": true,
            "id": "wyze2022080420363268900000000e",
            "inline_policy": [
              {
                "name": "",
                "policy": ""
              }
            ],
            "managed_policy_arns": [],
            "max_session_duration": 3600,
            "name": "wyze2022080420363268900000000e",
            "name_prefix": "wyze",
            "path": "/",
            "permissions_boundary": null,
            "tags": null,
            "tags_all": {},
            "unique_id": "AROAXUYL4UOLESEYMWSJF"
          },
          "sensitive_attributes": [],
          "private": "bnVsbA==",
          "dependencies": [
            "module.local-cluster.aws_cloudwatch_log_group.this",
            "module.local-cluster.aws_eks_cluster.this",
            "module.local-cluster.aws_iam_role.cluster",
            "module.local-cluster.aws_iam_role_policy_attachment.cluster_AmazonEKSClusterPolicy",
            "module.local-cluster.aws_iam_role_policy_attachment.cluster_AmazonEKSServicePolicy",
            "module.local-cluster.aws_iam_role_policy_attachment.cluster_AmazonEKSVPCResourceControllerPolicy",
            "module.local-cluster.aws_security_group.cluster",
            "module.local-cluster.aws_security_group.workers",
            "module.local-cluster.aws_security_group_rule.cluster_egress_internet",
            "module.local-cluster.aws_security_group_rule.cluster_https_worker_ingress",
            "module.local-cluster.data.aws_iam_policy_document.cluster_assume_role_policy",
            "module.local-cluster.data.aws_iam_policy_document.workers_assume_role_policy",
            "module.local-cluster.data.aws_iam_role.custom_cluster_iam_role",
            "module.local-cluster.data.aws_partition.current",
            "module.vpc.aws_subnet.private",
            "module.vpc.aws_vpc.this",
            "module.vpc.aws_vpc_ipv4_cidr_block_association.this"
          ],
          "create_before_destroy": true
        }
      ]
    },
    {
      "module": "module.local-cluster",
      "mode": "managed",
      "type": "aws_iam_role_policy_attachment",
      "name": "cluster_AmazonEKSClusterPolicy",
      "provider": "provider[\"registry.terraform.io/hashicorp/aws\"]",
      "instances": [
        {
          "index_key": 0,
          "schema_version": 0,
          "attributes": {
            "id": "wyze20220804202609885500000003-20220804202611464200000008",
            "policy_arn": "arn:aws:iam::aws:policy/AmazonEKSClusterPolicy",
            "role": "wyze20220804202609885500000003"
          },
          "sensitive_attributes": [],
          "private": "bnVsbA==",
          "dependencies": [
            "module.local-cluster.aws_iam_role.cluster",
            "module.local-cluster.data.aws_iam_policy_document.cluster_assume_role_policy",
            "module.local-cluster.data.aws_partition.current"
          ],
          "create_before_destroy": true
        }
      ]
    },
    {
      "module": "module.local-cluster",
      "mode": "managed",
      "type": "aws_iam_role_policy_attachment",
      "name": "cluster_AmazonEKSServicePolicy",
      "provider": "provider[\"registry.terraform.io/hashicorp/aws\"]",
      "instances": [
        {
          "index_key": 0,
          "schema_version": 0,
          "attributes": {
            "id": "wyze20220804202609885500000003-20220804202611454300000004",
            "policy_arn": "arn:aws:iam::aws:policy/AmazonEKSServicePolicy",
            "role": "wyze20220804202609885500000003"
          },
          "sensitive_attributes": [],
          "private": "bnVsbA==",
          "dependencies": [
            "module.local-cluster.aws_iam_role.cluster",
            "module.local-cluster.data.aws_iam_policy_document.cluster_assume_role_policy",
            "module.local-cluster.data.aws_partition.current"
          ],
          "create_before_destroy": true
        }
      ]
    },
    {
      "module": "module.local-cluster",
      "mode": "managed",
      "type": "aws_iam_role_policy_attachment",
      "name": "cluster_AmazonEKSVPCResourceControllerPolicy",
      "provider": "provider[\"registry.terraform.io/hashicorp/aws\"]",
      "instances": [
        {
          "index_key": 0,
          "schema_version": 0,
          "attributes": {
            "id": "wyze20220804202609885500000003-20220804202611463900000007",
            "policy_arn": "arn:aws:iam::aws:policy/AmazonEKSVPCResourceController",
            "role": "wyze20220804202609885500000003"
          },
          "sensitive_attributes": [],
          "private": "bnVsbA==",
          "dependencies": [
            "module.local-cluster.aws_iam_role.cluster",
            "module.local-cluster.data.aws_iam_policy_document.cluster_assume_role_policy",
            "module.local-cluster.data.aws_partition.current"
          ],
          "create_before_destroy": true
        }
      ]
    },
    {
      "module": "module.local-cluster",
      "mode": "managed",
      "type": "aws_iam_role_policy_attachment",
      "name": "cluster_deny_log_group",
      "provider": "provider[\"registry.terraform.io/hashicorp/aws\"]",
      "instances": [
        {
          "index_key": 0,
          "schema_version": 0,
          "attributes": {
            "id": "wyze20220804202609885500000003-20220804202611476100000009",
            "policy_arn": "arn:aws:iam::525621568406:policy/wyze-deny-log-group20220804202609880000000002",
            "role": "wyze20220804202609885500000003"
          },
          "sensitive_attributes": [],
          "private": "bnVsbA==",
          "dependencies": [
            "module.local-cluster.aws_iam_policy.cluster_deny_log_group",
            "module.local-cluster.aws_iam_role.cluster",
            "module.local-cluster.data.aws_iam_policy_document.cluster_assume_role_policy",
            "module.local-cluster.data.aws_iam_policy_document.cluster_deny_log_group"
          ]
        }
      ]
    },
    {
      "module": "module.local-cluster",
      "mode": "managed",
      "type": "aws_iam_role_policy_attachment",
      "name": "cluster_elb_sl_role_creation",
      "provider": "provider[\"registry.terraform.io/hashicorp/aws\"]",
      "instances": [
        {
          "index_key": 0,
          "schema_version": 0,
          "attributes": {
            "id": "wyze20220804202609885500000003-2022080420261174080000000a",
            "policy_arn": "arn:aws:iam::525621568406:policy/wyze-elb-sl-role-creation20220804202609879800000001",
            "role": "wyze20220804202609885500000003"
          },
          "sensitive_attributes": [],
          "private": "bnVsbA==",
          "dependencies": [
            "module.local-cluster.aws_iam_policy.cluster_elb_sl_role_creation",
            "module.local-cluster.aws_iam_role.cluster",
            "module.local-cluster.data.aws_iam_policy_document.cluster_assume_role_policy",
            "module.local-cluster.data.aws_iam_policy_document.cluster_elb_sl_role_creation"
          ]
        }
      ]
    },
    {
      "module": "module.local-cluster",
      "mode": "managed",
      "type": "aws_iam_role_policy_attachment",
      "name": "workers_AmazonEC2ContainerRegistryReadOnly",
      "provider": "provider[\"registry.terraform.io/hashicorp/aws\"]",
      "instances": [
        {
          "index_key": 0,
          "schema_version": 0,
          "attributes": {
            "id": "wyze2022080420363268900000000e-20220804203634106100000010",
            "policy_arn": "arn:aws:iam::aws:policy/AmazonEC2ContainerRegistryReadOnly",
            "role": "wyze2022080420363268900000000e"
          },
          "sensitive_attributes": [],
          "private": "bnVsbA==",
          "dependencies": [
            "module.local-cluster.aws_cloudwatch_log_group.this",
            "module.local-cluster.aws_eks_cluster.this",
            "module.local-cluster.aws_iam_role.cluster",
            "module.local-cluster.aws_iam_role.workers",
            "module.local-cluster.aws_iam_role_policy_attachment.cluster_AmazonEKSClusterPolicy",
            "module.local-cluster.aws_iam_role_policy_attachment.cluster_AmazonEKSServicePolicy",
            "module.local-cluster.aws_iam_role_policy_attachment.cluster_AmazonEKSVPCResourceControllerPolicy",
            "module.local-cluster.aws_security_group.cluster",
            "module.local-cluster.aws_security_group.workers",
            "module.local-cluster.aws_security_group_rule.cluster_egress_internet",
            "module.local-cluster.aws_security_group_rule.cluster_https_worker_ingress",
            "module.local-cluster.data.aws_iam_policy_document.cluster_assume_role_policy",
            "module.local-cluster.data.aws_iam_policy_document.workers_assume_role_policy",
            "module.local-cluster.data.aws_iam_role.custom_cluster_iam_role",
            "module.local-cluster.data.aws_partition.current",
            "module.vpc.aws_subnet.private",
            "module.vpc.aws_vpc.this",
            "module.vpc.aws_vpc_ipv4_cidr_block_association.this"
          ],
          "create_before_destroy": true
        }
      ]
    },
    {
      "module": "module.local-cluster",
      "mode": "managed",
      "type": "aws_iam_role_policy_attachment",
      "name": "workers_AmazonEKSWorkerNodePolicy",
      "provider": "provider[\"registry.terraform.io/hashicorp/aws\"]",
      "instances": [
        {
          "index_key": 0,
          "schema_version": 0,
          "attributes": {
            "id": "wyze2022080420363268900000000e-20220804203634114900000012",
            "policy_arn": "arn:aws:iam::aws:policy/AmazonEKSWorkerNodePolicy",
            "role": "wyze2022080420363268900000000e"
          },
          "sensitive_attributes": [],
          "private": "bnVsbA==",
          "dependencies": [
            "module.local-cluster.aws_cloudwatch_log_group.this",
            "module.local-cluster.aws_eks_cluster.this",
            "module.local-cluster.aws_iam_role.cluster",
            "module.local-cluster.aws_iam_role.workers",
            "module.local-cluster.aws_iam_role_policy_attachment.cluster_AmazonEKSClusterPolicy",
            "module.local-cluster.aws_iam_role_policy_attachment.cluster_AmazonEKSServicePolicy",
            "module.local-cluster.aws_iam_role_policy_attachment.cluster_AmazonEKSVPCResourceControllerPolicy",
            "module.local-cluster.aws_security_group.cluster",
            "module.local-cluster.aws_security_group.workers",
            "module.local-cluster.aws_security_group_rule.cluster_egress_internet",
            "module.local-cluster.aws_security_group_rule.cluster_https_worker_ingress",
            "module.local-cluster.data.aws_iam_policy_document.cluster_assume_role_policy",
            "module.local-cluster.data.aws_iam_policy_document.workers_assume_role_policy",
            "module.local-cluster.data.aws_iam_role.custom_cluster_iam_role",
            "module.local-cluster.data.aws_partition.current",
            "module.vpc.aws_subnet.private",
            "module.vpc.aws_vpc.this",
            "module.vpc.aws_vpc_ipv4_cidr_block_association.this"
          ],
          "create_before_destroy": true
        }
      ]
    },
    {
      "module": "module.local-cluster",
      "mode": "managed",
      "type": "aws_iam_role_policy_attachment",
      "name": "workers_AmazonEKS_CNI_Policy",
      "provider": "provider[\"registry.terraform.io/hashicorp/aws\"]",
      "instances": [
        {
          "index_key": 0,
          "schema_version": 0,
          "attributes": {
            "id": "wyze2022080420363268900000000e-20220804203634114800000011",
            "policy_arn": "arn:aws:iam::aws:policy/AmazonEKS_CNI_Policy",
            "role": "wyze2022080420363268900000000e"
          },
          "sensitive_attributes": [],
          "private": "bnVsbA==",
          "dependencies": [
            "module.local-cluster.aws_cloudwatch_log_group.this",
            "module.local-cluster.aws_eks_cluster.this",
            "module.local-cluster.aws_iam_role.cluster",
            "module.local-cluster.aws_iam_role.workers",
            "module.local-cluster.aws_iam_role_policy_attachment.cluster_AmazonEKSClusterPolicy",
            "module.local-cluster.aws_iam_role_policy_attachment.cluster_AmazonEKSServicePolicy",
            "module.local-cluster.aws_iam_role_policy_attachment.cluster_AmazonEKSVPCResourceControllerPolicy",
            "module.local-cluster.aws_security_group.cluster",
            "module.local-cluster.aws_security_group.workers",
            "module.local-cluster.aws_security_group_rule.cluster_egress_internet",
            "module.local-cluster.aws_security_group_rule.cluster_https_worker_ingress",
            "module.local-cluster.data.aws_iam_policy_document.cluster_assume_role_policy",
            "module.local-cluster.data.aws_iam_policy_document.workers_assume_role_policy",
            "module.local-cluster.data.aws_iam_role.custom_cluster_iam_role",
            "module.local-cluster.data.aws_partition.current",
            "module.vpc.aws_subnet.private",
            "module.vpc.aws_vpc.this",
            "module.vpc.aws_vpc_ipv4_cidr_block_association.this"
          ],
          "create_before_destroy": true
        }
      ]
    },
    {
      "module": "module.local-cluster",
      "mode": "managed",
      "type": "aws_launch_configuration",
      "name": "workers",
      "provider": "provider[\"registry.terraform.io/hashicorp/aws\"]",
      "instances": [
        {
          "index_key": 0,
          "schema_version": 0,
          "attributes": {
            "arn": "arn:aws:autoscaling:us-east-2:525621568406:launchConfiguration:f1dd318a-2300-4ecf-a9b6-ca0f982516bd:launchConfigurationName/wyze-020220804203634556300000013",
            "associate_public_ip_address": false,
            "ebs_block_device": [],
            "ebs_optimized": true,
            "enable_monitoring": true,
            "ephemeral_block_device": [],
            "iam_instance_profile": "wyze2022080420363394150000000f",
            "id": "wyze-020220804203634556300000013",
            "image_id": "ami-00525b6a7beff0c90",
            "instance_type": "c5a.large",
            "key_name": "",
            "metadata_options": [
              {
                "http_endpoint": "enabled",
                "http_put_response_hop_limit": 1,
                "http_tokens": "optional"
              }
            ],
            "name": "wyze-020220804203634556300000013",
            "name_prefix": "wyze-0",
            "placement_tenancy": "",
            "root_block_device": [
              {
                "delete_on_termination": true,
                "encrypted": false,
                "iops": 0,
                "throughput": 0,
                "volume_size": 100,
                "volume_type": "gp2"
              }
            ],
            "security_groups": [
              "sg-00ac9f412d67622bd"
            ],
            "spot_price": "",
            "user_data": null,
            "user_data_base64": "IyEvYmluL2Jhc2ggLWUKCiMgQWxsb3cgdXNlciBzdXBwbGllZCBwcmUgdXNlcmRhdGEgY29kZQoKCiMgQm9vdHN0cmFwIGFuZCBqb2luIHRoZSBjbHVzdGVyCi9ldGMvZWtzL2Jvb3RzdHJhcC5zaCAtLWI2NC1jbHVzdGVyLWNhICdMUzB0TFMxQ1JVZEpUaUJEUlZKVVNVWkpRMEZVUlMwdExTMHRDazFKU1VNMWVrTkRRV01yWjBGM1NVSkJaMGxDUVVSQlRrSm5hM0ZvYTJsSE9YY3dRa0ZSYzBaQlJFRldUVkpOZDBWUldVUldVVkZFUlhkd2NtUlhTbXdLWTIwMWJHUkhWbnBOUWpSWVJGUkplVTFFWjNkT1JFbDNUWHBKZDAxV2IxaEVWRTE1VFVSbmQwMVVTWGROZWtsM1RWWnZkMFpVUlZSTlFrVkhRVEZWUlFwQmVFMUxZVE5XYVZwWVNuVmFXRkpzWTNwRFEwRlRTWGRFVVZsS1MyOWFTV2gyWTA1QlVVVkNRbEZCUkdkblJWQkJSRU5EUVZGdlEyZG5SVUpCVFVSUUNrSlJjRE5wUVdabFVVSkVZM1JzVVZkeFVVTm1RbmhyWlhwS1ExVk5aelZDZGxVMVIxSmFjVkZYYVZCeWEwUllieTlrT0RKdEwxa3ZabEJ4Y1d4cVUwWUthbEp5VVdkSFREbHFTRmhIUnpoMGRuWjBTMFI1YlRWbmRHSmhXV3BRYXpodFltTXhTRmxWVDAxSlRVaFpaMkZHZFRKd2N6aDRTMGtyVG1kV2VEWmxjQXB4YWs5SVMxVlZiVWMyTmpKRVZGTjJRM0YzUVc5YU1VRjJibUZzZW1kRmFVSTVkbU5EUW1WVVozWnNXakowZEc4cmRGVjNZWEIwWWt4clNUaG1kbVJGQ2xWWlkyazFkbkYyVUU1dk56TnVVMHAyU21SSFNuWlljRVJqTDBoMFVFaHBLekZRT0VJMU1tOWxjVnBhZDI1SVUxQlNWbXRoSzBkelFXZFBkMFpFV1VjS2FXaDBXVGRvYlZZNE5HZFpWMHRrWTJaQ09FUXhaMVZ4VTJvclZIcEVWVFEyY25Wdk5qUm5Na2gyTTJsNmFHSkRabWRYWkZjM1JYTk1PSGMwVDBKMlJRcGFaWFZOUVRNclEzbEZjMmg2VnpNMVZsVXdRMEYzUlVGQllVNURUVVZCZDBSbldVUldVakJRUVZGSUwwSkJVVVJCWjB0clRVRTRSMEV4VldSRmQwVkNDaTkzVVVaTlFVMUNRV1k0ZDBoUldVUldVakJQUWtKWlJVWklLM2hRYmt0VU1FTlViSE5YV1VOVFV6RnZkbVZUZVU1WVRtbE5RVEJIUTFOeFIxTkpZak1LUkZGRlFrTjNWVUZCTkVsQ1FWRkNPRFp3Y0cxdlNHdzVaWEJQZVROSFJXNWFkbWs1Um5WbWJUVm9WV040YjBoWloyVkdaMkl3WjJwMVZHcEVkV0ZHYkFvemRFOWlhMFpXZDJOcmJHODRXVzAxZDJoRVFUQnpjaTh2TW1oaFpFdFpXRGh5T0ZkWGF6UTBWR1pRVW5oU2JuTTBhVXhSTmpWMVZERTRTV3AzYjNoSkNuRkpUbTlDWlVzeFJHdHJXRlYxY3pWelYyTTVaMVpIUzJ4U2FsRkJUUzlQVkhJclVuTnZRbE5wUkdOMVRVTkRWbWhNY2xSQlZVUlFNalpqZG1wSFJrNEtRMWxtYVZad2IyaEZlV2hKU21KT2F5OXpTa2xWU1ZSWVZ6QnFibEo0WW05b1dqWlpSa0l5Y1daSVRrTllhR29yVHpoRFJGQnVPV3M0ZURKQlJVVmlPUXBVT1VsME0ycHRUR3BGVXpoNFpETm1RbVowZDFWRmVEVmllR3B0ZFhocVdURnBTVE5GVjBOeVVFbG1WV1IzY1VFeVYyVkhWVU5VVmt0dFJTdE5jV3RxQ2twRWQzRXlNMHgzWVhScllpczNjMmcxTXpSMVpVTm1aREJrTkVaWVZuSXJjMGxNZWdvdExTMHRMVVZPUkNCRFJWSlVTVVpKUTBGVVJTMHRMUzB0Q2c9PScgLS1hcGlzZXJ2ZXItZW5kcG9pbnQgJ2h0dHBzOi8vMTRCNzI4OTI0NEVFREZBNzE1NzlGNzQwRUVCRTNEMUYueWw0LnVzLWVhc3QtMi5la3MuYW1hem9uYXdzLmNvbScgIC0ta3ViZWxldC1leHRyYS1hcmdzICIiICd3eXplJwoKIyBBbGxvdyB1c2VyIHN1cHBsaWVkIHVzZXJkYXRhIGNvZGUKCg==",
            "vpc_classic_link_id": "",
            "vpc_classic_link_security_groups": null
          },
          "sensitive_attributes": [],
          "private": "bnVsbA==",
          "dependencies": [
            "module.local-cluster.aws_cloudwatch_log_group.this",
            "module.local-cluster.aws_eks_cluster.this",
            "module.local-cluster.aws_iam_instance_profile.workers",
            "module.local-cluster.aws_iam_role.cluster",
            "module.local-cluster.aws_iam_role.workers",
            "module.local-cluster.aws_iam_role_policy_attachment.cluster_AmazonEKSClusterPolicy",
            "module.local-cluster.aws_iam_role_policy_attachment.cluster_AmazonEKSServicePolicy",
            "module.local-cluster.aws_iam_role_policy_attachment.cluster_AmazonEKSVPCResourceControllerPolicy",
            "module.local-cluster.aws_iam_role_policy_attachment.workers_AmazonEC2ContainerRegistryReadOnly",
            "module.local-cluster.aws_iam_role_policy_attachment.workers_AmazonEKSWorkerNodePolicy",
            "module.local-cluster.aws_iam_role_policy_attachment.workers_AmazonEKS_CNI_Policy",
            "module.local-cluster.aws_iam_role_policy_attachment.workers_additional_policies",
            "module.local-cluster.aws_security_group.cluster",
            "module.local-cluster.aws_security_group.workers",
            "module.local-cluster.aws_security_group_rule.cluster_egress_internet",
            "module.local-cluster.aws_security_group_rule.cluster_https_worker_ingress",
            "module.local-cluster.aws_security_group_rule.cluster_primary_ingress_workers",
            "module.local-cluster.aws_security_group_rule.workers_egress_internet",
            "module.local-cluster.aws_security_group_rule.workers_ingress_cluster",
            "module.local-cluster.aws_security_group_rule.workers_ingress_cluster_https",
            "module.local-cluster.aws_security_group_rule.workers_ingress_cluster_kubelet",
            "module.local-cluster.aws_security_group_rule.workers_ingress_cluster_primary",
            "module.local-cluster.aws_security_group_rule.workers_ingress_self",
            "module.local-cluster.data.aws_ami.eks_worker",
            "module.local-cluster.data.aws_ami.eks_worker_windows",
            "module.local-cluster.data.aws_iam_instance_profile.custom_worker_group_iam_instance_profile",
            "module.local-cluster.data.aws_iam_policy_document.cluster_assume_role_policy",
            "module.local-cluster.data.aws_iam_policy_document.workers_assume_role_policy",
            "module.local-cluster.data.aws_iam_role.custom_cluster_iam_role",
            "module.local-cluster.data.aws_partition.current",
            "module.vpc.aws_subnet.private",
            "module.vpc.aws_vpc.this",
            "module.vpc.aws_vpc_ipv4_cidr_block_association.this"
          ],
          "create_before_destroy": true
        }
      ]
    },
    {
      "module": "module.local-cluster",
      "mode": "managed",
      "type": "aws_security_group",
      "name": "cluster",
      "provider": "provider[\"registry.terraform.io/hashicorp/aws\"]",
      "instances": [
        {
          "index_key": 0,
          "schema_version": 1,
          "attributes": {
            "arn": "arn:aws:ec2:us-east-2:525621568406:security-group/sg-0a138197a68cb2e9b",
            "description": "EKS cluster security group.",
            "egress": [],
            "id": "sg-0a138197a68cb2e9b",
            "ingress": [],
            "name": "wyze2022080420261402680000000c",
            "name_prefix": "wyze",
            "owner_id": "525621568406",
            "revoke_rules_on_delete": false,
            "tags": {
              "Name": "wyze-eks_cluster_sg"
            },
            "tags_all": {
              "Name": "wyze-eks_cluster_sg"
            },
            "timeouts": null,
            "vpc_id": "vpc-092ad76d810f5e0a1"
          },
          "sensitive_attributes": [],
          "private": "eyJlMmJmYjczMC1lY2FhLTExZTYtOGY4OC0zNDM2M2JjN2M0YzAiOnsiY3JlYXRlIjo2MDAwMDAwMDAwMDAsImRlbGV0ZSI6OTAwMDAwMDAwMDAwfSwic2NoZW1hX3ZlcnNpb24iOiIxIn0=",
          "dependencies": [
            "module.vpc.aws_vpc.this"
          ],
          "create_before_destroy": true
        }
      ]
    },
    {
      "module": "module.local-cluster",
      "mode": "managed",
      "type": "aws_security_group",
      "name": "workers",
      "provider": "provider[\"registry.terraform.io/hashicorp/aws\"]",
      "instances": [
        {
          "index_key": 0,
          "schema_version": 1,
          "attributes": {
            "arn": "arn:aws:ec2:us-east-2:525621568406:security-group/sg-00ac9f412d67622bd",
            "description": "Security group for all nodes in the cluster.",
            "egress": [],
            "id": "sg-00ac9f412d67622bd",
            "ingress": [],
            "name": "wyze2022080420261400550000000b",
            "name_prefix": "wyze",
            "owner_id": "525621568406",
            "revoke_rules_on_delete": false,
            "tags": {
              "Name": "wyze-eks_worker_sg",
              "kubernetes.io/cluster/wyze": "owned"
            },
            "tags_all": {
              "Name": "wyze-eks_worker_sg",
              "kubernetes.io/cluster/wyze": "owned"
            },
            "timeouts": null,
            "vpc_id": "vpc-092ad76d810f5e0a1"
          },
          "sensitive_attributes": [],
          "private": "eyJlMmJmYjczMC1lY2FhLTExZTYtOGY4OC0zNDM2M2JjN2M0YzAiOnsiY3JlYXRlIjo2MDAwMDAwMDAwMDAsImRlbGV0ZSI6OTAwMDAwMDAwMDAwfSwic2NoZW1hX3ZlcnNpb24iOiIxIn0=",
          "dependencies": [
            "module.vpc.aws_vpc.this"
          ],
          "create_before_destroy": true
        }
      ]
    },
    {
      "module": "module.local-cluster",
      "mode": "managed",
      "type": "aws_security_group_rule",
      "name": "cluster_egress_internet",
      "provider": "provider[\"registry.terraform.io/hashicorp/aws\"]",
      "instances": [
        {
          "index_key": 0,
          "schema_version": 2,
          "attributes": {
            "cidr_blocks": [
              "0.0.0.0/0"
            ],
            "description": "Allow cluster egress access to the Internet.",
            "from_port": 0,
            "id": "sgrule-996405130",
            "ipv6_cidr_blocks": null,
            "prefix_list_ids": null,
            "protocol": "-1",
            "security_group_id": "sg-0a138197a68cb2e9b",
            "self": false,
            "source_security_group_id": null,
            "to_port": 0,
            "type": "egress"
          },
          "sensitive_attributes": [],
          "private": "eyJzY2hlbWFfdmVyc2lvbiI6IjIifQ==",
          "dependencies": [
            "module.local-cluster.aws_security_group.cluster",
            "module.vpc.aws_vpc.this"
          ],
          "create_before_destroy": true
        }
      ]
    },
    {
      "module": "module.local-cluster",
      "mode": "managed",
      "type": "aws_security_group_rule",
      "name": "cluster_https_worker_ingress",
      "provider": "provider[\"registry.terraform.io/hashicorp/aws\"]",
      "instances": [
        {
          "index_key": 0,
          "schema_version": 2,
          "attributes": {
            "cidr_blocks": null,
            "description": "Allow pods to communicate with the EKS cluster API.",
            "from_port": 443,
            "id": "sgrule-2908800981",
            "ipv6_cidr_blocks": null,
            "prefix_list_ids": null,
            "protocol": "tcp",
            "security_group_id": "sg-0a138197a68cb2e9b",
            "self": false,
            "source_security_group_id": "sg-00ac9f412d67622bd",
            "to_port": 443,
            "type": "ingress"
          },
          "sensitive_attributes": [],
          "private": "eyJzY2hlbWFfdmVyc2lvbiI6IjIifQ==",
          "dependencies": [
            "module.local-cluster.aws_security_group.cluster",
            "module.local-cluster.aws_security_group.workers",
            "module.vpc.aws_vpc.this"
          ],
          "create_before_destroy": true
        }
      ]
    },
    {
      "module": "module.local-cluster",
      "mode": "managed",
      "type": "aws_security_group_rule",
      "name": "workers_egress_internet",
      "provider": "provider[\"registry.terraform.io/hashicorp/aws\"]",
      "instances": [
        {
          "index_key": 0,
          "schema_version": 2,
          "attributes": {
            "cidr_blocks": [
              "0.0.0.0/0"
            ],
            "description": "Allow nodes all egress to the Internet.",
            "from_port": 0,
            "id": "sgrule-3111934919",
            "ipv6_cidr_blocks": null,
            "prefix_list_ids": null,
            "protocol": "-1",
            "security_group_id": "sg-00ac9f412d67622bd",
            "self": false,
            "source_security_group_id": null,
            "to_port": 0,
            "type": "egress"
          },
          "sensitive_attributes": [],
          "private": "eyJzY2hlbWFfdmVyc2lvbiI6IjIifQ==",
          "dependencies": [
            "module.local-cluster.aws_security_group.workers",
            "module.vpc.aws_vpc.this"
          ],
          "create_before_destroy": true
        }
      ]
    },
    {
      "module": "module.local-cluster",
      "mode": "managed",
      "type": "aws_security_group_rule",
      "name": "workers_ingress_cluster",
      "provider": "provider[\"registry.terraform.io/hashicorp/aws\"]",
      "instances": [
        {
          "index_key": 0,
          "schema_version": 2,
          "attributes": {
            "cidr_blocks": null,
            "description": "Allow workers pods to receive communication from the cluster control plane.",
            "from_port": 1025,
            "id": "sgrule-783575465",
            "ipv6_cidr_blocks": null,
            "prefix_list_ids": null,
            "protocol": "tcp",
            "security_group_id": "sg-00ac9f412d67622bd",
            "self": false,
            "source_security_group_id": "sg-0a138197a68cb2e9b",
            "to_port": 65535,
            "type": "ingress"
          },
          "sensitive_attributes": [],
          "private": "eyJzY2hlbWFfdmVyc2lvbiI6IjIifQ==",
          "dependencies": [
            "module.local-cluster.aws_security_group.cluster",
            "module.local-cluster.aws_security_group.workers",
            "module.vpc.aws_vpc.this"
          ],
          "create_before_destroy": true
        }
      ]
    },
    {
      "module": "module.local-cluster",
      "mode": "managed",
      "type": "aws_security_group_rule",
      "name": "workers_ingress_cluster_https",
      "provider": "provider[\"registry.terraform.io/hashicorp/aws\"]",
      "instances": [
        {
          "index_key": 0,
          "schema_version": 2,
          "attributes": {
            "cidr_blocks": null,
            "description": "Allow pods running extension API servers on port 443 to receive communication from cluster control plane.",
            "from_port": 443,
            "id": "sgrule-2975575700",
            "ipv6_cidr_blocks": null,
            "prefix_list_ids": null,
            "protocol": "tcp",
            "security_group_id": "sg-00ac9f412d67622bd",
            "self": false,
            "source_security_group_id": "sg-0a138197a68cb2e9b",
            "to_port": 443,
            "type": "ingress"
          },
          "sensitive_attributes": [],
          "private": "eyJzY2hlbWFfdmVyc2lvbiI6IjIifQ==",
          "dependencies": [
            "module.local-cluster.aws_security_group.cluster",
            "module.local-cluster.aws_security_group.workers",
            "module.vpc.aws_vpc.this"
          ],
          "create_before_destroy": true
        }
      ]
    },
    {
      "module": "module.local-cluster",
      "mode": "managed",
      "type": "aws_security_group_rule",
      "name": "workers_ingress_self",
      "provider": "provider[\"registry.terraform.io/hashicorp/aws\"]",
      "instances": [
        {
          "index_key": 0,
          "schema_version": 2,
          "attributes": {
            "cidr_blocks": null,
            "description": "Allow node to communicate with each other.",
            "from_port": 0,
            "id": "sgrule-933648064",
            "ipv6_cidr_blocks": null,
            "prefix_list_ids": null,
            "protocol": "-1",
            "security_group_id": "sg-00ac9f412d67622bd",
            "self": false,
            "source_security_group_id": "sg-00ac9f412d67622bd",
            "to_port": 65535,
            "type": "ingress"
          },
          "sensitive_attributes": [],
          "private": "eyJzY2hlbWFfdmVyc2lvbiI6IjIifQ==",
          "dependencies": [
            "module.local-cluster.aws_security_group.workers",
            "module.vpc.aws_vpc.this"
          ],
          "create_before_destroy": true
        }
      ]
    },
    {
      "module": "module.local-cluster",
      "mode": "managed",
      "type": "kubernetes_config_map",
      "name": "aws_auth",
      "provider": "provider[\"registry.terraform.io/hashicorp/kubernetes\"]",
      "instances": [
        {
          "index_key": 0,
          "schema_version": 0,
          "attributes": {
            "binary_data": null,
            "data": {
              "mapAccounts": "[]\n",
              "mapRoles": "- \"groups\":\n  - \"system:bootstrappers\"\n  - \"system:nodes\"\n  \"rolearn\": \"arn:aws:iam::525621568406:role/wyze2022080420363268900000000e\"\n  \"username\": \"system:node:{{EC2PrivateDNSName}}\"\n",
              "mapUsers": "[]\n"
            },
            "id": "kube-system/aws-auth",
            "metadata": [
              {
                "annotations": null,
                "generate_name": "",
                "generation": 0,
                "labels": {
                  "app.kubernetes.io/managed-by": "Terraform",
                  "terraform.io/module": "terraform-aws-modules.eks.aws"
                },
                "name": "aws-auth",
                "namespace": "kube-system",
                "resource_version": "917",
                "uid": "a87933f7-9f85-450f-8fc6-c5b1a5f877fb"
              }
            ]
          },
          "sensitive_attributes": [],
          "private": "bnVsbA==",
          "dependencies": [
            "data.aws_eks_cluster.cluster",
            "data.aws_eks_cluster_auth.cluster",
            "module.local-cluster.aws_cloudwatch_log_group.this",
            "module.local-cluster.aws_eks_cluster.this",
            "module.local-cluster.aws_iam_instance_profile.workers",
            "module.local-cluster.aws_iam_instance_profile.workers_launch_template",
            "module.local-cluster.aws_iam_role.cluster",
            "module.local-cluster.aws_iam_role.workers",
            "module.local-cluster.aws_iam_role_policy_attachment.cluster_AmazonEKSClusterPolicy",
            "module.local-cluster.aws_iam_role_policy_attachment.cluster_AmazonEKSServicePolicy",
            "module.local-cluster.aws_iam_role_policy_attachment.cluster_AmazonEKSVPCResourceControllerPolicy",
            "module.local-cluster.aws_iam_role_policy_attachment.workers_AmazonEC2ContainerRegistryReadOnly",
            "module.local-cluster.aws_iam_role_policy_attachment.workers_AmazonEKSWorkerNodePolicy",
            "module.local-cluster.aws_iam_role_policy_attachment.workers_AmazonEKS_CNI_Policy",
            "module.local-cluster.aws_security_group.cluster",
            "module.local-cluster.aws_security_group.workers",
            "module.local-cluster.aws_security_group_rule.cluster_egress_internet",
            "module.local-cluster.aws_security_group_rule.cluster_https_worker_ingress",
            "module.local-cluster.aws_security_group_rule.cluster_private_access_cidrs_source",
            "module.local-cluster.aws_security_group_rule.cluster_private_access_sg_source",
            "module.local-cluster.data.aws_ami.eks_worker",
            "module.local-cluster.data.aws_ami.eks_worker_windows",
            "module.local-cluster.data.aws_caller_identity.current",
            "module.local-cluster.data.aws_iam_instance_profile.custom_worker_group_iam_instance_profile",
            "module.local-cluster.data.aws_iam_instance_profile.custom_worker_group_launch_template_iam_instance_profile",
            "module.local-cluster.data.aws_iam_policy_document.cluster_assume_role_policy",
            "module.local-cluster.data.aws_iam_policy_document.workers_assume_role_policy",
            "module.local-cluster.data.aws_iam_role.custom_cluster_iam_role",
            "module.local-cluster.data.aws_partition.current",
            "module.local-cluster.data.http.wait_for_cluster",
            "module.local-cluster.module.fargate.aws_iam_role.eks_fargate_pod",
            "module.local-cluster.module.fargate.data.aws_iam_role.custom_fargate_iam_role",
            "module.vpc.aws_subnet.private",
            "module.vpc.aws_vpc.this",
            "module.vpc.aws_vpc_ipv4_cidr_block_association.this"
          ]
        }
      ]
    },
    {
      "module": "module.local-cluster",
      "mode": "managed",
      "type": "local_file",
      "name": "kubeconfig",
      "provider": "provider[\"registry.terraform.io/hashicorp/local\"]",
      "instances": [
        {
          "index_key": 0,
          "schema_version": 0,
          "attributes": {
            "content": "apiVersion: v1\npreferences: {}\nkind: Config\n\nclusters:\n- cluster:\n    server: https://14B7289244EEDFA71579F740EEBE3D1F.yl4.us-east-2.eks.amazonaws.com\n    certificate-authority-data: LS0tLS1CRUdJTiBDRVJUSUZJQ0FURS0tLS0tCk1JSUM1ekNDQWMrZ0F3SUJBZ0lCQURBTkJna3Foa2lHOXcwQkFRc0ZBREFWTVJNd0VRWURWUVFERXdwcmRXSmwKY201bGRHVnpNQjRYRFRJeU1EZ3dOREl3TXpJd01Wb1hEVE15TURnd01USXdNekl3TVZvd0ZURVRNQkVHQTFVRQpBeE1LYTNWaVpYSnVaWFJsY3pDQ0FTSXdEUVlKS29aSWh2Y05BUUVCQlFBRGdnRVBBRENDQVFvQ2dnRUJBTURQCkJRcDNpQWZlUUJEY3RsUVdxUUNmQnhrZXpKQ1VNZzVCdlU1R1JacVFXaVBya0RYby9kODJtL1kvZlBxcWxqU0YKalJyUWdHTDlqSFhHRzh0dnZ0S0R5bTVndGJhWWpQazhtYmMxSFlVT01JTUhZZ2FGdTJwczh4S0krTmdWeDZlcApxak9IS1VVbUc2NjJEVFN2Q3F3QW9aMUF2bmFsemdFaUI5dmNDQmVUZ3ZsWjJ0dG8rdFV3YXB0YkxrSThmdmRFClVZY2k1dnF2UE5vNzNuU0p2SmRHSnZYcERjL0h0UEhpKzFQOEI1Mm9lcVpad25IU1BSVmthK0dzQWdPd0ZEWUcKaWh0WTdobVY4NGdZV0tkY2ZCOEQxZ1VxU2orVHpEVTQ2cnVvNjRnMkh2M2l6aGJDZmdXZFc3RXNMOHc0T0J2RQpaZXVNQTMrQ3lFc2h6VzM1VlUwQ0F3RUFBYU5DTUVBd0RnWURWUjBQQVFIL0JBUURBZ0trTUE4R0ExVWRFd0VCCi93UUZNQU1CQWY4d0hRWURWUjBPQkJZRUZIK3hQbktUMENUbHNXWUNTUzFvdmVTeU5YTmlNQTBHQ1NxR1NJYjMKRFFFQkN3VUFBNElCQVFCODZwcG1vSGw5ZXBPeTNHRW5admk5RnVmbTVoVWN4b0hZZ2VGZ2IwZ2p1VGpEdWFGbAozdE9ia0ZWd2NrbG84WW01d2hEQTBzci8vMmhhZEtZWDhyOFdXazQ0VGZQUnhSbnM0aUxRNjV1VDE4SWp3b3hJCnFJTm9CZUsxRGtrWFV1czVzV2M5Z1ZHS2xSalFBTS9PVHIrUnNvQlNpRGN1TUNDVmhMclRBVURQMjZjdmpHRk4KQ1lmaVZwb2hFeWhJSmJOay9zSklVSVRYVzBqblJ4Ym9oWjZZRkIycWZITkNYaGorTzhDRFBuOWs4eDJBRUViOQpUOUl0M2ptTGpFUzh4ZDNmQmZ0d1VFeDVieGptdXhqWTFpSTNFV0NyUElmVWR3cUEyV2VHVUNUVkttRStNcWtqCkpEd3EyM0x3YXRrYis3c2g1MzR1ZUNmZDBkNEZYVnIrc0lMegotLS0tLUVORCBDRVJUSUZJQ0FURS0tLS0tCg==\n  name: eks_wyze\n\ncontexts:\n- context:\n    cluster: eks_wyze\n    user: eks_wyze\n  name: eks_wyze\n\ncurrent-context: eks_wyze\n\nusers:\n- name: eks_wyze\n  user:\n    exec:\n      apiVersion: client.authentication.k8s.io/v1alpha1\n      command: aws-iam-authenticator\n      args:\n        - \"token\"\n        - \"-i\"\n        - \"wyze\"\n",
            "content_base64": null,
            "directory_permission": "0755",
            "file_permission": "0600",
            "filename": "./kubeconfig_wyze",
            "id": "e0ccfd28be421cd8e7f374c793907022833390af",
            "sensitive_content": null,
            "source": null
          },
          "sensitive_attributes": [],
          "private": "bnVsbA==",
          "dependencies": [
            "module.local-cluster.aws_cloudwatch_log_group.this",
            "module.local-cluster.aws_eks_cluster.this",
            "module.local-cluster.aws_iam_role.cluster",
            "module.local-cluster.aws_iam_role_policy_attachment.cluster_AmazonEKSClusterPolicy",
            "module.local-cluster.aws_iam_role_policy_attachment.cluster_AmazonEKSServicePolicy",
            "module.local-cluster.aws_iam_role_policy_attachment.cluster_AmazonEKSVPCResourceControllerPolicy",
            "module.local-cluster.aws_security_group.cluster",
            "module.local-cluster.aws_security_group.workers",
            "module.local-cluster.aws_security_group_rule.cluster_egress_internet",
            "module.local-cluster.aws_security_group_rule.cluster_https_worker_ingress",
            "module.local-cluster.data.aws_iam_policy_document.cluster_assume_role_policy",
            "module.local-cluster.data.aws_iam_role.custom_cluster_iam_role",
            "module.local-cluster.data.aws_partition.current",
            "module.vpc.aws_subnet.private",
            "module.vpc.aws_vpc.this",
            "module.vpc.aws_vpc_ipv4_cidr_block_association.this"
          ]
        }
      ]
    },
    {
      "module": "module.local-cluster.module.fargate",
      "mode": "data",
      "type": "aws_partition",
      "name": "current",
      "provider": "provider[\"registry.terraform.io/hashicorp/aws\"]",
      "instances": [
        {
          "schema_version": 0,
          "attributes": {
            "dns_suffix": "amazonaws.com",
            "id": "aws",
            "partition": "aws",
            "reverse_dns_prefix": "com.amazonaws"
          },
          "sensitive_attributes": []
        }
      ]
    },
    {
      "module": "module.rds.module.postgresql_rds",
      "mode": "data",
      "type": "aws_iam_policy_document",
      "name": "enhanced_monitoring",
      "provider": "provider[\"registry.terraform.io/hashicorp/aws\"]",
      "instances": [
        {
          "schema_version": 0,
          "attributes": {
            "id": "1813475199",
            "json": "{\n  \"Version\": \"2012-10-17\",\n  \"Statement\": [\n    {\n      \"Sid\": \"\",\n      \"Effect\": \"Allow\",\n      \"Action\": \"sts:AssumeRole\",\n      \"Principal\": {\n        \"Service\": \"monitoring.rds.amazonaws.com\"\n      }\n    }\n  ]\n}",
            "override_json": null,
            "override_policy_documents": null,
            "policy_id": null,
            "source_json": null,
            "source_policy_documents": null,
            "statement": [
              {
                "actions": [
                  "sts:AssumeRole"
                ],
                "condition": [],
                "effect": "Allow",
                "not_actions": [],
                "not_principals": [],
                "not_resources": [],
                "principals": [
                  {
                    "identifiers": [
                      "monitoring.rds.amazonaws.com"
                    ],
                    "type": "Service"
                  }
                ],
                "resources": [],
                "sid": ""
              }
            ],
            "version": "2012-10-17"
          },
          "sensitive_attributes": []
        }
      ]
    },
    {
      "module": "module.rds.module.postgresql_rds",
      "mode": "managed",
      "type": "aws_cloudwatch_metric_alarm",
      "name": "database_cpu",
      "provider": "provider[\"registry.terraform.io/hashicorp/aws\"]",
      "instances": [
        {
          "schema_version": 1,
          "attributes": {
            "actions_enabled": true,
            "alarm_actions": [
              "arn:aws:sns:us-east-2:525621568406:wyze"
            ],
            "alarm_description": "Database server CPU utilization",
            "alarm_name": "alarmProductionDatabaseServerCPUUtilization-wyze",
            "arn": "arn:aws:cloudwatch:us-east-2:525621568406:alarm:alarmProductionDatabaseServerCPUUtilization-wyze",
            "comparison_operator": "GreaterThanThreshold",
            "datapoints_to_alarm": 0,
            "dimensions": {
              "DBInstanceIdentifier": "wyze"
            },
            "evaluate_low_sample_count_percentiles": "",
            "evaluation_periods": 1,
            "extended_statistic": "",
            "id": "alarmProductionDatabaseServerCPUUtilization-wyze",
            "insufficient_data_actions": [
              "arn:aws:sns:us-east-2:525621568406:wyze"
            ],
            "metric_name": "CPUUtilization",
            "metric_query": [],
            "namespace": "AWS/RDS",
            "ok_actions": [
              "arn:aws:sns:us-east-2:525621568406:wyze"
            ],
            "period": 300,
            "statistic": "Average",
            "tags": null,
            "tags_all": {},
            "threshold": 75,
            "threshold_metric_id": "",
            "treat_missing_data": "missing",
            "unit": ""
          },
          "sensitive_attributes": [],
          "private": "eyJzY2hlbWFfdmVyc2lvbiI6IjEifQ==",
          "dependencies": [
            "module.rds.module.postgresql_rds.aws_db_instance.postgresql",
            "module.rds.module.postgresql_rds.aws_iam_role.enhanced_monitoring",
            "module.rds.module.postgresql_rds.aws_security_group.postgresql",
            "module.rds.module.postgresql_rds.data.aws_iam_policy_document.enhanced_monitoring",
            "module.sns.module.sns_topic.aws_sns_topic.this",
            "module.vpc.aws_db_subnet_group.database",
            "module.vpc.aws_subnet.database",
            "module.vpc.aws_vpc.this",
            "module.vpc.aws_vpc_ipv4_cidr_block_association.this"
          ]
        }
      ]
    },
    {
      "module": "module.rds.module.postgresql_rds",
      "mode": "managed",
      "type": "aws_cloudwatch_metric_alarm",
      "name": "database_disk_free",
      "provider": "provider[\"registry.terraform.io/hashicorp/aws\"]",
      "instances": [
        {
          "schema_version": 1,
          "attributes": {
            "actions_enabled": true,
            "alarm_actions": [
              "arn:aws:sns:us-east-2:525621568406:wyze"
            ],
            "alarm_description": "Database server free storage space",
            "alarm_name": "alarmProductionDatabaseServerFreeStorageSpace-wyze",
            "arn": "arn:aws:cloudwatch:us-east-2:525621568406:alarm:alarmProductionDatabaseServerFreeStorageSpace-wyze",
            "comparison_operator": "LessThanThreshold",
            "datapoints_to_alarm": 0,
            "dimensions": {
              "DBInstanceIdentifier": "wyze"
            },
            "evaluate_low_sample_count_percentiles": "",
            "evaluation_periods": 1,
            "extended_statistic": "",
            "id": "alarmProductionDatabaseServerFreeStorageSpace-wyze",
            "insufficient_data_actions": [
              "arn:aws:sns:us-east-2:525621568406:wyze"
            ],
            "metric_name": "FreeStorageSpace",
            "metric_query": [],
            "namespace": "AWS/RDS",
            "ok_actions": [
              "arn:aws:sns:us-east-2:525621568406:wyze"
            ],
            "period": 60,
            "statistic": "Average",
            "tags": null,
            "tags_all": {},
            "threshold": 5000000000,
            "threshold_metric_id": "",
            "treat_missing_data": "missing",
            "unit": ""
          },
          "sensitive_attributes": [],
          "private": "eyJzY2hlbWFfdmVyc2lvbiI6IjEifQ==",
          "dependencies": [
            "module.rds.module.postgresql_rds.aws_db_instance.postgresql",
            "module.rds.module.postgresql_rds.aws_iam_role.enhanced_monitoring",
            "module.rds.module.postgresql_rds.aws_security_group.postgresql",
            "module.rds.module.postgresql_rds.data.aws_iam_policy_document.enhanced_monitoring",
            "module.sns.module.sns_topic.aws_sns_topic.this",
            "module.vpc.aws_db_subnet_group.database",
            "module.vpc.aws_subnet.database",
            "module.vpc.aws_vpc.this",
            "module.vpc.aws_vpc_ipv4_cidr_block_association.this"
          ]
        }
      ]
    },
    {
      "module": "module.rds.module.postgresql_rds",
      "mode": "managed",
      "type": "aws_cloudwatch_metric_alarm",
      "name": "database_disk_queue",
      "provider": "provider[\"registry.terraform.io/hashicorp/aws\"]",
      "instances": [
        {
          "schema_version": 1,
          "attributes": {
            "actions_enabled": true,
            "alarm_actions": [
              "arn:aws:sns:us-east-2:525621568406:wyze"
            ],
            "alarm_description": "Database server disk queue depth",
            "alarm_name": "alarmProductionDatabaseServerDiskQueueDepth-wyze",
            "arn": "arn:aws:cloudwatch:us-east-2:525621568406:alarm:alarmProductionDatabaseServerDiskQueueDepth-wyze",
            "comparison_operator": "GreaterThanThreshold",
            "datapoints_to_alarm": 0,
            "dimensions": {
              "DBInstanceIdentifier": "wyze"
            },
            "evaluate_low_sample_count_percentiles": "",
            "evaluation_periods": 1,
            "extended_statistic": "",
            "id": "alarmProductionDatabaseServerDiskQueueDepth-wyze",
            "insufficient_data_actions": [
              "arn:aws:sns:us-east-2:525621568406:wyze"
            ],
            "metric_name": "DiskQueueDepth",
            "metric_query": [],
            "namespace": "AWS/RDS",
            "ok_actions": [
              "arn:aws:sns:us-east-2:525621568406:wyze"
            ],
            "period": 60,
            "statistic": "Average",
            "tags": null,
            "tags_all": {},
            "threshold": 10,
            "threshold_metric_id": "",
            "treat_missing_data": "missing",
            "unit": ""
          },
          "sensitive_attributes": [],
          "private": "eyJzY2hlbWFfdmVyc2lvbiI6IjEifQ==",
          "dependencies": [
            "module.rds.module.postgresql_rds.aws_db_instance.postgresql",
            "module.rds.module.postgresql_rds.aws_iam_role.enhanced_monitoring",
            "module.rds.module.postgresql_rds.aws_security_group.postgresql",
            "module.rds.module.postgresql_rds.data.aws_iam_policy_document.enhanced_monitoring",
            "module.sns.module.sns_topic.aws_sns_topic.this",
            "module.vpc.aws_db_subnet_group.database",
            "module.vpc.aws_subnet.database",
            "module.vpc.aws_vpc.this",
            "module.vpc.aws_vpc_ipv4_cidr_block_association.this"
          ]
        }
      ]
    },
    {
      "module": "module.rds.module.postgresql_rds",
      "mode": "managed",
      "type": "aws_cloudwatch_metric_alarm",
      "name": "database_memory_free",
      "provider": "provider[\"registry.terraform.io/hashicorp/aws\"]",
      "instances": [
        {
          "schema_version": 1,
          "attributes": {
            "actions_enabled": true,
            "alarm_actions": [
              "arn:aws:sns:us-east-2:525621568406:wyze"
            ],
            "alarm_description": "Database server freeable memory",
            "alarm_name": "alarmProductionDatabaseServerFreeableMemory-wyze",
            "arn": "arn:aws:cloudwatch:us-east-2:525621568406:alarm:alarmProductionDatabaseServerFreeableMemory-wyze",
            "comparison_operator": "LessThanThreshold",
            "datapoints_to_alarm": 0,
            "dimensions": {
              "DBInstanceIdentifier": "wyze"
            },
            "evaluate_low_sample_count_percentiles": "",
            "evaluation_periods": 1,
            "extended_statistic": "",
            "id": "alarmProductionDatabaseServerFreeableMemory-wyze",
            "insufficient_data_actions": [
              "arn:aws:sns:us-east-2:525621568406:wyze"
            ],
            "metric_name": "FreeableMemory",
            "metric_query": [],
            "namespace": "AWS/RDS",
            "ok_actions": [
              "arn:aws:sns:us-east-2:525621568406:wyze"
            ],
            "period": 60,
            "statistic": "Average",
            "tags": null,
            "tags_all": {},
            "threshold": 128000000,
            "threshold_metric_id": "",
            "treat_missing_data": "missing",
            "unit": ""
          },
          "sensitive_attributes": [],
          "private": "eyJzY2hlbWFfdmVyc2lvbiI6IjEifQ==",
          "dependencies": [
            "module.rds.module.postgresql_rds.aws_db_instance.postgresql",
            "module.rds.module.postgresql_rds.aws_iam_role.enhanced_monitoring",
            "module.rds.module.postgresql_rds.aws_security_group.postgresql",
            "module.rds.module.postgresql_rds.data.aws_iam_policy_document.enhanced_monitoring",
            "module.sns.module.sns_topic.aws_sns_topic.this",
            "module.vpc.aws_db_subnet_group.database",
            "module.vpc.aws_subnet.database",
            "module.vpc.aws_vpc.this",
            "module.vpc.aws_vpc_ipv4_cidr_block_association.this"
          ]
        }
      ]
    },
    {
      "module": "module.rds.module.postgresql_rds",
      "mode": "managed",
      "type": "aws_db_instance",
      "name": "postgresql",
      "provider": "provider[\"registry.terraform.io/hashicorp/aws\"]",
      "instances": [
        {
          "schema_version": 1,
          "attributes": {
            "address": "wyze.cuvhtxsykwsi.us-east-2.rds.amazonaws.com",
            "allocated_storage": 32,
            "allow_major_version_upgrade": null,
            "apply_immediately": null,
            "arn": "arn:aws:rds:us-east-2:525621568406:db:wyze",
            "auto_minor_version_upgrade": false,
            "availability_zone": "us-east-2a",
            "backup_retention_period": 30,
            "backup_window": "04:00-04:30",
            "ca_cert_identifier": "rds-ca-2019",
            "character_set_name": "",
            "copy_tags_to_snapshot": false,
            "customer_owned_ip_enabled": false,
            "db_subnet_group_name": "wyze",
            "delete_automated_backups": true,
            "deletion_protection": false,
            "domain": "",
            "domain_iam_role_name": "",
            "enabled_cloudwatch_logs_exports": [
              "postgresql"
            ],
            "endpoint": "wyze.cuvhtxsykwsi.us-east-2.rds.amazonaws.com:5432",
            "engine": "postgres",
            "engine_version": "12.10",
            "engine_version_actual": "12.10",
            "final_snapshot_identifier": "terraform-aws-postgresql-rds-snapshot",
            "hosted_zone_id": "Z2XHWR1WZ565X2",
            "iam_database_authentication_enabled": false,
            "id": "wyze",
            "identifier": "wyze",
            "identifier_prefix": null,
            "instance_class": "db.t2.micro",
            "iops": 0,
            "kms_key_id": "",
            "latest_restorable_time": "2022-08-04T20:32:21Z",
            "license_model": "postgresql-license",
            "maintenance_window": "sun:04:30-sun:05:30",
            "max_allocated_storage": 0,
            "monitoring_interval": 60,
            "monitoring_role_arn": "arn:aws:iam::525621568406:role/rdsProductionEnhancedMonitoringRole",
            "multi_az": false,
            "name": "wyze",
            "nchar_character_set_name": "",
            "option_group_name": "default:postgres-12",
            "parameter_group_name": "default.postgres12",
            "password": "wyzepostgres",
            "performance_insights_enabled": false,
            "performance_insights_kms_key_id": "",
            "performance_insights_retention_period": 0,
            "port": 5432,
            "publicly_accessible": false,
            "replica_mode": "",
            "replicas": [],
            "replicate_source_db": "",
            "resource_id": "db-POJ5C57AWRNWPSTDCFFIN3AS2A",
            "restore_to_point_in_time": [],
            "s3_import": [],
            "security_group_names": null,
            "skip_final_snapshot": true,
            "snapshot_identifier": null,
            "status": "available",
            "storage_encrypted": false,
            "storage_type": "gp2",
            "tags": {
              "Environment": "Production",
              "Name": "DatabaseServer",
              "Project": "Wyze"
            },
            "tags_all": {
              "Environment": "Production",
              "Name": "DatabaseServer",
              "Project": "Wyze"
            },
            "timeouts": null,
            "timezone": "",
            "username": "wyze",
            "vpc_security_group_ids": [
              "sg-0c3ef3f91f3dfebc9"
            ]
          },
          "sensitive_attributes": [],
          "private": "eyJlMmJmYjczMC1lY2FhLTExZTYtOGY4OC0zNDM2M2JjN2M0YzAiOnsiY3JlYXRlIjoyNDAwMDAwMDAwMDAwLCJkZWxldGUiOjM2MDAwMDAwMDAwMDAsInVwZGF0ZSI6NDgwMDAwMDAwMDAwMH0sInNjaGVtYV92ZXJzaW9uIjoiMSJ9",
          "dependencies": [
            "module.rds.module.postgresql_rds.aws_iam_role.enhanced_monitoring",
            "module.rds.module.postgresql_rds.aws_security_group.postgresql",
            "module.rds.module.postgresql_rds.data.aws_iam_policy_document.enhanced_monitoring",
            "module.vpc.aws_db_subnet_group.database",
            "module.vpc.aws_subnet.database",
            "module.vpc.aws_vpc.this",
            "module.vpc.aws_vpc_ipv4_cidr_block_association.this"
          ]
        }
      ]
    },
    {
      "module": "module.rds.module.postgresql_rds",
      "mode": "managed",
      "type": "aws_iam_role",
      "name": "enhanced_monitoring",
      "provider": "provider[\"registry.terraform.io/hashicorp/aws\"]",
      "instances": [
        {
          "schema_version": 0,
          "attributes": {
            "arn": "arn:aws:iam::525621568406:role/rdsProductionEnhancedMonitoringRole",
            "assume_role_policy": "{\"Version\":\"2012-10-17\",\"Statement\":[{\"Sid\":\"\",\"Effect\":\"Allow\",\"Principal\":{\"Service\":\"monitoring.rds.amazonaws.com\"},\"Action\":\"sts:AssumeRole\"}]}",
            "create_date": "2022-08-04T20:26:10Z",
            "description": "",
            "force_detach_policies": false,
            "id": "rdsProductionEnhancedMonitoringRole",
            "inline_policy": [
              {
                "name": "",
                "policy": ""
              }
            ],
            "managed_policy_arns": [],
            "max_session_duration": 3600,
            "name": "rdsProductionEnhancedMonitoringRole",
            "name_prefix": "",
            "path": "/",
            "permissions_boundary": null,
            "tags": null,
            "tags_all": {},
            "unique_id": "AROAXUYL4UOLF7ILICJRG"
          },
          "sensitive_attributes": [],
          "private": "bnVsbA==",
          "dependencies": [
            "module.rds.module.postgresql_rds.data.aws_iam_policy_document.enhanced_monitoring"
          ]
        }
      ]
    },
    {
      "module": "module.rds.module.postgresql_rds",
      "mode": "managed",
      "type": "aws_iam_role_policy_attachment",
      "name": "enhanced_monitoring",
      "provider": "provider[\"registry.terraform.io/hashicorp/aws\"]",
      "instances": [
        {
          "schema_version": 0,
          "attributes": {
            "id": "rdsProductionEnhancedMonitoringRole-20220804202611460300000005",
            "policy_arn": "arn:aws:iam::aws:policy/service-role/AmazonRDSEnhancedMonitoringRole",
            "role": "rdsProductionEnhancedMonitoringRole"
          },
          "sensitive_attributes": [],
          "private": "bnVsbA==",
          "dependencies": [
            "module.rds.module.postgresql_rds.aws_iam_role.enhanced_monitoring",
            "module.rds.module.postgresql_rds.data.aws_iam_policy_document.enhanced_monitoring"
          ]
        }
      ]
    },
    {
      "module": "module.rds.module.postgresql_rds",
      "mode": "managed",
      "type": "aws_security_group",
      "name": "postgresql",
      "provider": "provider[\"registry.terraform.io/hashicorp/aws\"]",
      "instances": [
        {
          "schema_version": 1,
          "attributes": {
            "arn": "arn:aws:ec2:us-east-2:525621568406:security-group/sg-0c3ef3f91f3dfebc9",
            "description": "Managed by Terraform",
            "egress": [],
            "id": "sg-0c3ef3f91f3dfebc9",
            "ingress": [],
            "name": "terraform-2022080420261446960000000d",
            "name_prefix": "terraform-",
            "owner_id": "525621568406",
            "revoke_rules_on_delete": false,
            "tags": {
              "Environment": "Production",
              "Name": "sgDatabaseServer",
              "Project": "Wyze"
            },
            "tags_all": {
              "Environment": "Production",
              "Name": "sgDatabaseServer",
              "Project": "Wyze"
            },
            "timeouts": null,
            "vpc_id": "vpc-092ad76d810f5e0a1"
          },
          "sensitive_attributes": [],
          "private": "eyJlMmJmYjczMC1lY2FhLTExZTYtOGY4OC0zNDM2M2JjN2M0YzAiOnsiY3JlYXRlIjo2MDAwMDAwMDAwMDAsImRlbGV0ZSI6OTAwMDAwMDAwMDAwfSwic2NoZW1hX3ZlcnNpb24iOiIxIn0=",
          "dependencies": [
            "module.vpc.aws_vpc.this"
          ]
        }
      ]
    },
    {
      "module": "module.sns.module.sns_topic",
      "mode": "managed",
      "type": "aws_sns_topic",
      "name": "this",
      "provider": "provider[\"registry.terraform.io/hashicorp/aws\"]",
      "instances": [
        {
          "index_key": 0,
          "schema_version": 0,
          "attributes": {
            "application_failure_feedback_role_arn": "",
            "application_success_feedback_role_arn": "",
            "application_success_feedback_sample_rate": 0,
            "arn": "arn:aws:sns:us-east-2:525621568406:wyze",
            "content_based_deduplication": false,
            "delivery_policy": "",
            "display_name": "",
            "fifo_topic": false,
            "firehose_failure_feedback_role_arn": "",
            "firehose_success_feedback_role_arn": "",
            "firehose_success_feedback_sample_rate": 0,
            "http_failure_feedback_role_arn": "",
            "http_success_feedback_role_arn": "",
            "http_success_feedback_sample_rate": 0,
            "id": "arn:aws:sns:us-east-2:525621568406:wyze",
            "kms_master_key_id": "",
            "lambda_failure_feedback_role_arn": "",
            "lambda_success_feedback_role_arn": "",
            "lambda_success_feedback_sample_rate": 0,
            "name": "wyze",
            "name_prefix": "",
            "owner": "525621568406",
            "policy": "{\"Version\":\"2008-10-17\",\"Id\":\"__default_policy_ID\",\"Statement\":[{\"Sid\":\"__default_statement_ID\",\"Effect\":\"Allow\",\"Principal\":{\"AWS\":\"*\"},\"Action\":[\"SNS:GetTopicAttributes\",\"SNS:SetTopicAttributes\",\"SNS:AddPermission\",\"SNS:RemovePermission\",\"SNS:DeleteTopic\",\"SNS:Subscribe\",\"SNS:ListSubscriptionsByTopic\",\"SNS:Publish\"],\"Resource\":\"arn:aws:sns:us-east-2:525621568406:wyze\",\"Condition\":{\"StringEquals\":{\"AWS:SourceOwner\":\"525621568406\"}}}]}",
            "sqs_failure_feedback_role_arn": "",
            "sqs_success_feedback_role_arn": "",
            "sqs_success_feedback_sample_rate": 0,
            "tags": null,
            "tags_all": {}
          },
          "sensitive_attributes": [],
          "private": "bnVsbA=="
        }
      ]
    },
    {
      "module": "module.vpc",
      "mode": "managed",
      "type": "aws_db_subnet_group",
      "name": "database",
      "provider": "provider[\"registry.terraform.io/hashicorp/aws\"]",
      "instances": [
        {
          "index_key": 0,
          "schema_version": 0,
          "attributes": {
            "arn": "arn:aws:rds:us-east-2:525621568406:subgrp:wyze",
            "description": "Database subnet group for wyze",
            "id": "wyze",
            "name": "wyze",
            "name_prefix": null,
            "subnet_ids": [
              "subnet-00827cab12ecba80d",
              "subnet-02f3dc36b67161734",
              "subnet-09d4a2d0575b356ca"
            ],
            "tags": {
              "Environment": "prod",
              "Name": "wyze",
              "Terraform": "true"
            },
            "tags_all": {
              "Environment": "prod",
              "Name": "wyze",
              "Terraform": "true"
            }
          },
          "sensitive_attributes": [],
          "private": "bnVsbA==",
          "dependencies": [
            "module.vpc.aws_subnet.database",
            "module.vpc.aws_vpc.this",
            "module.vpc.aws_vpc_ipv4_cidr_block_association.this"
          ]
        }
      ]
    },
    {
      "module": "module.vpc",
      "mode": "managed",
      "type": "aws_eip",
      "name": "nat",
      "provider": "provider[\"registry.terraform.io/hashicorp/aws\"]",
      "instances": [
        {
          "index_key": 0,
          "schema_version": 0,
          "attributes": {
            "address": null,
            "allocation_id": "eipalloc-01051aeb46acc8160",
            "associate_with_private_ip": null,
            "association_id": "",
            "carrier_ip": "",
            "customer_owned_ip": "",
            "customer_owned_ipv4_pool": "",
            "domain": "vpc",
            "id": "eipalloc-01051aeb46acc8160",
            "instance": "",
            "network_border_group": "us-east-2",
            "network_interface": "",
            "private_dns": null,
            "private_ip": "",
            "public_dns": "ec2-52-15-58-29.us-east-2.compute.amazonaws.com",
            "public_ip": "52.15.58.29",
            "public_ipv4_pool": "amazon",
            "tags": {
              "Environment": "prod",
              "Name": "wyze-us-east-2a",
              "Terraform": "true"
            },
            "tags_all": {
              "Environment": "prod",
              "Name": "wyze-us-east-2a",
              "Terraform": "true"
            },
            "timeouts": null,
            "vpc": true
          },
          "sensitive_attributes": [],
          "private": "eyJlMmJmYjczMC1lY2FhLTExZTYtOGY4OC0zNDM2M2JjN2M0YzAiOnsiZGVsZXRlIjoxODAwMDAwMDAwMDAsInJlYWQiOjkwMDAwMDAwMDAwMCwidXBkYXRlIjozMDAwMDAwMDAwMDB9fQ=="
        },
        {
          "index_key": 1,
          "schema_version": 0,
          "attributes": {
            "address": null,
            "allocation_id": "eipalloc-02851f7ca4ceece25",
            "associate_with_private_ip": null,
            "association_id": "",
            "carrier_ip": "",
            "customer_owned_ip": "",
            "customer_owned_ipv4_pool": "",
            "domain": "vpc",
            "id": "eipalloc-02851f7ca4ceece25",
            "instance": "",
            "network_border_group": "us-east-2",
            "network_interface": "",
            "private_dns": null,
            "private_ip": "",
            "public_dns": "ec2-3-19-250-192.us-east-2.compute.amazonaws.com",
            "public_ip": "3.19.250.192",
            "public_ipv4_pool": "amazon",
            "tags": {
              "Environment": "prod",
              "Name": "wyze-us-east-2b",
              "Terraform": "true"
            },
            "tags_all": {
              "Environment": "prod",
              "Name": "wyze-us-east-2b",
              "Terraform": "true"
            },
            "timeouts": null,
            "vpc": true
          },
          "sensitive_attributes": [],
          "private": "eyJlMmJmYjczMC1lY2FhLTExZTYtOGY4OC0zNDM2M2JjN2M0YzAiOnsiZGVsZXRlIjoxODAwMDAwMDAwMDAsInJlYWQiOjkwMDAwMDAwMDAwMCwidXBkYXRlIjozMDAwMDAwMDAwMDB9fQ=="
        },
        {
          "index_key": 2,
          "schema_version": 0,
          "attributes": {
            "address": null,
            "allocation_id": "eipalloc-02962b1c69443e218",
            "associate_with_private_ip": null,
            "association_id": "",
            "carrier_ip": "",
            "customer_owned_ip": "",
            "customer_owned_ipv4_pool": "",
            "domain": "vpc",
            "id": "eipalloc-02962b1c69443e218",
            "instance": "",
            "network_border_group": "us-east-2",
            "network_interface": "",
            "private_dns": null,
            "private_ip": "",
            "public_dns": "ec2-3-18-74-142.us-east-2.compute.amazonaws.com",
            "public_ip": "3.18.74.142",
            "public_ipv4_pool": "amazon",
            "tags": {
              "Environment": "prod",
              "Name": "wyze-us-east-2c",
              "Terraform": "true"
            },
            "tags_all": {
              "Environment": "prod",
              "Name": "wyze-us-east-2c",
              "Terraform": "true"
            },
            "timeouts": null,
            "vpc": true
          },
          "sensitive_attributes": [],
          "private": "eyJlMmJmYjczMC1lY2FhLTExZTYtOGY4OC0zNDM2M2JjN2M0YzAiOnsiZGVsZXRlIjoxODAwMDAwMDAwMDAsInJlYWQiOjkwMDAwMDAwMDAwMCwidXBkYXRlIjozMDAwMDAwMDAwMDB9fQ=="
        }
      ]
    },
    {
      "module": "module.vpc",
      "mode": "managed",
      "type": "aws_internet_gateway",
      "name": "this",
      "provider": "provider[\"registry.terraform.io/hashicorp/aws\"]",
      "instances": [
        {
          "index_key": 0,
          "schema_version": 0,
          "attributes": {
            "arn": "arn:aws:ec2:us-east-2:525621568406:internet-gateway/igw-09a9e8e11e66bf32b",
            "id": "igw-09a9e8e11e66bf32b",
            "owner_id": "525621568406",
            "tags": {
              "Environment": "prod",
              "Name": "wyze",
              "Terraform": "true"
            },
            "tags_all": {
              "Environment": "prod",
              "Name": "wyze",
              "Terraform": "true"
            },
            "vpc_id": "vpc-092ad76d810f5e0a1"
          },
          "sensitive_attributes": [],
          "private": "bnVsbA==",
          "dependencies": [
            "module.vpc.aws_vpc.this",
            "module.vpc.aws_vpc_ipv4_cidr_block_association.this"
          ]
        }
      ]
    },
    {
      "module": "module.vpc",
      "mode": "managed",
      "type": "aws_nat_gateway",
      "name": "this",
      "provider": "provider[\"registry.terraform.io/hashicorp/aws\"]",
      "instances": [
        {
          "index_key": 0,
          "schema_version": 0,
          "attributes": {
            "allocation_id": "eipalloc-01051aeb46acc8160",
            "connectivity_type": "public",
            "id": "nat-0f88f863c520c02b4",
            "network_interface_id": "eni-0c7112fda8f8876d1",
            "private_ip": "10.0.101.150",
            "public_ip": "52.15.58.29",
            "subnet_id": "subnet-0e63624b1856109b6",
            "tags": {
              "Environment": "prod",
              "Name": "wyze-us-east-2a",
              "Terraform": "true"
            },
            "tags_all": {
              "Environment": "prod",
              "Name": "wyze-us-east-2a",
              "Terraform": "true"
            }
          },
          "sensitive_attributes": [],
          "private": "bnVsbA==",
          "dependencies": [
            "module.vpc.aws_eip.nat",
            "module.vpc.aws_internet_gateway.this",
            "module.vpc.aws_subnet.public",
            "module.vpc.aws_vpc.this",
            "module.vpc.aws_vpc_ipv4_cidr_block_association.this"
          ]
        },
        {
          "index_key": 1,
          "schema_version": 0,
          "attributes": {
            "allocation_id": "eipalloc-02851f7ca4ceece25",
            "connectivity_type": "public",
            "id": "nat-0500b33eb18459582",
            "network_interface_id": "eni-0d547eab7f124d56d",
            "private_ip": "10.0.102.12",
            "public_ip": "3.19.250.192",
            "subnet_id": "subnet-05e775e31947cbca6",
            "tags": {
              "Environment": "prod",
              "Name": "wyze-us-east-2b",
              "Terraform": "true"
            },
            "tags_all": {
              "Environment": "prod",
              "Name": "wyze-us-east-2b",
              "Terraform": "true"
            }
          },
          "sensitive_attributes": [],
          "private": "bnVsbA==",
          "dependencies": [
            "module.vpc.aws_eip.nat",
            "module.vpc.aws_internet_gateway.this",
            "module.vpc.aws_subnet.public",
            "module.vpc.aws_vpc.this",
            "module.vpc.aws_vpc_ipv4_cidr_block_association.this"
          ]
        },
        {
          "index_key": 2,
          "schema_version": 0,
          "attributes": {
            "allocation_id": "eipalloc-02962b1c69443e218",
            "connectivity_type": "public",
            "id": "nat-07447e7215b9c5ba1",
            "network_interface_id": "eni-0fe88e4a69cc55262",
            "private_ip": "10.0.103.209",
            "public_ip": "3.18.74.142",
            "subnet_id": "subnet-0f8971120f73dfe7d",
            "tags": {
              "Environment": "prod",
              "Name": "wyze-us-east-2c",
              "Terraform": "true"
            },
            "tags_all": {
              "Environment": "prod",
              "Name": "wyze-us-east-2c",
              "Terraform": "true"
            }
          },
          "sensitive_attributes": [],
          "private": "bnVsbA==",
          "dependencies": [
            "module.vpc.aws_eip.nat",
            "module.vpc.aws_internet_gateway.this",
            "module.vpc.aws_subnet.public",
            "module.vpc.aws_vpc.this",
            "module.vpc.aws_vpc_ipv4_cidr_block_association.this"
          ]
        }
      ]
    },
    {
      "module": "module.vpc",
      "mode": "managed",
      "type": "aws_route",
      "name": "private_nat_gateway",
      "provider": "provider[\"registry.terraform.io/hashicorp/aws\"]",
      "instances": [
        {
          "index_key": 0,
          "schema_version": 0,
          "attributes": {
            "carrier_gateway_id": "",
            "destination_cidr_block": "0.0.0.0/0",
            "destination_ipv6_cidr_block": "",
            "destination_prefix_list_id": "",
            "egress_only_gateway_id": "",
            "gateway_id": "",
            "id": "r-rtb-00e50d5d9a63f2ea01080289494",
            "instance_id": "",
            "instance_owner_id": "",
            "local_gateway_id": "",
            "nat_gateway_id": "nat-0f88f863c520c02b4",
            "network_interface_id": "",
            "origin": "CreateRoute",
            "route_table_id": "rtb-00e50d5d9a63f2ea0",
            "state": "active",
            "timeouts": {
              "create": "5m",
              "delete": null,
              "update": null
            },
            "transit_gateway_id": "",
            "vpc_endpoint_id": "",
            "vpc_peering_connection_id": ""
          },
          "sensitive_attributes": [],
          "private": "eyJlMmJmYjczMC1lY2FhLTExZTYtOGY4OC0zNDM2M2JjN2M0YzAiOnsiY3JlYXRlIjozMDAwMDAwMDAwMDAsImRlbGV0ZSI6MzAwMDAwMDAwMDAwLCJ1cGRhdGUiOjEyMDAwMDAwMDAwMH19",
          "dependencies": [
            "module.vpc.aws_eip.nat",
            "module.vpc.aws_internet_gateway.this",
            "module.vpc.aws_nat_gateway.this",
            "module.vpc.aws_route_table.private",
            "module.vpc.aws_subnet.public",
            "module.vpc.aws_vpc.this",
            "module.vpc.aws_vpc_ipv4_cidr_block_association.this"
          ]
        },
        {
          "index_key": 1,
          "schema_version": 0,
          "attributes": {
            "carrier_gateway_id": "",
            "destination_cidr_block": "0.0.0.0/0",
            "destination_ipv6_cidr_block": "",
            "destination_prefix_list_id": "",
            "egress_only_gateway_id": "",
            "gateway_id": "",
            "id": "r-rtb-0c6078844b537d1821080289494",
            "instance_id": "",
            "instance_owner_id": "",
            "local_gateway_id": "",
            "nat_gateway_id": "nat-0500b33eb18459582",
            "network_interface_id": "",
            "origin": "CreateRoute",
            "route_table_id": "rtb-0c6078844b537d182",
            "state": "active",
            "timeouts": {
              "create": "5m",
              "delete": null,
              "update": null
            },
            "transit_gateway_id": "",
            "vpc_endpoint_id": "",
            "vpc_peering_connection_id": ""
          },
          "sensitive_attributes": [],
          "private": "eyJlMmJmYjczMC1lY2FhLTExZTYtOGY4OC0zNDM2M2JjN2M0YzAiOnsiY3JlYXRlIjozMDAwMDAwMDAwMDAsImRlbGV0ZSI6MzAwMDAwMDAwMDAwLCJ1cGRhdGUiOjEyMDAwMDAwMDAwMH19",
          "dependencies": [
            "module.vpc.aws_eip.nat",
            "module.vpc.aws_internet_gateway.this",
            "module.vpc.aws_nat_gateway.this",
            "module.vpc.aws_route_table.private",
            "module.vpc.aws_subnet.public",
            "module.vpc.aws_vpc.this",
            "module.vpc.aws_vpc_ipv4_cidr_block_association.this"
          ]
        },
        {
          "index_key": 2,
          "schema_version": 0,
          "attributes": {
            "carrier_gateway_id": "",
            "destination_cidr_block": "0.0.0.0/0",
            "destination_ipv6_cidr_block": "",
            "destination_prefix_list_id": "",
            "egress_only_gateway_id": "",
            "gateway_id": "",
            "id": "r-rtb-03e47e526d5ed079b1080289494",
            "instance_id": "",
            "instance_owner_id": "",
            "local_gateway_id": "",
            "nat_gateway_id": "nat-07447e7215b9c5ba1",
            "network_interface_id": "",
            "origin": "CreateRoute",
            "route_table_id": "rtb-03e47e526d5ed079b",
            "state": "active",
            "timeouts": {
              "create": "5m",
              "delete": null,
              "update": null
            },
            "transit_gateway_id": "",
            "vpc_endpoint_id": "",
            "vpc_peering_connection_id": ""
          },
          "sensitive_attributes": [],
          "private": "eyJlMmJmYjczMC1lY2FhLTExZTYtOGY4OC0zNDM2M2JjN2M0YzAiOnsiY3JlYXRlIjozMDAwMDAwMDAwMDAsImRlbGV0ZSI6MzAwMDAwMDAwMDAwLCJ1cGRhdGUiOjEyMDAwMDAwMDAwMH19",
          "dependencies": [
            "module.vpc.aws_eip.nat",
            "module.vpc.aws_internet_gateway.this",
            "module.vpc.aws_nat_gateway.this",
            "module.vpc.aws_route_table.private",
            "module.vpc.aws_subnet.public",
            "module.vpc.aws_vpc.this",
            "module.vpc.aws_vpc_ipv4_cidr_block_association.this"
          ]
        }
      ]
    },
    {
      "module": "module.vpc",
      "mode": "managed",
      "type": "aws_route",
      "name": "public_internet_gateway",
      "provider": "provider[\"registry.terraform.io/hashicorp/aws\"]",
      "instances": [
        {
          "index_key": 0,
          "schema_version": 0,
          "attributes": {
            "carrier_gateway_id": "",
            "destination_cidr_block": "0.0.0.0/0",
            "destination_ipv6_cidr_block": "",
            "destination_prefix_list_id": "",
            "egress_only_gateway_id": "",
            "gateway_id": "igw-09a9e8e11e66bf32b",
            "id": "r-rtb-0518f5279312110601080289494",
            "instance_id": "",
            "instance_owner_id": "",
            "local_gateway_id": "",
            "nat_gateway_id": "",
            "network_interface_id": "",
            "origin": "CreateRoute",
            "route_table_id": "rtb-0518f527931211060",
            "state": "active",
            "timeouts": {
              "create": "5m",
              "delete": null,
              "update": null
            },
            "transit_gateway_id": "",
            "vpc_endpoint_id": "",
            "vpc_peering_connection_id": ""
          },
          "sensitive_attributes": [],
          "private": "eyJlMmJmYjczMC1lY2FhLTExZTYtOGY4OC0zNDM2M2JjN2M0YzAiOnsiY3JlYXRlIjozMDAwMDAwMDAwMDAsImRlbGV0ZSI6MzAwMDAwMDAwMDAwLCJ1cGRhdGUiOjEyMDAwMDAwMDAwMH19",
          "dependencies": [
            "module.vpc.aws_internet_gateway.this",
            "module.vpc.aws_route_table.public",
            "module.vpc.aws_vpc.this",
            "module.vpc.aws_vpc_ipv4_cidr_block_association.this"
          ]
        }
      ]
    },
    {
      "module": "module.vpc",
      "mode": "managed",
      "type": "aws_route_table",
      "name": "private",
      "provider": "provider[\"registry.terraform.io/hashicorp/aws\"]",
      "instances": [
        {
          "index_key": 0,
          "schema_version": 0,
          "attributes": {
            "arn": "arn:aws:ec2:us-east-2:525621568406:route-table/rtb-00e50d5d9a63f2ea0",
            "id": "rtb-00e50d5d9a63f2ea0",
            "owner_id": "525621568406",
            "propagating_vgws": [],
            "route": [],
            "tags": {
              "Environment": "prod",
              "Name": "wyze-private-us-east-2a",
              "Terraform": "true"
            },
            "tags_all": {
              "Environment": "prod",
              "Name": "wyze-private-us-east-2a",
              "Terraform": "true"
            },
            "timeouts": null,
            "vpc_id": "vpc-092ad76d810f5e0a1"
          },
          "sensitive_attributes": [],
          "private": "eyJlMmJmYjczMC1lY2FhLTExZTYtOGY4OC0zNDM2M2JjN2M0YzAiOnsiY3JlYXRlIjozMDAwMDAwMDAwMDAsImRlbGV0ZSI6MzAwMDAwMDAwMDAwLCJ1cGRhdGUiOjEyMDAwMDAwMDAwMH19",
          "dependencies": [
            "module.vpc.aws_vpc.this",
            "module.vpc.aws_vpc_ipv4_cidr_block_association.this"
          ]
        },
        {
          "index_key": 1,
          "schema_version": 0,
          "attributes": {
            "arn": "arn:aws:ec2:us-east-2:525621568406:route-table/rtb-0c6078844b537d182",
            "id": "rtb-0c6078844b537d182",
            "owner_id": "525621568406",
            "propagating_vgws": [],
            "route": [],
            "tags": {
              "Environment": "prod",
              "Name": "wyze-private-us-east-2b",
              "Terraform": "true"
            },
            "tags_all": {
              "Environment": "prod",
              "Name": "wyze-private-us-east-2b",
              "Terraform": "true"
            },
            "timeouts": null,
            "vpc_id": "vpc-092ad76d810f5e0a1"
          },
          "sensitive_attributes": [],
          "private": "eyJlMmJmYjczMC1lY2FhLTExZTYtOGY4OC0zNDM2M2JjN2M0YzAiOnsiY3JlYXRlIjozMDAwMDAwMDAwMDAsImRlbGV0ZSI6MzAwMDAwMDAwMDAwLCJ1cGRhdGUiOjEyMDAwMDAwMDAwMH19",
          "dependencies": [
            "module.vpc.aws_vpc.this",
            "module.vpc.aws_vpc_ipv4_cidr_block_association.this"
          ]
        },
        {
          "index_key": 2,
          "schema_version": 0,
          "attributes": {
            "arn": "arn:aws:ec2:us-east-2:525621568406:route-table/rtb-03e47e526d5ed079b",
            "id": "rtb-03e47e526d5ed079b",
            "owner_id": "525621568406",
            "propagating_vgws": [],
            "route": [],
            "tags": {
              "Environment": "prod",
              "Name": "wyze-private-us-east-2c",
              "Terraform": "true"
            },
            "tags_all": {
              "Environment": "prod",
              "Name": "wyze-private-us-east-2c",
              "Terraform": "true"
            },
            "timeouts": null,
            "vpc_id": "vpc-092ad76d810f5e0a1"
          },
          "sensitive_attributes": [],
          "private": "eyJlMmJmYjczMC1lY2FhLTExZTYtOGY4OC0zNDM2M2JjN2M0YzAiOnsiY3JlYXRlIjozMDAwMDAwMDAwMDAsImRlbGV0ZSI6MzAwMDAwMDAwMDAwLCJ1cGRhdGUiOjEyMDAwMDAwMDAwMH19",
          "dependencies": [
            "module.vpc.aws_vpc.this",
            "module.vpc.aws_vpc_ipv4_cidr_block_association.this"
          ]
        }
      ]
    },
    {
      "module": "module.vpc",
      "mode": "managed",
      "type": "aws_route_table",
      "name": "public",
      "provider": "provider[\"registry.terraform.io/hashicorp/aws\"]",
      "instances": [
        {
          "index_key": 0,
          "schema_version": 0,
          "attributes": {
            "arn": "arn:aws:ec2:us-east-2:525621568406:route-table/rtb-0518f527931211060",
            "id": "rtb-0518f527931211060",
            "owner_id": "525621568406",
            "propagating_vgws": [],
            "route": [],
            "tags": {
              "Environment": "prod",
              "Name": "wyze-public",
              "Terraform": "true"
            },
            "tags_all": {
              "Environment": "prod",
              "Name": "wyze-public",
              "Terraform": "true"
            },
            "timeouts": null,
            "vpc_id": "vpc-092ad76d810f5e0a1"
          },
          "sensitive_attributes": [],
          "private": "eyJlMmJmYjczMC1lY2FhLTExZTYtOGY4OC0zNDM2M2JjN2M0YzAiOnsiY3JlYXRlIjozMDAwMDAwMDAwMDAsImRlbGV0ZSI6MzAwMDAwMDAwMDAwLCJ1cGRhdGUiOjEyMDAwMDAwMDAwMH19",
          "dependencies": [
            "module.vpc.aws_vpc.this",
            "module.vpc.aws_vpc_ipv4_cidr_block_association.this"
          ]
        }
      ]
    },
    {
      "module": "module.vpc",
      "mode": "managed",
      "type": "aws_route_table_association",
      "name": "database",
      "provider": "provider[\"registry.terraform.io/hashicorp/aws\"]",
      "instances": [
        {
          "index_key": 0,
          "schema_version": 0,
          "attributes": {
            "gateway_id": "",
            "id": "rtbassoc-04bdf19ef56800e48",
            "route_table_id": "rtb-00e50d5d9a63f2ea0",
            "subnet_id": "subnet-02f3dc36b67161734"
          },
          "sensitive_attributes": [],
          "private": "bnVsbA==",
          "dependencies": [
            "module.vpc.aws_route_table.database",
            "module.vpc.aws_route_table.private",
            "module.vpc.aws_subnet.database",
            "module.vpc.aws_vpc.this",
            "module.vpc.aws_vpc_ipv4_cidr_block_association.this"
          ]
        },
        {
          "index_key": 1,
          "schema_version": 0,
          "attributes": {
            "gateway_id": "",
            "id": "rtbassoc-047703a6680092342",
            "route_table_id": "rtb-0c6078844b537d182",
            "subnet_id": "subnet-00827cab12ecba80d"
          },
          "sensitive_attributes": [],
          "private": "bnVsbA==",
          "dependencies": [
            "module.vpc.aws_route_table.database",
            "module.vpc.aws_route_table.private",
            "module.vpc.aws_subnet.database",
            "module.vpc.aws_vpc.this",
            "module.vpc.aws_vpc_ipv4_cidr_block_association.this"
          ]
        },
        {
          "index_key": 2,
          "schema_version": 0,
          "attributes": {
            "gateway_id": "",
            "id": "rtbassoc-0e34ffa4f1234da1b",
            "route_table_id": "rtb-03e47e526d5ed079b",
            "subnet_id": "subnet-09d4a2d0575b356ca"
          },
          "sensitive_attributes": [],
          "private": "bnVsbA==",
          "dependencies": [
            "module.vpc.aws_route_table.database",
            "module.vpc.aws_route_table.private",
            "module.vpc.aws_subnet.database",
            "module.vpc.aws_vpc.this",
            "module.vpc.aws_vpc_ipv4_cidr_block_association.this"
          ]
        }
      ]
    },
    {
      "module": "module.vpc",
      "mode": "managed",
      "type": "aws_route_table_association",
      "name": "private",
      "provider": "provider[\"registry.terraform.io/hashicorp/aws\"]",
      "instances": [
        {
          "index_key": 0,
          "schema_version": 0,
          "attributes": {
            "gateway_id": "",
            "id": "rtbassoc-010128eac23b60ef3",
            "route_table_id": "rtb-00e50d5d9a63f2ea0",
            "subnet_id": "subnet-0bf0a220fd89e351d"
          },
          "sensitive_attributes": [],
          "private": "bnVsbA==",
          "dependencies": [
            "module.vpc.aws_route_table.private",
            "module.vpc.aws_subnet.private",
            "module.vpc.aws_vpc.this",
            "module.vpc.aws_vpc_ipv4_cidr_block_association.this"
          ]
        },
        {
          "index_key": 1,
          "schema_version": 0,
          "attributes": {
            "gateway_id": "",
            "id": "rtbassoc-0a7c6130cb29d6226",
            "route_table_id": "rtb-0c6078844b537d182",
            "subnet_id": "subnet-0769268e88696a85d"
          },
          "sensitive_attributes": [],
          "private": "bnVsbA==",
          "dependencies": [
            "module.vpc.aws_route_table.private",
            "module.vpc.aws_subnet.private",
            "module.vpc.aws_vpc.this",
            "module.vpc.aws_vpc_ipv4_cidr_block_association.this"
          ]
        },
        {
          "index_key": 2,
          "schema_version": 0,
          "attributes": {
            "gateway_id": "",
            "id": "rtbassoc-0dfd804f6a950b64a",
            "route_table_id": "rtb-03e47e526d5ed079b",
            "subnet_id": "subnet-02e46617c481cdd6c"
          },
          "sensitive_attributes": [],
          "private": "bnVsbA==",
          "dependencies": [
            "module.vpc.aws_route_table.private",
            "module.vpc.aws_subnet.private",
            "module.vpc.aws_vpc.this",
            "module.vpc.aws_vpc_ipv4_cidr_block_association.this"
          ]
        }
      ]
    },
    {
      "module": "module.vpc",
      "mode": "managed",
      "type": "aws_route_table_association",
      "name": "public",
      "provider": "provider[\"registry.terraform.io/hashicorp/aws\"]",
      "instances": [
        {
          "index_key": 0,
          "schema_version": 0,
          "attributes": {
            "gateway_id": "",
            "id": "rtbassoc-0a3e41f2469141002",
            "route_table_id": "rtb-0518f527931211060",
            "subnet_id": "subnet-0e63624b1856109b6"
          },
          "sensitive_attributes": [],
          "private": "bnVsbA==",
          "dependencies": [
            "module.vpc.aws_route_table.public",
            "module.vpc.aws_subnet.public",
            "module.vpc.aws_vpc.this",
            "module.vpc.aws_vpc_ipv4_cidr_block_association.this"
          ]
        },
        {
          "index_key": 1,
          "schema_version": 0,
          "attributes": {
            "gateway_id": "",
            "id": "rtbassoc-0877a8684a0ade69c",
            "route_table_id": "rtb-0518f527931211060",
            "subnet_id": "subnet-05e775e31947cbca6"
          },
          "sensitive_attributes": [],
          "private": "bnVsbA==",
          "dependencies": [
            "module.vpc.aws_route_table.public",
            "module.vpc.aws_subnet.public",
            "module.vpc.aws_vpc.this",
            "module.vpc.aws_vpc_ipv4_cidr_block_association.this"
          ]
        },
        {
          "index_key": 2,
          "schema_version": 0,
          "attributes": {
            "gateway_id": "",
            "id": "rtbassoc-030aaa4294a1dc9a8",
            "route_table_id": "rtb-0518f527931211060",
            "subnet_id": "subnet-0f8971120f73dfe7d"
          },
          "sensitive_attributes": [],
          "private": "bnVsbA==",
          "dependencies": [
            "module.vpc.aws_route_table.public",
            "module.vpc.aws_subnet.public",
            "module.vpc.aws_vpc.this",
            "module.vpc.aws_vpc_ipv4_cidr_block_association.this"
          ]
        }
      ]
    },
    {
      "module": "module.vpc",
      "mode": "managed",
      "type": "aws_subnet",
      "name": "database",
      "provider": "provider[\"registry.terraform.io/hashicorp/aws\"]",
      "instances": [
        {
          "index_key": 0,
          "schema_version": 1,
          "attributes": {
            "arn": "arn:aws:ec2:us-east-2:525621568406:subnet/subnet-02f3dc36b67161734",
            "assign_ipv6_address_on_creation": false,
            "availability_zone": "us-east-2a",
            "availability_zone_id": "use2-az1",
            "cidr_block": "10.0.201.0/24",
            "customer_owned_ipv4_pool": "",
            "enable_dns64": false,
            "enable_resource_name_dns_a_record_on_launch": false,
            "enable_resource_name_dns_aaaa_record_on_launch": false,
            "id": "subnet-02f3dc36b67161734",
            "ipv6_cidr_block": "",
            "ipv6_cidr_block_association_id": "",
            "ipv6_native": false,
            "map_customer_owned_ip_on_launch": false,
            "map_public_ip_on_launch": false,
            "outpost_arn": "",
            "owner_id": "525621568406",
            "private_dns_hostname_type_on_launch": "ip-name",
            "tags": {
              "Environment": "prod",
              "Name": "wyze-db-us-east-2a",
              "Terraform": "true"
            },
            "tags_all": {
              "Environment": "prod",
              "Name": "wyze-db-us-east-2a",
              "Terraform": "true"
            },
            "timeouts": null,
            "vpc_id": "vpc-092ad76d810f5e0a1"
          },
          "sensitive_attributes": [],
          "private": "eyJlMmJmYjczMC1lY2FhLTExZTYtOGY4OC0zNDM2M2JjN2M0YzAiOnsiY3JlYXRlIjo2MDAwMDAwMDAwMDAsImRlbGV0ZSI6MTIwMDAwMDAwMDAwMH0sInNjaGVtYV92ZXJzaW9uIjoiMSJ9",
          "dependencies": [
            "module.vpc.aws_vpc.this",
            "module.vpc.aws_vpc_ipv4_cidr_block_association.this"
          ]
        },
        {
          "index_key": 1,
          "schema_version": 1,
          "attributes": {
            "arn": "arn:aws:ec2:us-east-2:525621568406:subnet/subnet-00827cab12ecba80d",
            "assign_ipv6_address_on_creation": false,
            "availability_zone": "us-east-2b",
            "availability_zone_id": "use2-az2",
            "cidr_block": "10.0.202.0/24",
            "customer_owned_ipv4_pool": "",
            "enable_dns64": false,
            "enable_resource_name_dns_a_record_on_launch": false,
            "enable_resource_name_dns_aaaa_record_on_launch": false,
            "id": "subnet-00827cab12ecba80d",
            "ipv6_cidr_block": "",
            "ipv6_cidr_block_association_id": "",
            "ipv6_native": false,
            "map_customer_owned_ip_on_launch": false,
            "map_public_ip_on_launch": false,
            "outpost_arn": "",
            "owner_id": "525621568406",
            "private_dns_hostname_type_on_launch": "ip-name",
            "tags": {
              "Environment": "prod",
              "Name": "wyze-db-us-east-2b",
              "Terraform": "true"
            },
            "tags_all": {
              "Environment": "prod",
              "Name": "wyze-db-us-east-2b",
              "Terraform": "true"
            },
            "timeouts": null,
            "vpc_id": "vpc-092ad76d810f5e0a1"
          },
          "sensitive_attributes": [],
          "private": "eyJlMmJmYjczMC1lY2FhLTExZTYtOGY4OC0zNDM2M2JjN2M0YzAiOnsiY3JlYXRlIjo2MDAwMDAwMDAwMDAsImRlbGV0ZSI6MTIwMDAwMDAwMDAwMH0sInNjaGVtYV92ZXJzaW9uIjoiMSJ9",
          "dependencies": [
            "module.vpc.aws_vpc.this",
            "module.vpc.aws_vpc_ipv4_cidr_block_association.this"
          ]
        },
        {
          "index_key": 2,
          "schema_version": 1,
          "attributes": {
            "arn": "arn:aws:ec2:us-east-2:525621568406:subnet/subnet-09d4a2d0575b356ca",
            "assign_ipv6_address_on_creation": false,
            "availability_zone": "us-east-2c",
            "availability_zone_id": "use2-az3",
            "cidr_block": "10.0.203.0/24",
            "customer_owned_ipv4_pool": "",
            "enable_dns64": false,
            "enable_resource_name_dns_a_record_on_launch": false,
            "enable_resource_name_dns_aaaa_record_on_launch": false,
            "id": "subnet-09d4a2d0575b356ca",
            "ipv6_cidr_block": "",
            "ipv6_cidr_block_association_id": "",
            "ipv6_native": false,
            "map_customer_owned_ip_on_launch": false,
            "map_public_ip_on_launch": false,
            "outpost_arn": "",
            "owner_id": "525621568406",
            "private_dns_hostname_type_on_launch": "ip-name",
            "tags": {
              "Environment": "prod",
              "Name": "wyze-db-us-east-2c",
              "Terraform": "true"
            },
            "tags_all": {
              "Environment": "prod",
              "Name": "wyze-db-us-east-2c",
              "Terraform": "true"
            },
            "timeouts": null,
            "vpc_id": "vpc-092ad76d810f5e0a1"
          },
          "sensitive_attributes": [],
          "private": "eyJlMmJmYjczMC1lY2FhLTExZTYtOGY4OC0zNDM2M2JjN2M0YzAiOnsiY3JlYXRlIjo2MDAwMDAwMDAwMDAsImRlbGV0ZSI6MTIwMDAwMDAwMDAwMH0sInNjaGVtYV92ZXJzaW9uIjoiMSJ9",
          "dependencies": [
            "module.vpc.aws_vpc.this",
            "module.vpc.aws_vpc_ipv4_cidr_block_association.this"
          ]
        }
      ]
    },
    {
      "module": "module.vpc",
      "mode": "managed",
      "type": "aws_subnet",
      "name": "private",
      "provider": "provider[\"registry.terraform.io/hashicorp/aws\"]",
      "instances": [
        {
          "index_key": 0,
          "schema_version": 1,
          "attributes": {
            "arn": "arn:aws:ec2:us-east-2:525621568406:subnet/subnet-0bf0a220fd89e351d",
            "assign_ipv6_address_on_creation": false,
            "availability_zone": "us-east-2a",
            "availability_zone_id": "use2-az1",
            "cidr_block": "10.0.1.0/24",
            "customer_owned_ipv4_pool": "",
            "enable_dns64": false,
            "enable_resource_name_dns_a_record_on_launch": false,
            "enable_resource_name_dns_aaaa_record_on_launch": false,
            "id": "subnet-0bf0a220fd89e351d",
            "ipv6_cidr_block": "",
            "ipv6_cidr_block_association_id": "",
            "ipv6_native": false,
            "map_customer_owned_ip_on_launch": false,
            "map_public_ip_on_launch": false,
            "outpost_arn": "",
            "owner_id": "525621568406",
            "private_dns_hostname_type_on_launch": "ip-name",
            "tags": {
              "Environment": "prod",
              "Name": "wyze-private-us-east-2a",
              "Terraform": "true"
            },
            "tags_all": {
              "Environment": "prod",
              "Name": "wyze-private-us-east-2a",
              "Terraform": "true"
            },
            "timeouts": null,
            "vpc_id": "vpc-092ad76d810f5e0a1"
          },
          "sensitive_attributes": [],
          "private": "eyJlMmJmYjczMC1lY2FhLTExZTYtOGY4OC0zNDM2M2JjN2M0YzAiOnsiY3JlYXRlIjo2MDAwMDAwMDAwMDAsImRlbGV0ZSI6MTIwMDAwMDAwMDAwMH0sInNjaGVtYV92ZXJzaW9uIjoiMSJ9",
          "dependencies": [
            "module.vpc.aws_vpc.this",
            "module.vpc.aws_vpc_ipv4_cidr_block_association.this"
          ],
          "create_before_destroy": true
        },
        {
          "index_key": 1,
          "schema_version": 1,
          "attributes": {
            "arn": "arn:aws:ec2:us-east-2:525621568406:subnet/subnet-0769268e88696a85d",
            "assign_ipv6_address_on_creation": false,
            "availability_zone": "us-east-2b",
            "availability_zone_id": "use2-az2",
            "cidr_block": "10.0.2.0/24",
            "customer_owned_ipv4_pool": "",
            "enable_dns64": false,
            "enable_resource_name_dns_a_record_on_launch": false,
            "enable_resource_name_dns_aaaa_record_on_launch": false,
            "id": "subnet-0769268e88696a85d",
            "ipv6_cidr_block": "",
            "ipv6_cidr_block_association_id": "",
            "ipv6_native": false,
            "map_customer_owned_ip_on_launch": false,
            "map_public_ip_on_launch": false,
            "outpost_arn": "",
            "owner_id": "525621568406",
            "private_dns_hostname_type_on_launch": "ip-name",
            "tags": {
              "Environment": "prod",
              "Name": "wyze-private-us-east-2b",
              "Terraform": "true"
            },
            "tags_all": {
              "Environment": "prod",
              "Name": "wyze-private-us-east-2b",
              "Terraform": "true"
            },
            "timeouts": null,
            "vpc_id": "vpc-092ad76d810f5e0a1"
          },
          "sensitive_attributes": [],
          "private": "eyJlMmJmYjczMC1lY2FhLTExZTYtOGY4OC0zNDM2M2JjN2M0YzAiOnsiY3JlYXRlIjo2MDAwMDAwMDAwMDAsImRlbGV0ZSI6MTIwMDAwMDAwMDAwMH0sInNjaGVtYV92ZXJzaW9uIjoiMSJ9",
          "dependencies": [
            "module.vpc.aws_vpc.this",
            "module.vpc.aws_vpc_ipv4_cidr_block_association.this"
          ],
          "create_before_destroy": true
        },
        {
          "index_key": 2,
          "schema_version": 1,
          "attributes": {
            "arn": "arn:aws:ec2:us-east-2:525621568406:subnet/subnet-02e46617c481cdd6c",
            "assign_ipv6_address_on_creation": false,
            "availability_zone": "us-east-2c",
            "availability_zone_id": "use2-az3",
            "cidr_block": "10.0.3.0/24",
            "customer_owned_ipv4_pool": "",
            "enable_dns64": false,
            "enable_resource_name_dns_a_record_on_launch": false,
            "enable_resource_name_dns_aaaa_record_on_launch": false,
            "id": "subnet-02e46617c481cdd6c",
            "ipv6_cidr_block": "",
            "ipv6_cidr_block_association_id": "",
            "ipv6_native": false,
            "map_customer_owned_ip_on_launch": false,
            "map_public_ip_on_launch": false,
            "outpost_arn": "",
            "owner_id": "525621568406",
            "private_dns_hostname_type_on_launch": "ip-name",
            "tags": {
              "Environment": "prod",
              "Name": "wyze-private-us-east-2c",
              "Terraform": "true"
            },
            "tags_all": {
              "Environment": "prod",
              "Name": "wyze-private-us-east-2c",
              "Terraform": "true"
            },
            "timeouts": null,
            "vpc_id": "vpc-092ad76d810f5e0a1"
          },
          "sensitive_attributes": [],
          "private": "eyJlMmJmYjczMC1lY2FhLTExZTYtOGY4OC0zNDM2M2JjN2M0YzAiOnsiY3JlYXRlIjo2MDAwMDAwMDAwMDAsImRlbGV0ZSI6MTIwMDAwMDAwMDAwMH0sInNjaGVtYV92ZXJzaW9uIjoiMSJ9",
          "dependencies": [
            "module.vpc.aws_vpc.this",
            "module.vpc.aws_vpc_ipv4_cidr_block_association.this"
          ],
          "create_before_destroy": true
        }
      ]
    },
    {
      "module": "module.vpc",
      "mode": "managed",
      "type": "aws_subnet",
      "name": "public",
      "provider": "provider[\"registry.terraform.io/hashicorp/aws\"]",
      "instances": [
        {
          "index_key": 0,
          "schema_version": 1,
          "attributes": {
            "arn": "arn:aws:ec2:us-east-2:525621568406:subnet/subnet-0e63624b1856109b6",
            "assign_ipv6_address_on_creation": false,
            "availability_zone": "us-east-2a",
            "availability_zone_id": "use2-az1",
            "cidr_block": "10.0.101.0/24",
            "customer_owned_ipv4_pool": "",
            "enable_dns64": false,
            "enable_resource_name_dns_a_record_on_launch": false,
            "enable_resource_name_dns_aaaa_record_on_launch": false,
            "id": "subnet-0e63624b1856109b6",
            "ipv6_cidr_block": "",
            "ipv6_cidr_block_association_id": "",
            "ipv6_native": false,
            "map_customer_owned_ip_on_launch": false,
            "map_public_ip_on_launch": true,
            "outpost_arn": "",
            "owner_id": "525621568406",
            "private_dns_hostname_type_on_launch": "ip-name",
            "tags": {
              "Environment": "prod",
              "Name": "wyze-public-us-east-2a",
              "Terraform": "true"
            },
            "tags_all": {
              "Environment": "prod",
              "Name": "wyze-public-us-east-2a",
              "Terraform": "true"
            },
            "timeouts": null,
            "vpc_id": "vpc-092ad76d810f5e0a1"
          },
          "sensitive_attributes": [],
          "private": "eyJlMmJmYjczMC1lY2FhLTExZTYtOGY4OC0zNDM2M2JjN2M0YzAiOnsiY3JlYXRlIjo2MDAwMDAwMDAwMDAsImRlbGV0ZSI6MTIwMDAwMDAwMDAwMH0sInNjaGVtYV92ZXJzaW9uIjoiMSJ9",
          "dependencies": [
            "module.vpc.aws_vpc.this",
            "module.vpc.aws_vpc_ipv4_cidr_block_association.this"
          ]
        },
        {
          "index_key": 1,
          "schema_version": 1,
          "attributes": {
            "arn": "arn:aws:ec2:us-east-2:525621568406:subnet/subnet-05e775e31947cbca6",
            "assign_ipv6_address_on_creation": false,
            "availability_zone": "us-east-2b",
            "availability_zone_id": "use2-az2",
            "cidr_block": "10.0.102.0/24",
            "customer_owned_ipv4_pool": "",
            "enable_dns64": false,
            "enable_resource_name_dns_a_record_on_launch": false,
            "enable_resource_name_dns_aaaa_record_on_launch": false,
            "id": "subnet-05e775e31947cbca6",
            "ipv6_cidr_block": "",
            "ipv6_cidr_block_association_id": "",
            "ipv6_native": false,
            "map_customer_owned_ip_on_launch": false,
            "map_public_ip_on_launch": true,
            "outpost_arn": "",
            "owner_id": "525621568406",
            "private_dns_hostname_type_on_launch": "ip-name",
            "tags": {
              "Environment": "prod",
              "Name": "wyze-public-us-east-2b",
              "Terraform": "true"
            },
            "tags_all": {
              "Environment": "prod",
              "Name": "wyze-public-us-east-2b",
              "Terraform": "true"
            },
            "timeouts": null,
            "vpc_id": "vpc-092ad76d810f5e0a1"
          },
          "sensitive_attributes": [],
          "private": "eyJlMmJmYjczMC1lY2FhLTExZTYtOGY4OC0zNDM2M2JjN2M0YzAiOnsiY3JlYXRlIjo2MDAwMDAwMDAwMDAsImRlbGV0ZSI6MTIwMDAwMDAwMDAwMH0sInNjaGVtYV92ZXJzaW9uIjoiMSJ9",
          "dependencies": [
            "module.vpc.aws_vpc.this",
            "module.vpc.aws_vpc_ipv4_cidr_block_association.this"
          ]
        },
        {
          "index_key": 2,
          "schema_version": 1,
          "attributes": {
            "arn": "arn:aws:ec2:us-east-2:525621568406:subnet/subnet-0f8971120f73dfe7d",
            "assign_ipv6_address_on_creation": false,
            "availability_zone": "us-east-2c",
            "availability_zone_id": "use2-az3",
            "cidr_block": "10.0.103.0/24",
            "customer_owned_ipv4_pool": "",
            "enable_dns64": false,
            "enable_resource_name_dns_a_record_on_launch": false,
            "enable_resource_name_dns_aaaa_record_on_launch": false,
            "id": "subnet-0f8971120f73dfe7d",
            "ipv6_cidr_block": "",
            "ipv6_cidr_block_association_id": "",
            "ipv6_native": false,
            "map_customer_owned_ip_on_launch": false,
            "map_public_ip_on_launch": true,
            "outpost_arn": "",
            "owner_id": "525621568406",
            "private_dns_hostname_type_on_launch": "ip-name",
            "tags": {
              "Environment": "prod",
              "Name": "wyze-public-us-east-2c",
              "Terraform": "true"
            },
            "tags_all": {
              "Environment": "prod",
              "Name": "wyze-public-us-east-2c",
              "Terraform": "true"
            },
            "timeouts": null,
            "vpc_id": "vpc-092ad76d810f5e0a1"
          },
          "sensitive_attributes": [],
          "private": "eyJlMmJmYjczMC1lY2FhLTExZTYtOGY4OC0zNDM2M2JjN2M0YzAiOnsiY3JlYXRlIjo2MDAwMDAwMDAwMDAsImRlbGV0ZSI6MTIwMDAwMDAwMDAwMH0sInNjaGVtYV92ZXJzaW9uIjoiMSJ9",
          "dependencies": [
            "module.vpc.aws_vpc.this",
            "module.vpc.aws_vpc_ipv4_cidr_block_association.this"
          ]
        }
      ]
    },
    {
      "module": "module.vpc",
      "mode": "managed",
      "type": "aws_vpc",
      "name": "this",
      "provider": "provider[\"registry.terraform.io/hashicorp/aws\"]",
      "instances": [
        {
          "index_key": 0,
          "schema_version": 1,
          "attributes": {
            "arn": "arn:aws:ec2:us-east-2:525621568406:vpc/vpc-092ad76d810f5e0a1",
            "assign_generated_ipv6_cidr_block": false,
            "cidr_block": "10.0.0.0/16",
            "default_network_acl_id": "acl-03705c3e304cce96a",
            "default_route_table_id": "rtb-027a71747a9092930",
            "default_security_group_id": "sg-087ca770983bda521",
            "dhcp_options_id": "dopt-0937643f3ebc7e8af",
            "enable_classiclink": false,
            "enable_classiclink_dns_support": false,
            "enable_dns_hostnames": false,
            "enable_dns_support": true,
            "id": "vpc-092ad76d810f5e0a1",
            "instance_tenancy": "default",
            "ipv4_ipam_pool_id": null,
            "ipv4_netmask_length": null,
            "ipv6_association_id": "",
            "ipv6_cidr_block": "",
            "ipv6_cidr_block_network_border_group": "",
            "ipv6_ipam_pool_id": "",
            "ipv6_netmask_length": 0,
            "main_route_table_id": "rtb-027a71747a9092930",
            "owner_id": "525621568406",
            "tags": {
              "Environment": "prod",
              "Name": "wyze",
              "Terraform": "true"
            },
            "tags_all": {
              "Environment": "prod",
              "Name": "wyze",
              "Terraform": "true"
            }
          },
          "sensitive_attributes": [],
          "private": "eyJzY2hlbWFfdmVyc2lvbiI6IjEifQ==",
          "create_before_destroy": true
        }
      ]
    },
    {
      "module": "module.vpc",
      "mode": "managed",
      "type": "aws_vpn_gateway",
      "name": "this",
      "provider": "provider[\"registry.terraform.io/hashicorp/aws\"]",
      "instances": [
        {
          "index_key": 0,
          "schema_version": 0,
          "attributes": {
            "amazon_side_asn": "64512",
            "arn": "arn:aws:ec2:us-east-2:525621568406:vpn-gateway/vgw-0dddf33dd6a7cb8ad",
            "availability_zone": null,
            "id": "vgw-0dddf33dd6a7cb8ad",
            "tags": {
              "Environment": "prod",
              "Name": "wyze",
              "Terraform": "true"
            },
            "tags_all": {
              "Environment": "prod",
              "Name": "wyze",
              "Terraform": "true"
            },
            "vpc_id": "vpc-092ad76d810f5e0a1"
          },
          "sensitive_attributes": [],
          "private": "bnVsbA==",
          "dependencies": [
            "module.vpc.aws_vpc.this",
            "module.vpc.aws_vpc_ipv4_cidr_block_association.this"
          ]
        }
      ]
    }
  ]
}
