{
  "version": 4,
  "terraform_version": "1.2.5",
  "serial": 733,
  "lineage": "b69cabd0-3672-8efe-1c7b-c48ec7dddfbd",
  "outputs": {
    "associate": {
      "value": "eksctl utils associate-iam-oidc-provider --region=us-east-2 --cluster=wyze --approve",
      "type": "string"
    },
    "cluster-autoscaler": {
      "value": "eksctl create iamserviceaccount --name cluster-autoscaler --namespace kube-system --cluster wyze --attach-policy-arn arn:aws:iam::525621568406:policy/eks-cluster-autoscaler-policy --approve --override-existing-serviceaccounts",
      "type": "string"
    },
    "cluster-autoscaler-attach-policy": {
      "value": "kubectl annotate serviceaccount cluster-autoscaler -n kube-system eks.amazonaws.com/role-arn=arn:aws:iam::525621568406:policy/eks-cluster-autoscaler-policy",
      "type": "string"
    },
    "create": {
      "value": "eksctl create iamserviceaccount --name external-dns --namespace default --cluster wyze --attach-policy-arn arn:aws:iam::525621568406:policy/external-dns-policy --approve --override-existing-serviceaccounts",
      "type": "string"
    },
    "delete": {
      "value": "eksctl delete iamserviceaccount external-dns --cluster wyze",
      "type": "string"
    }
  },
  "resources": [
    {
      "mode": "data",
      "type": "aws_eks_cluster",
      "name": "cluster",
      "provider": "provider[\"registry.terraform.io/hashicorp/aws\"]",
      "instances": [
        {
          "schema_version": 0,
          "attributes": {
            "arn": "arn:aws:eks:us-east-2:525621568406:cluster/wyze",
            "certificate_authority": [
              {
                "data": "LS0tLS1CRUdJTiBDRVJUSUZJQ0FURS0tLS0tCk1JSUM1ekNDQWMrZ0F3SUJBZ0lCQURBTkJna3Foa2lHOXcwQkFRc0ZBREFWTVJNd0VRWURWUVFERXdwcmRXSmwKY201bGRHVnpNQjRYRFRJeU1Ea3lPREF4TWpFMU1Gb1hEVE15TURreU5UQXhNakUxTUZvd0ZURVRNQkVHQTFVRQpBeE1LYTNWaVpYSnVaWFJsY3pDQ0FTSXdEUVlKS29aSWh2Y05BUUVCQlFBRGdnRVBBRENDQVFvQ2dnRUJBTEh6CjlST0orOExJUVJQeXJqRy9ObE1QR0IxT1dwemozSXpDVThBTTN5azVpaXVHTDJnNWlJWFF5dWtmV0hlSGVBU0YKUllSdDExMWFXS3UzQnZxSVhkNkdPeXRWbWlsTUFvcFJUd25kbU5JTXhFellvWlhKTUNhVU5QU1dybmJ6V3plTgp5V0x0VmNWRlNMVDJVMmhSQ3QyTk9uVGxOTHJJUi9MSm11cEQxWHF5THU5YldWa0hzWGF6UGNTT1Framo0d0tRCjB4LzdVbWJ5MVRKRm96Z2xQRTlyOUVTMkdrOHUzSmkxMDA2UFJQZGI4UmZiUXJtQTFmSTVLd3BicWVwWlhkSU4KSkVnajJuZzNXdGR1NngzYld1MXVNL0R1S0o5aFR0NWhmU3BsQ3BCb050OUs0UkRLaGcyZjM4TklRNzU2VXhZSwovbUs5TnRWYzNjVXJJVU91ajVNQ0F3RUFBYU5DTUVBd0RnWURWUjBQQVFIL0JBUURBZ0trTUE4R0ExVWRFd0VCCi93UUZNQU1CQWY4d0hRWURWUjBPQkJZRUZFWjdaRWF4VWNHRDg4NGhXUFp2UStvQWs3M0FNQTBHQ1NxR1NJYjMKRFFFQkN3VUFBNElCQVFDV2VnekxObE9lRldMNnZlV2l3N0dUVUthaE5tUnhiQk9YQWVPcy9ITXl5M3BqM1RURApQcGpOTTZnbkwxTkJ4aFB1ZmVvTzM4cTEzUVFERGRqR3RXZzRPSlFtMDNyRW9oSUtiY1FsZklDOWRSQk1XU2hpCjJMNFZmeHFzUVBVYi9RNXFNSUNDTlgxdGlwNHhjaTcyeUMrTVVGUUxZTStWeXZmSmtncHg0OWRxektCRmIxNTYKekZ6bURsaW5OazlLT29NMzBZL1IxdFFQU0ErdVgvV0FXUXFHVHV1VjBGVHJKZHZzTVhETitnYTUrTWFqWWgwNApJK1FnV3RIajBRa0RvckFKbU83MlFyeVAwK0haaVRtOC9GeThMSERTRjBGbzBNTGRwL0JSMm9nL0F5SERBdlEzCkVmTlU2VkJsaUNIR0lzWUFLZkpkcURGZFlyVXVsS1ZlRWN6QQotLS0tLUVORCBDRVJUSUZJQ0FURS0tLS0tCg=="
              }
            ],
            "created_at": "2022-09-28 01:16:56.964 +0000 UTC",
            "enabled_cluster_log_types": [],
            "endpoint": "https://1378A7B9605045AB91FD7B9C66CF2FB1.yl4.us-east-2.eks.amazonaws.com",
            "id": "wyze",
            "identity": [
              {
                "oidc": [
                  {
                    "issuer": "https://oidc.eks.us-east-2.amazonaws.com/id/1378A7B9605045AB91FD7B9C66CF2FB1"
                  }
                ]
              }
            ],
            "kubernetes_network_config": [
              {
                "ip_family": "ipv4",
                "service_ipv4_cidr": "172.20.0.0/16"
              }
            ],
            "name": "wyze",
            "platform_version": "eks.9",
            "role_arn": "arn:aws:iam::525621568406:role/wyze20220928011646579600000002",
            "status": "ACTIVE",
            "tags": {},
            "version": "1.20",
            "vpc_config": [
              {
                "cluster_security_group_id": "sg-015350130b1ff07a6",
                "endpoint_private_access": false,
                "endpoint_public_access": true,
                "public_access_cidrs": [
                  "0.0.0.0/0"
                ],
                "security_group_ids": [
                  "sg-076bff0f0b5710861"
                ],
                "subnet_ids": [
                  "subnet-085eda479b8f8e7d1",
                  "subnet-0a4e7e92482a9b249",
                  "subnet-0f098cf9b2d28bc6f"
                ],
                "vpc_id": "vpc-00634f39dda251a76"
              }
            ]
          },
          "sensitive_attributes": []
        }
      ]
    },
    {
      "mode": "data",
      "type": "aws_eks_cluster_auth",
      "name": "cluster",
      "provider": "provider[\"registry.terraform.io/hashicorp/aws\"]",
      "instances": [
        {
          "schema_version": 0,
          "attributes": {
            "id": "wyze",
            "name": "wyze",
            "token": "k8s-aws-v1.aHR0cHM6Ly9zdHMuYW1hem9uYXdzLmNvbS8_QWN0aW9uPUdldENhbGxlcklkZW50aXR5JlZlcnNpb249MjAxMS0wNi0xNSZYLUFtei1BbGdvcml0aG09QVdTNC1ITUFDLVNIQTI1NiZYLUFtei1DcmVkZW50aWFsPUFLSUFYVVlMNFVPTEFQT01ENERXJTJGMjAyMjA5MjglMkZ1cy1lYXN0LTElMkZzdHMlMkZhd3M0X3JlcXVlc3QmWC1BbXotRGF0ZT0yMDIyMDkyOFQwMTI1MTdaJlgtQW16LUV4cGlyZXM9MCZYLUFtei1TaWduZWRIZWFkZXJzPWhvc3QlM0J4LWs4cy1hd3MtaWQmWC1BbXotU2lnbmF0dXJlPTYxY2I0MmEwNjE5NzVkMGI2NTA1YjQzMzhkM2M1ZTJhMTc5NmY5NGE4ZDE5Nzk0ZGZkMWY4YzI3NmZiNDUyNGQ"
          },
          "sensitive_attributes": []
        }
      ]
    },
    {
      "mode": "data",
      "type": "aws_region",
      "name": "current",
      "provider": "provider[\"registry.terraform.io/hashicorp/aws\"]",
      "instances": [
        {
          "schema_version": 0,
          "attributes": {
            "description": "US East (Ohio)",
            "endpoint": "ec2.us-east-2.amazonaws.com",
            "id": "us-east-2",
            "name": "us-east-2"
          },
          "sensitive_attributes": []
        }
      ]
    },
    {
      "mode": "managed",
      "type": "aws_iam_policy",
      "name": "eks-cluster-autoscaler-policy",
      "provider": "provider[\"registry.terraform.io/hashicorp/aws\"]",
      "instances": [
        {
          "schema_version": 0,
          "attributes": {
            "arn": "arn:aws:iam::525621568406:policy/eks-cluster-autoscaler-policy",
            "description": "Policy for cluster autoscaling.",
            "id": "arn:aws:iam::525621568406:policy/eks-cluster-autoscaler-policy",
            "name": "eks-cluster-autoscaler-policy",
            "name_prefix": null,
            "path": "/",
            "policy": "{\"Statement\":[{\"Action\":[\"autoscaling:DescribeAutoScalingGroups\",\"autoscaling:DescribeAutoScalingInstances\",\"autoscaling:DescribeLaunchConfigurations\",\"autoscaling:DescribeTags\",\"autoscaling:SetDesiredCapacity\",\"autoscaling:TerminateInstanceInAutoScalingGroup\",\"ec2:DescribeLaunchTemplateVersions\"],\"Effect\":\"Allow\",\"Resource\":\"*\"}],\"Version\":\"2012-10-17\"}",
            "policy_id": "ANPAXUYL4UOLB7J3XYIVP",
            "tags": null,
            "tags_all": {}
          },
          "sensitive_attributes": [],
          "private": "bnVsbA=="
        }
      ]
    },
    {
      "mode": "managed",
      "type": "aws_iam_policy",
      "name": "external-dns-policy",
      "provider": "provider[\"registry.terraform.io/hashicorp/aws\"]",
      "instances": [
        {
          "schema_version": 0,
          "attributes": {
            "arn": "arn:aws:iam::525621568406:policy/external-dns-policy",
            "description": "Policy for external DNS.",
            "id": "arn:aws:iam::525621568406:policy/external-dns-policy",
            "name": "external-dns-policy",
            "name_prefix": null,
            "path": "/",
            "policy": "{\"Statement\":[{\"Action\":[\"route53:ChangeResourceRecordSets\"],\"Effect\":\"Allow\",\"Resource\":\"arn:aws:route53:::hostedzone/*\"},{\"Action\":[\"route53:ListHostedZones\",\"route53:ListResourceRecordSets\"],\"Effect\":\"Allow\",\"Resource\":\"*\"}],\"Version\":\"2012-10-17\"}",
            "policy_id": "ANPAXUYL4UOLM2NUPXASC",
            "tags": null,
            "tags_all": {}
          },
          "sensitive_attributes": [],
          "private": "bnVsbA=="
        }
      ]
    },
    {
      "mode": "managed",
      "type": "aws_iam_role",
      "name": "iam-external-dns",
      "provider": "provider[\"registry.terraform.io/hashicorp/aws\"]",
      "instances": [
        {
          "schema_version": 0,
          "attributes": {
            "arn": "arn:aws:iam::525621568406:role/iam-external-dns",
            "assume_role_policy": "{\"Version\":\"2012-10-17\",\"Statement\":[{\"Sid\":\"\",\"Effect\":\"Allow\",\"Principal\":{\"Service\":\"ec2.amazonaws.com\"},\"Action\":\"sts:AssumeRole\"}]}",
            "create_date": "2022-09-28T01:16:46Z",
            "description": "",
            "force_detach_policies": false,
            "id": "iam-external-dns",
            "inline_policy": [
              {
                "name": "",
                "policy": ""
              }
            ],
            "managed_policy_arns": [],
            "max_session_duration": 3600,
            "name": "iam-external-dns",
            "name_prefix": "",
            "path": "/",
            "permissions_boundary": null,
            "tags": null,
            "tags_all": {},
            "unique_id": "AROAXUYL4UOLJCF5VM3JC"
          },
          "sensitive_attributes": [],
          "private": "bnVsbA=="
        }
      ]
    },
    {
      "mode": "managed",
      "type": "aws_iam_role_policy_attachment",
      "name": "external-dns-attach",
      "provider": "provider[\"registry.terraform.io/hashicorp/aws\"]",
      "instances": [
        {
          "schema_version": 0,
          "attributes": {
            "id": "iam-external-dns-20220928011648205200000005",
            "policy_arn": "arn:aws:iam::525621568406:policy/external-dns-policy",
            "role": "iam-external-dns"
          },
          "sensitive_attributes": [],
          "private": "bnVsbA==",
          "dependencies": [
            "aws_iam_policy.external-dns-policy",
            "aws_iam_role.iam-external-dns"
          ]
        }
      ]
    },
    {
      "module": "module.local-cluster",
      "mode": "data",
      "type": "aws_ami",
      "name": "eks_worker",
      "provider": "provider[\"registry.terraform.io/hashicorp/aws\"]",
      "instances": [
        {
          "index_key": 0,
          "schema_version": 0,
          "attributes": {
            "architecture": "x86_64",
            "arn": "arn:aws:ec2:us-east-2::image/ami-0646830b901d4420b",
            "block_device_mappings": [
              {
                "device_name": "/dev/xvda",
                "ebs": {
                  "delete_on_termination": "true",
                  "encrypted": "false",
                  "iops": "0",
                  "snapshot_id": "snap-0b67e11b308040ab8",
                  "throughput": "0",
                  "volume_size": "20",
                  "volume_type": "gp2"
                },
                "no_device": "",
                "virtual_name": ""
              }
            ],
            "creation_date": "2022-09-14T18:51:59.000Z",
            "description": "EKS Kubernetes Worker AMI with AmazonLinux2 image, (k8s: 1.20.15, docker: 20.10.17-1.amzn2, containerd: 1.6.6-1.amzn2)",
            "ena_support": true,
            "executable_users": null,
            "filter": [
              {
                "name": "name",
                "values": [
                  "amazon-eks-node-1.20-v*"
                ]
              }
            ],
            "hypervisor": "xen",
            "id": "ami-0646830b901d4420b",
            "image_id": "ami-0646830b901d4420b",
            "image_location": "amazon/amazon-eks-node-1.20-v20220914",
            "image_owner_alias": "amazon",
            "image_type": "machine",
            "kernel_id": null,
            "most_recent": true,
            "name": "amazon-eks-node-1.20-v20220914",
            "name_regex": null,
            "owner_id": "602401143452",
            "owners": [
              "amazon"
            ],
            "platform": null,
            "platform_details": "Linux/UNIX",
            "product_codes": [],
            "public": true,
            "ramdisk_id": null,
            "root_device_name": "/dev/xvda",
            "root_device_type": "ebs",
            "root_snapshot_id": "snap-0b67e11b308040ab8",
            "sriov_net_support": "simple",
            "state": "available",
            "state_reason": {
              "code": "UNSET",
              "message": "UNSET"
            },
            "tags": {},
            "usage_operation": "RunInstances",
            "virtualization_type": "hvm"
          },
          "sensitive_attributes": []
        }
      ]
    },
    {
      "module": "module.local-cluster",
      "mode": "data",
      "type": "aws_caller_identity",
      "name": "current",
      "provider": "provider[\"registry.terraform.io/hashicorp/aws\"]",
      "instances": [
        {
          "schema_version": 0,
          "attributes": {
            "account_id": "525621568406",
            "arn": "arn:aws:iam::525621568406:user/admin",
            "id": "525621568406",
            "user_id": "AIDAXUYL4UOLKRLHFTBIL"
          },
          "sensitive_attributes": []
        }
      ]
    },
    {
      "module": "module.local-cluster",
      "mode": "data",
      "type": "aws_iam_policy_document",
      "name": "cluster_assume_role_policy",
      "provider": "provider[\"registry.terraform.io/hashicorp/aws\"]",
      "instances": [
        {
          "schema_version": 0,
          "attributes": {
            "id": "2764486067",
            "json": "{\n  \"Version\": \"2012-10-17\",\n  \"Statement\": [\n    {\n      \"Sid\": \"EKSClusterAssumeRole\",\n      \"Effect\": \"Allow\",\n      \"Action\": \"sts:AssumeRole\",\n      \"Principal\": {\n        \"Service\": \"eks.amazonaws.com\"\n      }\n    }\n  ]\n}",
            "override_json": null,
            "override_policy_documents": null,
            "policy_id": null,
            "source_json": null,
            "source_policy_documents": null,
            "statement": [
              {
                "actions": [
                  "sts:AssumeRole"
                ],
                "condition": [],
                "effect": "Allow",
                "not_actions": [],
                "not_principals": [],
                "not_resources": [],
                "principals": [
                  {
                    "identifiers": [
                      "eks.amazonaws.com"
                    ],
                    "type": "Service"
                  }
                ],
                "resources": [],
                "sid": "EKSClusterAssumeRole"
              }
            ],
            "version": "2012-10-17"
          },
          "sensitive_attributes": []
        }
      ]
    },
    {
      "module": "module.local-cluster",
      "mode": "data",
      "type": "aws_iam_policy_document",
      "name": "cluster_deny_log_group",
      "provider": "provider[\"registry.terraform.io/hashicorp/aws\"]",
      "instances": [
        {
          "index_key": 0,
          "schema_version": 0,
          "attributes": {
            "id": "2675893060",
            "json": "{\n  \"Version\": \"2012-10-17\",\n  \"Statement\": [\n    {\n      \"Sid\": \"\",\n      \"Effect\": \"Deny\",\n      \"Action\": \"logs:CreateLogGroup\",\n      \"Resource\": \"*\"\n    }\n  ]\n}",
            "override_json": null,
            "override_policy_documents": null,
            "policy_id": null,
            "source_json": null,
            "source_policy_documents": null,
            "statement": [
              {
                "actions": [
                  "logs:CreateLogGroup"
                ],
                "condition": [],
                "effect": "Deny",
                "not_actions": [],
                "not_principals": [],
                "not_resources": [],
                "principals": [],
                "resources": [
                  "*"
                ],
                "sid": ""
              }
            ],
            "version": "2012-10-17"
          },
          "sensitive_attributes": []
        }
      ]
    },
    {
      "module": "module.local-cluster",
      "mode": "data",
      "type": "aws_iam_policy_document",
      "name": "cluster_elb_sl_role_creation",
      "provider": "provider[\"registry.terraform.io/hashicorp/aws\"]",
      "instances": [
        {
          "index_key": 0,
          "schema_version": 0,
          "attributes": {
            "id": "3709839417",
            "json": "{\n  \"Version\": \"2012-10-17\",\n  \"Statement\": [\n    {\n      \"Sid\": \"\",\n      \"Effect\": \"Allow\",\n      \"Action\": [\n        \"ec2:DescribeInternetGateways\",\n        \"ec2:DescribeAddresses\",\n        \"ec2:DescribeAccountAttributes\"\n      ],\n      \"Resource\": \"*\"\n    }\n  ]\n}",
            "override_json": null,
            "override_policy_documents": null,
            "policy_id": null,
            "source_json": null,
            "source_policy_documents": null,
            "statement": [
              {
                "actions": [
                  "ec2:DescribeAccountAttributes",
                  "ec2:DescribeAddresses",
                  "ec2:DescribeInternetGateways"
                ],
                "condition": [],
                "effect": "Allow",
                "not_actions": [],
                "not_principals": [],
                "not_resources": [],
                "principals": [],
                "resources": [
                  "*"
                ],
                "sid": ""
              }
            ],
            "version": "2012-10-17"
          },
          "sensitive_attributes": []
        }
      ]
    },
    {
      "module": "module.local-cluster",
      "mode": "data",
      "type": "aws_iam_policy_document",
      "name": "workers_assume_role_policy",
      "provider": "provider[\"registry.terraform.io/hashicorp/aws\"]",
      "instances": [
        {
          "schema_version": 0,
          "attributes": {
            "id": "3778018924",
            "json": "{\n  \"Version\": \"2012-10-17\",\n  \"Statement\": [\n    {\n      \"Sid\": \"EKSWorkerAssumeRole\",\n      \"Effect\": \"Allow\",\n      \"Action\": \"sts:AssumeRole\",\n      \"Principal\": {\n        \"Service\": \"ec2.amazonaws.com\"\n      }\n    }\n  ]\n}",
            "override_json": null,
            "override_policy_documents": null,
            "policy_id": null,
            "source_json": null,
            "source_policy_documents": null,
            "statement": [
              {
                "actions": [
                  "sts:AssumeRole"
                ],
                "condition": [],
                "effect": "Allow",
                "not_actions": [],
                "not_principals": [],
                "not_resources": [],
                "principals": [
                  {
                    "identifiers": [
                      "ec2.amazonaws.com"
                    ],
                    "type": "Service"
                  }
                ],
                "resources": [],
                "sid": "EKSWorkerAssumeRole"
              }
            ],
            "version": "2012-10-17"
          },
          "sensitive_attributes": []
        }
      ]
    },
    {
      "module": "module.local-cluster",
      "mode": "data",
      "type": "aws_partition",
      "name": "current",
      "provider": "provider[\"registry.terraform.io/hashicorp/aws\"]",
      "instances": [
        {
          "schema_version": 0,
          "attributes": {
            "dns_suffix": "amazonaws.com",
            "id": "aws",
            "partition": "aws",
            "reverse_dns_prefix": "com.amazonaws"
          },
          "sensitive_attributes": []
        }
      ]
    },
    {
      "module": "module.local-cluster",
      "mode": "data",
      "type": "http",
      "name": "wait_for_cluster",
      "provider": "provider[\"registry.terraform.io/terraform-aws-modules/http\"]",
      "instances": [
        {
          "index_key": 0,
          "schema_version": 0,
          "attributes": {
            "body": "ok",
            "ca_certificate": "-----BEGIN CERTIFICATE-----\nMIIC5zCCAc+gAwIBAgIBADANBgkqhkiG9w0BAQsFADAVMRMwEQYDVQQDEwprdWJl\ncm5ldGVzMB4XDTIyMDkyODAxMjE1MFoXDTMyMDkyNTAxMjE1MFowFTETMBEGA1UE\nAxMKa3ViZXJuZXRlczCCASIwDQYJKoZIhvcNAQEBBQADggEPADCCAQoCggEBALHz\n9ROJ+8LIQRPyrjG/NlMPGB1OWpzj3IzCU8AM3yk5iiuGL2g5iIXQyukfWHeHeASF\nRYRt111aWKu3BvqIXd6GOytVmilMAopRTwndmNIMxEzYoZXJMCaUNPSWrnbzWzeN\nyWLtVcVFSLT2U2hRCt2NOnTlNLrIR/LJmupD1XqyLu9bWVkHsXazPcSOQkjj4wKQ\n0x/7Umby1TJFozglPE9r9ES2Gk8u3Ji1006PRPdb8RfbQrmA1fI5KwpbqepZXdIN\nJEgj2ng3Wtdu6x3bWu1uM/DuKJ9hTt5hfSplCpBoNt9K4RDKhg2f38NIQ756UxYK\n/mK9NtVc3cUrIUOuj5MCAwEAAaNCMEAwDgYDVR0PAQH/BAQDAgKkMA8GA1UdEwEB\n/wQFMAMBAf8wHQYDVR0OBBYEFEZ7ZEaxUcGD884hWPZvQ+oAk73AMA0GCSqGSIb3\nDQEBCwUAA4IBAQCWegzLNlOeFWL6veWiw7GTUKahNmRxbBOXAeOs/HMyy3pj3TTD\nPpjNM6gnL1NBxhPufeoO38q13QQDDdjGtWg4OJQm03rEohIKbcQlfIC9dRBMWShi\n2L4VfxqsQPUb/Q5qMICCNX1tip4xci72yC+MUFQLYM+VyvfJkgpx49dqzKBFb156\nzFzmDlinNk9KOoM30Y/R1tQPSA+uX/WAWQqGTuuV0FTrJdvsMXDN+ga5+MajYh04\nI+QgWtHj0QkDorAJmO72QryP0+HZiTm8/Fy8LHDSF0Fo0MLdp/BR2og/AyHDAvQ3\nEfNU6VBliCHGIsYAKfJdqDFdYrUulKVeEczA\n-----END CERTIFICATE-----\n",
            "id": "https://1378A7B9605045AB91FD7B9C66CF2FB1.yl4.us-east-2.eks.amazonaws.com/healthz",
            "insecure": false,
            "request_headers": null,
            "response_headers": {
              "Cache-Control": "no-cache, private",
              "Content-Length": "2",
              "Content-Type": "text/plain; charset=utf-8",
              "Date": "Wed, 28 Sep 2022 01:25:17 GMT",
              "X-Content-Type-Options": "nosniff",
              "X-Kubernetes-Pf-Flowschema-Uid": "4e22f91e-0071-4d26-af58-fa2c3476caf4",
              "X-Kubernetes-Pf-Prioritylevel-Uid": "2a7135fe-fccf-46a5-a584-c8cb37dce1ca"
            },
            "timeout": 300,
            "url": "https://1378A7B9605045AB91FD7B9C66CF2FB1.yl4.us-east-2.eks.amazonaws.com/healthz"
          },
          "sensitive_attributes": []
        }
      ]
    },
    {
      "module": "module.local-cluster",
      "mode": "managed",
      "type": "aws_autoscaling_group",
      "name": "workers",
      "provider": "provider[\"registry.terraform.io/hashicorp/aws\"]",
      "instances": [
        {
          "index_key": 0,
          "schema_version": 0,
          "attributes": {
            "arn": "arn:aws:autoscaling:us-east-2:525621568406:autoScalingGroup:a29f8be9-8613-4688-908e-0c62b710c9a2:autoScalingGroupName/wyze-020220928012529423100000014",
            "availability_zones": [
              "us-east-2a",
              "us-east-2b",
              "us-east-2c"
            ],
            "capacity_rebalance": false,
            "default_cooldown": 300,
            "desired_capacity": 1,
            "enabled_metrics": null,
            "force_delete": false,
            "force_delete_warm_pool": false,
            "health_check_grace_period": 300,
            "health_check_type": "EC2",
            "id": "wyze-020220928012529423100000014",
            "initial_lifecycle_hook": [],
            "instance_refresh": [],
            "launch_configuration": "wyze-020220928012519363200000013",
            "launch_template": [],
            "load_balancers": null,
            "max_instance_lifetime": 0,
            "max_size": 5,
            "metrics_granularity": "1Minute",
            "min_elb_capacity": null,
            "min_size": 1,
            "mixed_instances_policy": [],
            "name": "wyze-020220928012529423100000014",
            "name_prefix": "wyze-0",
            "placement_group": "",
            "protect_from_scale_in": false,
            "service_linked_role_arn": "arn:aws:iam::525621568406:role/aws-service-role/autoscaling.amazonaws.com/AWSServiceRoleForAutoScaling",
            "suspended_processes": [
              "AZRebalance"
            ],
            "tag": [
              {
                "key": "Name",
                "propagate_at_launch": true,
                "value": "wyze-0-eks_asg"
              },
              {
                "key": "k8s.io/cluster/wyze",
                "propagate_at_launch": true,
                "value": "owned"
              },
              {
                "key": "kubernetes.io/cluster/wyze",
                "propagate_at_launch": true,
                "value": "owned"
              }
            ],
            "tags": null,
            "target_group_arns": null,
            "termination_policies": [],
            "timeouts": null,
            "vpc_zone_identifier": [
              "subnet-085eda479b8f8e7d1",
              "subnet-0a4e7e92482a9b249",
              "subnet-0f098cf9b2d28bc6f"
            ],
            "wait_for_capacity_timeout": "10m",
            "wait_for_elb_capacity": null,
            "warm_pool": []
          },
          "sensitive_attributes": [],
          "private": "eyJlMmJmYjczMC1lY2FhLTExZTYtOGY4OC0zNDM2M2JjN2M0YzAiOnsiZGVsZXRlIjo2MDAwMDAwMDAwMDB9fQ==",
          "dependencies": [
            "module.local-cluster.aws_cloudwatch_log_group.this",
            "module.local-cluster.aws_eks_cluster.this",
            "module.local-cluster.aws_iam_instance_profile.workers",
            "module.local-cluster.aws_iam_role.cluster",
            "module.local-cluster.aws_iam_role.workers",
            "module.local-cluster.aws_iam_role_policy_attachment.cluster_AmazonEKSClusterPolicy",
            "module.local-cluster.aws_iam_role_policy_attachment.cluster_AmazonEKSServicePolicy",
            "module.local-cluster.aws_iam_role_policy_attachment.cluster_AmazonEKSVPCResourceControllerPolicy",
            "module.local-cluster.aws_iam_role_policy_attachment.workers_AmazonEC2ContainerRegistryReadOnly",
            "module.local-cluster.aws_iam_role_policy_attachment.workers_AmazonEKSWorkerNodePolicy",
            "module.local-cluster.aws_iam_role_policy_attachment.workers_AmazonEKS_CNI_Policy",
            "module.local-cluster.aws_iam_role_policy_attachment.workers_additional_policies",
            "module.local-cluster.aws_launch_configuration.workers",
            "module.local-cluster.aws_security_group.cluster",
            "module.local-cluster.aws_security_group.workers",
            "module.local-cluster.aws_security_group_rule.cluster_egress_internet",
            "module.local-cluster.aws_security_group_rule.cluster_https_worker_ingress",
            "module.local-cluster.aws_security_group_rule.cluster_primary_ingress_workers",
            "module.local-cluster.aws_security_group_rule.workers_egress_internet",
            "module.local-cluster.aws_security_group_rule.workers_ingress_cluster",
            "module.local-cluster.aws_security_group_rule.workers_ingress_cluster_https",
            "module.local-cluster.aws_security_group_rule.workers_ingress_cluster_kubelet",
            "module.local-cluster.aws_security_group_rule.workers_ingress_cluster_primary",
            "module.local-cluster.aws_security_group_rule.workers_ingress_self",
            "module.local-cluster.data.aws_ami.eks_worker",
            "module.local-cluster.data.aws_ami.eks_worker_windows",
            "module.local-cluster.data.aws_iam_instance_profile.custom_worker_group_iam_instance_profile",
            "module.local-cluster.data.aws_iam_policy_document.cluster_assume_role_policy",
            "module.local-cluster.data.aws_iam_policy_document.workers_assume_role_policy",
            "module.local-cluster.data.aws_iam_role.custom_cluster_iam_role",
            "module.local-cluster.data.aws_partition.current",
            "module.vpc.aws_subnet.private",
            "module.vpc.aws_vpc.this",
            "module.vpc.aws_vpc_ipv4_cidr_block_association.this"
          ],
          "create_before_destroy": true
        }
      ]
    },
    {
      "module": "module.local-cluster",
      "mode": "managed",
      "type": "aws_eks_cluster",
      "name": "this",
      "provider": "provider[\"registry.terraform.io/hashicorp/aws\"]",
      "instances": [
        {
          "index_key": 0,
          "schema_version": 0,
          "attributes": {
            "arn": "arn:aws:eks:us-east-2:525621568406:cluster/wyze",
            "certificate_authority": [
              {
                "data": "LS0tLS1CRUdJTiBDRVJUSUZJQ0FURS0tLS0tCk1JSUM1ekNDQWMrZ0F3SUJBZ0lCQURBTkJna3Foa2lHOXcwQkFRc0ZBREFWTVJNd0VRWURWUVFERXdwcmRXSmwKY201bGRHVnpNQjRYRFRJeU1Ea3lPREF4TWpFMU1Gb1hEVE15TURreU5UQXhNakUxTUZvd0ZURVRNQkVHQTFVRQpBeE1LYTNWaVpYSnVaWFJsY3pDQ0FTSXdEUVlKS29aSWh2Y05BUUVCQlFBRGdnRVBBRENDQVFvQ2dnRUJBTEh6CjlST0orOExJUVJQeXJqRy9ObE1QR0IxT1dwemozSXpDVThBTTN5azVpaXVHTDJnNWlJWFF5dWtmV0hlSGVBU0YKUllSdDExMWFXS3UzQnZxSVhkNkdPeXRWbWlsTUFvcFJUd25kbU5JTXhFellvWlhKTUNhVU5QU1dybmJ6V3plTgp5V0x0VmNWRlNMVDJVMmhSQ3QyTk9uVGxOTHJJUi9MSm11cEQxWHF5THU5YldWa0hzWGF6UGNTT1Framo0d0tRCjB4LzdVbWJ5MVRKRm96Z2xQRTlyOUVTMkdrOHUzSmkxMDA2UFJQZGI4UmZiUXJtQTFmSTVLd3BicWVwWlhkSU4KSkVnajJuZzNXdGR1NngzYld1MXVNL0R1S0o5aFR0NWhmU3BsQ3BCb050OUs0UkRLaGcyZjM4TklRNzU2VXhZSwovbUs5TnRWYzNjVXJJVU91ajVNQ0F3RUFBYU5DTUVBd0RnWURWUjBQQVFIL0JBUURBZ0trTUE4R0ExVWRFd0VCCi93UUZNQU1CQWY4d0hRWURWUjBPQkJZRUZFWjdaRWF4VWNHRDg4NGhXUFp2UStvQWs3M0FNQTBHQ1NxR1NJYjMKRFFFQkN3VUFBNElCQVFDV2VnekxObE9lRldMNnZlV2l3N0dUVUthaE5tUnhiQk9YQWVPcy9ITXl5M3BqM1RURApQcGpOTTZnbkwxTkJ4aFB1ZmVvTzM4cTEzUVFERGRqR3RXZzRPSlFtMDNyRW9oSUtiY1FsZklDOWRSQk1XU2hpCjJMNFZmeHFzUVBVYi9RNXFNSUNDTlgxdGlwNHhjaTcyeUMrTVVGUUxZTStWeXZmSmtncHg0OWRxektCRmIxNTYKekZ6bURsaW5OazlLT29NMzBZL1IxdFFQU0ErdVgvV0FXUXFHVHV1VjBGVHJKZHZzTVhETitnYTUrTWFqWWgwNApJK1FnV3RIajBRa0RvckFKbU83MlFyeVAwK0haaVRtOC9GeThMSERTRjBGbzBNTGRwL0JSMm9nL0F5SERBdlEzCkVmTlU2VkJsaUNIR0lzWUFLZkpkcURGZFlyVXVsS1ZlRWN6QQotLS0tLUVORCBDRVJUSUZJQ0FURS0tLS0tCg=="
              }
            ],
            "created_at": "2022-09-28 01:16:56.964 +0000 UTC",
            "enabled_cluster_log_types": null,
            "encryption_config": [],
            "endpoint": "https://1378A7B9605045AB91FD7B9C66CF2FB1.yl4.us-east-2.eks.amazonaws.com",
            "id": "wyze",
            "identity": [
              {
                "oidc": [
                  {
                    "issuer": "https://oidc.eks.us-east-2.amazonaws.com/id/1378A7B9605045AB91FD7B9C66CF2FB1"
                  }
                ]
              }
            ],
            "kubernetes_network_config": [
              {
                "ip_family": "ipv4",
                "service_ipv4_cidr": "172.20.0.0/16"
              }
            ],
            "name": "wyze",
            "platform_version": "eks.9",
            "role_arn": "arn:aws:iam::525621568406:role/wyze20220928011646579600000002",
            "status": "ACTIVE",
            "tags": null,
            "tags_all": {},
            "timeouts": {
              "create": "30m",
              "delete": "15m",
              "update": "60m"
            },
            "version": "1.20",
            "vpc_config": [
              {
                "cluster_security_group_id": "sg-015350130b1ff07a6",
                "endpoint_private_access": false,
                "endpoint_public_access": true,
                "public_access_cidrs": [
                  "0.0.0.0/0"
                ],
                "security_group_ids": [
                  "sg-076bff0f0b5710861"
                ],
                "subnet_ids": [
                  "subnet-085eda479b8f8e7d1",
                  "subnet-0a4e7e92482a9b249",
                  "subnet-0f098cf9b2d28bc6f"
                ],
                "vpc_id": "vpc-00634f39dda251a76"
              }
            ]
          },
          "sensitive_attributes": [],
          "private": "eyJlMmJmYjczMC1lY2FhLTExZTYtOGY4OC0zNDM2M2JjN2M0YzAiOnsiY3JlYXRlIjoxODAwMDAwMDAwMDAwLCJkZWxldGUiOjkwMDAwMDAwMDAwMCwidXBkYXRlIjozNjAwMDAwMDAwMDAwfX0=",
          "dependencies": [
            "module.local-cluster.aws_cloudwatch_log_group.this",
            "module.local-cluster.aws_iam_role.cluster",
            "module.local-cluster.aws_iam_role_policy_attachment.cluster_AmazonEKSClusterPolicy",
            "module.local-cluster.aws_iam_role_policy_attachment.cluster_AmazonEKSServicePolicy",
            "module.local-cluster.aws_iam_role_policy_attachment.cluster_AmazonEKSVPCResourceControllerPolicy",
            "module.local-cluster.aws_security_group.cluster",
            "module.local-cluster.aws_security_group.workers",
            "module.local-cluster.aws_security_group_rule.cluster_egress_internet",
            "module.local-cluster.aws_security_group_rule.cluster_https_worker_ingress",
            "module.local-cluster.data.aws_iam_policy_document.cluster_assume_role_policy",
            "module.local-cluster.data.aws_iam_role.custom_cluster_iam_role",
            "module.local-cluster.data.aws_partition.current",
            "module.vpc.aws_subnet.private",
            "module.vpc.aws_vpc.this",
            "module.vpc.aws_vpc_ipv4_cidr_block_association.this"
          ],
          "create_before_destroy": true
        }
      ]
    },
    {
      "module": "module.local-cluster",
      "mode": "managed",
      "type": "aws_iam_instance_profile",
      "name": "workers",
      "provider": "provider[\"registry.terraform.io/hashicorp/aws\"]",
      "instances": [
        {
          "index_key": 0,
          "schema_version": 0,
          "attributes": {
            "arn": "arn:aws:iam::525621568406:instance-profile/wyze2022092801251864790000000f",
            "create_date": "2022-09-28T01:25:18Z",
            "id": "wyze2022092801251864790000000f",
            "name": "wyze2022092801251864790000000f",
            "name_prefix": "wyze",
            "path": "/",
            "role": "wyze2022092801251736540000000e",
            "tags": null,
            "tags_all": {},
            "unique_id": "AIPAXUYL4UOLEK56NQYMI"
          },
          "sensitive_attributes": [],
          "private": "bnVsbA==",
          "dependencies": [
            "module.local-cluster.aws_cloudwatch_log_group.this",
            "module.local-cluster.aws_eks_cluster.this",
            "module.local-cluster.aws_iam_role.cluster",
            "module.local-cluster.aws_iam_role.workers",
            "module.local-cluster.aws_iam_role_policy_attachment.cluster_AmazonEKSClusterPolicy",
            "module.local-cluster.aws_iam_role_policy_attachment.cluster_AmazonEKSServicePolicy",
            "module.local-cluster.aws_iam_role_policy_attachment.cluster_AmazonEKSVPCResourceControllerPolicy",
            "module.local-cluster.aws_security_group.cluster",
            "module.local-cluster.aws_security_group.workers",
            "module.local-cluster.aws_security_group_rule.cluster_egress_internet",
            "module.local-cluster.aws_security_group_rule.cluster_https_worker_ingress",
            "module.local-cluster.data.aws_iam_policy_document.cluster_assume_role_policy",
            "module.local-cluster.data.aws_iam_policy_document.workers_assume_role_policy",
            "module.local-cluster.data.aws_iam_role.custom_cluster_iam_role",
            "module.local-cluster.data.aws_partition.current",
            "module.vpc.aws_subnet.private",
            "module.vpc.aws_vpc.this",
            "module.vpc.aws_vpc_ipv4_cidr_block_association.this"
          ],
          "create_before_destroy": true
        }
      ]
    },
    {
      "module": "module.local-cluster",
      "mode": "managed",
      "type": "aws_iam_policy",
      "name": "cluster_deny_log_group",
      "provider": "provider[\"registry.terraform.io/hashicorp/aws\"]",
      "instances": [
        {
          "index_key": 0,
          "schema_version": 0,
          "attributes": {
            "arn": "arn:aws:iam::525621568406:policy/wyze-deny-log-group20220928011647392800000003",
            "description": "Deny CreateLogGroup",
            "id": "arn:aws:iam::525621568406:policy/wyze-deny-log-group20220928011647392800000003",
            "name": "wyze-deny-log-group20220928011647392800000003",
            "name_prefix": "wyze-deny-log-group",
            "path": "/",
            "policy": "{\"Statement\":[{\"Action\":\"logs:CreateLogGroup\",\"Effect\":\"Deny\",\"Resource\":\"*\",\"Sid\":\"\"}],\"Version\":\"2012-10-17\"}",
            "policy_id": "ANPAXUYL4UOLCUVI34TZX",
            "tags": null,
            "tags_all": {}
          },
          "sensitive_attributes": [],
          "private": "bnVsbA==",
          "dependencies": [
            "module.local-cluster.data.aws_iam_policy_document.cluster_deny_log_group"
          ]
        }
      ]
    },
    {
      "module": "module.local-cluster",
      "mode": "managed",
      "type": "aws_iam_policy",
      "name": "cluster_elb_sl_role_creation",
      "provider": "provider[\"registry.terraform.io/hashicorp/aws\"]",
      "instances": [
        {
          "index_key": 0,
          "schema_version": 0,
          "attributes": {
            "arn": "arn:aws:iam::525621568406:policy/wyze-elb-sl-role-creation20220928011646579400000001",
            "description": "Permissions for EKS to create AWSServiceRoleForElasticLoadBalancing service-linked role",
            "id": "arn:aws:iam::525621568406:policy/wyze-elb-sl-role-creation20220928011646579400000001",
            "name": "wyze-elb-sl-role-creation20220928011646579400000001",
            "name_prefix": "wyze-elb-sl-role-creation",
            "path": "/",
            "policy": "{\"Statement\":[{\"Action\":[\"ec2:DescribeInternetGateways\",\"ec2:DescribeAddresses\",\"ec2:DescribeAccountAttributes\"],\"Effect\":\"Allow\",\"Resource\":\"*\",\"Sid\":\"\"}],\"Version\":\"2012-10-17\"}",
            "policy_id": "ANPAXUYL4UOLKU4DB36K7",
            "tags": null,
            "tags_all": {}
          },
          "sensitive_attributes": [],
          "private": "bnVsbA==",
          "dependencies": [
            "module.local-cluster.data.aws_iam_policy_document.cluster_elb_sl_role_creation"
          ]
        }
      ]
    },
    {
      "module": "module.local-cluster",
      "mode": "managed",
      "type": "aws_iam_role",
      "name": "cluster",
      "provider": "provider[\"registry.terraform.io/hashicorp/aws\"]",
      "instances": [
        {
          "index_key": 0,
          "schema_version": 0,
          "attributes": {
            "arn": "arn:aws:iam::525621568406:role/wyze20220928011646579600000002",
            "assume_role_policy": "{\"Version\":\"2012-10-17\",\"Statement\":[{\"Sid\":\"EKSClusterAssumeRole\",\"Effect\":\"Allow\",\"Principal\":{\"Service\":\"eks.amazonaws.com\"},\"Action\":\"sts:AssumeRole\"}]}",
            "create_date": "2022-09-28T01:16:46Z",
            "description": "",
            "force_detach_policies": true,
            "id": "wyze20220928011646579600000002",
            "inline_policy": [
              {
                "name": "",
                "policy": ""
              }
            ],
            "managed_policy_arns": [],
            "max_session_duration": 3600,
            "name": "wyze20220928011646579600000002",
            "name_prefix": "wyze",
            "path": "/",
            "permissions_boundary": null,
            "tags": null,
            "tags_all": {},
            "unique_id": "AROAXUYL4UOLD3DEGF5MY"
          },
          "sensitive_attributes": [],
          "private": "bnVsbA==",
          "dependencies": [
            "module.local-cluster.data.aws_iam_policy_document.cluster_assume_role_policy"
          ],
          "create_before_destroy": true
        }
      ]
    },
    {
      "module": "module.local-cluster",
      "mode": "managed",
      "type": "aws_iam_role",
      "name": "workers",
      "provider": "provider[\"registry.terraform.io/hashicorp/aws\"]",
      "instances": [
        {
          "index_key": 0,
          "schema_version": 0,
          "attributes": {
            "arn": "arn:aws:iam::525621568406:role/wyze2022092801251736540000000e",
            "assume_role_policy": "{\"Version\":\"2012-10-17\",\"Statement\":[{\"Sid\":\"EKSWorkerAssumeRole\",\"Effect\":\"Allow\",\"Principal\":{\"Service\":\"ec2.amazonaws.com\"},\"Action\":\"sts:AssumeRole\"}]}",
            "create_date": "2022-09-28T01:25:17Z",
            "description": "",
            "force_detach_policies": true,
            "id": "wyze2022092801251736540000000e",
            "inline_policy": [
              {
                "name": "",
                "policy": ""
              }
            ],
            "managed_policy_arns": [],
            "max_session_duration": 3600,
            "name": "wyze2022092801251736540000000e",
            "name_prefix": "wyze",
            "path": "/",
            "permissions_boundary": null,
            "tags": null,
            "tags_all": {},
            "unique_id": "AROAXUYL4UOLG32RAIZAZ"
          },
          "sensitive_attributes": [],
          "private": "bnVsbA==",
          "dependencies": [
            "module.local-cluster.aws_cloudwatch_log_group.this",
            "module.local-cluster.aws_eks_cluster.this",
            "module.local-cluster.aws_iam_role.cluster",
            "module.local-cluster.aws_iam_role_policy_attachment.cluster_AmazonEKSClusterPolicy",
            "module.local-cluster.aws_iam_role_policy_attachment.cluster_AmazonEKSServicePolicy",
            "module.local-cluster.aws_iam_role_policy_attachment.cluster_AmazonEKSVPCResourceControllerPolicy",
            "module.local-cluster.aws_security_group.cluster",
            "module.local-cluster.aws_security_group.workers",
            "module.local-cluster.aws_security_group_rule.cluster_egress_internet",
            "module.local-cluster.aws_security_group_rule.cluster_https_worker_ingress",
            "module.local-cluster.data.aws_iam_policy_document.cluster_assume_role_policy",
            "module.local-cluster.data.aws_iam_policy_document.workers_assume_role_policy",
            "module.local-cluster.data.aws_iam_role.custom_cluster_iam_role",
            "module.local-cluster.data.aws_partition.current",
            "module.vpc.aws_subnet.private",
            "module.vpc.aws_vpc.this",
            "module.vpc.aws_vpc_ipv4_cidr_block_association.this"
          ],
          "create_before_destroy": true
        }
      ]
    },
    {
      "module": "module.local-cluster",
      "mode": "managed",
      "type": "aws_iam_role_policy_attachment",
      "name": "cluster_AmazonEKSClusterPolicy",
      "provider": "provider[\"registry.terraform.io/hashicorp/aws\"]",
      "instances": [
        {
          "index_key": 0,
          "schema_version": 0,
          "attributes": {
            "id": "wyze20220928011646579600000002-20220928011648362900000006",
            "policy_arn": "arn:aws:iam::aws:policy/AmazonEKSClusterPolicy",
            "role": "wyze20220928011646579600000002"
          },
          "sensitive_attributes": [],
          "private": "bnVsbA==",
          "dependencies": [
            "module.local-cluster.aws_iam_role.cluster",
            "module.local-cluster.data.aws_iam_policy_document.cluster_assume_role_policy",
            "module.local-cluster.data.aws_partition.current"
          ],
          "create_before_destroy": true
        }
      ]
    },
    {
      "module": "module.local-cluster",
      "mode": "managed",
      "type": "aws_iam_role_policy_attachment",
      "name": "cluster_AmazonEKSServicePolicy",
      "provider": "provider[\"registry.terraform.io/hashicorp/aws\"]",
      "instances": [
        {
          "index_key": 0,
          "schema_version": 0,
          "attributes": {
            "id": "wyze20220928011646579600000002-20220928011648383900000009",
            "policy_arn": "arn:aws:iam::aws:policy/AmazonEKSServicePolicy",
            "role": "wyze20220928011646579600000002"
          },
          "sensitive_attributes": [],
          "private": "bnVsbA==",
          "dependencies": [
            "module.local-cluster.aws_iam_role.cluster",
            "module.local-cluster.data.aws_iam_policy_document.cluster_assume_role_policy",
            "module.local-cluster.data.aws_partition.current"
          ],
          "create_before_destroy": true
        }
      ]
    },
    {
      "module": "module.local-cluster",
      "mode": "managed",
      "type": "aws_iam_role_policy_attachment",
      "name": "cluster_AmazonEKSVPCResourceControllerPolicy",
      "provider": "provider[\"registry.terraform.io/hashicorp/aws\"]",
      "instances": [
        {
          "index_key": 0,
          "schema_version": 0,
          "attributes": {
            "id": "wyze20220928011646579600000002-20220928011648383300000007",
            "policy_arn": "arn:aws:iam::aws:policy/AmazonEKSVPCResourceController",
            "role": "wyze20220928011646579600000002"
          },
          "sensitive_attributes": [],
          "private": "bnVsbA==",
          "dependencies": [
            "module.local-cluster.aws_iam_role.cluster",
            "module.local-cluster.data.aws_iam_policy_document.cluster_assume_role_policy",
            "module.local-cluster.data.aws_partition.current"
          ],
          "create_before_destroy": true
        }
      ]
    },
    {
      "module": "module.local-cluster",
      "mode": "managed",
      "type": "aws_iam_role_policy_attachment",
      "name": "cluster_deny_log_group",
      "provider": "provider[\"registry.terraform.io/hashicorp/aws\"]",
      "instances": [
        {
          "index_key": 0,
          "schema_version": 0,
          "attributes": {
            "id": "wyze20220928011646579600000002-2022092801164840740000000a",
            "policy_arn": "arn:aws:iam::525621568406:policy/wyze-deny-log-group20220928011647392800000003",
            "role": "wyze20220928011646579600000002"
          },
          "sensitive_attributes": [],
          "private": "bnVsbA==",
          "dependencies": [
            "module.local-cluster.aws_iam_policy.cluster_deny_log_group",
            "module.local-cluster.aws_iam_role.cluster",
            "module.local-cluster.data.aws_iam_policy_document.cluster_assume_role_policy",
            "module.local-cluster.data.aws_iam_policy_document.cluster_deny_log_group"
          ]
        }
      ]
    },
    {
      "module": "module.local-cluster",
      "mode": "managed",
      "type": "aws_iam_role_policy_attachment",
      "name": "cluster_elb_sl_role_creation",
      "provider": "provider[\"registry.terraform.io/hashicorp/aws\"]",
      "instances": [
        {
          "index_key": 0,
          "schema_version": 0,
          "attributes": {
            "id": "wyze20220928011646579600000002-20220928011648383400000008",
            "policy_arn": "arn:aws:iam::525621568406:policy/wyze-elb-sl-role-creation20220928011646579400000001",
            "role": "wyze20220928011646579600000002"
          },
          "sensitive_attributes": [],
          "private": "bnVsbA==",
          "dependencies": [
            "module.local-cluster.aws_iam_policy.cluster_elb_sl_role_creation",
            "module.local-cluster.aws_iam_role.cluster",
            "module.local-cluster.data.aws_iam_policy_document.cluster_assume_role_policy",
            "module.local-cluster.data.aws_iam_policy_document.cluster_elb_sl_role_creation"
          ]
        }
      ]
    },
    {
      "module": "module.local-cluster",
      "mode": "managed",
      "type": "aws_iam_role_policy_attachment",
      "name": "workers_AmazonEC2ContainerRegistryReadOnly",
      "provider": "provider[\"registry.terraform.io/hashicorp/aws\"]",
      "instances": [
        {
          "index_key": 0,
          "schema_version": 0,
          "attributes": {
            "id": "wyze2022092801251736540000000e-20220928012518940700000012",
            "policy_arn": "arn:aws:iam::aws:policy/AmazonEC2ContainerRegistryReadOnly",
            "role": "wyze2022092801251736540000000e"
          },
          "sensitive_attributes": [],
          "private": "bnVsbA==",
          "dependencies": [
            "module.local-cluster.aws_cloudwatch_log_group.this",
            "module.local-cluster.aws_eks_cluster.this",
            "module.local-cluster.aws_iam_role.cluster",
            "module.local-cluster.aws_iam_role.workers",
            "module.local-cluster.aws_iam_role_policy_attachment.cluster_AmazonEKSClusterPolicy",
            "module.local-cluster.aws_iam_role_policy_attachment.cluster_AmazonEKSServicePolicy",
            "module.local-cluster.aws_iam_role_policy_attachment.cluster_AmazonEKSVPCResourceControllerPolicy",
            "module.local-cluster.aws_security_group.cluster",
            "module.local-cluster.aws_security_group.workers",
            "module.local-cluster.aws_security_group_rule.cluster_egress_internet",
            "module.local-cluster.aws_security_group_rule.cluster_https_worker_ingress",
            "module.local-cluster.data.aws_iam_policy_document.cluster_assume_role_policy",
            "module.local-cluster.data.aws_iam_policy_document.workers_assume_role_policy",
            "module.local-cluster.data.aws_iam_role.custom_cluster_iam_role",
            "module.local-cluster.data.aws_partition.current",
            "module.vpc.aws_subnet.private",
            "module.vpc.aws_vpc.this",
            "module.vpc.aws_vpc_ipv4_cidr_block_association.this"
          ],
          "create_before_destroy": true
        }
      ]
    },
    {
      "module": "module.local-cluster",
      "mode": "managed",
      "type": "aws_iam_role_policy_attachment",
      "name": "workers_AmazonEKSWorkerNodePolicy",
      "provider": "provider[\"registry.terraform.io/hashicorp/aws\"]",
      "instances": [
        {
          "index_key": 0,
          "schema_version": 0,
          "attributes": {
            "id": "wyze2022092801251736540000000e-20220928012518929600000010",
            "policy_arn": "arn:aws:iam::aws:policy/AmazonEKSWorkerNodePolicy",
            "role": "wyze2022092801251736540000000e"
          },
          "sensitive_attributes": [],
          "private": "bnVsbA==",
          "dependencies": [
            "module.local-cluster.aws_cloudwatch_log_group.this",
            "module.local-cluster.aws_eks_cluster.this",
            "module.local-cluster.aws_iam_role.cluster",
            "module.local-cluster.aws_iam_role.workers",
            "module.local-cluster.aws_iam_role_policy_attachment.cluster_AmazonEKSClusterPolicy",
            "module.local-cluster.aws_iam_role_policy_attachment.cluster_AmazonEKSServicePolicy",
            "module.local-cluster.aws_iam_role_policy_attachment.cluster_AmazonEKSVPCResourceControllerPolicy",
            "module.local-cluster.aws_security_group.cluster",
            "module.local-cluster.aws_security_group.workers",
            "module.local-cluster.aws_security_group_rule.cluster_egress_internet",
            "module.local-cluster.aws_security_group_rule.cluster_https_worker_ingress",
            "module.local-cluster.data.aws_iam_policy_document.cluster_assume_role_policy",
            "module.local-cluster.data.aws_iam_policy_document.workers_assume_role_policy",
            "module.local-cluster.data.aws_iam_role.custom_cluster_iam_role",
            "module.local-cluster.data.aws_partition.current",
            "module.vpc.aws_subnet.private",
            "module.vpc.aws_vpc.this",
            "module.vpc.aws_vpc_ipv4_cidr_block_association.this"
          ],
          "create_before_destroy": true
        }
      ]
    },
    {
      "module": "module.local-cluster",
      "mode": "managed",
      "type": "aws_iam_role_policy_attachment",
      "name": "workers_AmazonEKS_CNI_Policy",
      "provider": "provider[\"registry.terraform.io/hashicorp/aws\"]",
      "instances": [
        {
          "index_key": 0,
          "schema_version": 0,
          "attributes": {
            "id": "wyze2022092801251736540000000e-20220928012518935100000011",
            "policy_arn": "arn:aws:iam::aws:policy/AmazonEKS_CNI_Policy",
            "role": "wyze2022092801251736540000000e"
          },
          "sensitive_attributes": [],
          "private": "bnVsbA==",
          "dependencies": [
            "module.local-cluster.aws_cloudwatch_log_group.this",
            "module.local-cluster.aws_eks_cluster.this",
            "module.local-cluster.aws_iam_role.cluster",
            "module.local-cluster.aws_iam_role.workers",
            "module.local-cluster.aws_iam_role_policy_attachment.cluster_AmazonEKSClusterPolicy",
            "module.local-cluster.aws_iam_role_policy_attachment.cluster_AmazonEKSServicePolicy",
            "module.local-cluster.aws_iam_role_policy_attachment.cluster_AmazonEKSVPCResourceControllerPolicy",
            "module.local-cluster.aws_security_group.cluster",
            "module.local-cluster.aws_security_group.workers",
            "module.local-cluster.aws_security_group_rule.cluster_egress_internet",
            "module.local-cluster.aws_security_group_rule.cluster_https_worker_ingress",
            "module.local-cluster.data.aws_iam_policy_document.cluster_assume_role_policy",
            "module.local-cluster.data.aws_iam_policy_document.workers_assume_role_policy",
            "module.local-cluster.data.aws_iam_role.custom_cluster_iam_role",
            "module.local-cluster.data.aws_partition.current",
            "module.vpc.aws_subnet.private",
            "module.vpc.aws_vpc.this",
            "module.vpc.aws_vpc_ipv4_cidr_block_association.this"
          ],
          "create_before_destroy": true
        }
      ]
    },
    {
      "module": "module.local-cluster",
      "mode": "managed",
      "type": "aws_launch_configuration",
      "name": "workers",
      "provider": "provider[\"registry.terraform.io/hashicorp/aws\"]",
      "instances": [
        {
          "index_key": 0,
          "schema_version": 0,
          "attributes": {
            "arn": "arn:aws:autoscaling:us-east-2:525621568406:launchConfiguration:bb0c1962-5a91-4ac7-89e4-e7f30c4aafcd:launchConfigurationName/wyze-020220928012519363200000013",
            "associate_public_ip_address": false,
            "ebs_block_device": [],
            "ebs_optimized": true,
            "enable_monitoring": true,
            "ephemeral_block_device": [],
            "iam_instance_profile": "wyze2022092801251864790000000f",
            "id": "wyze-020220928012519363200000013",
            "image_id": "ami-0646830b901d4420b",
            "instance_type": "c5a.large",
            "key_name": "",
            "metadata_options": [
              {
                "http_endpoint": "enabled",
                "http_put_response_hop_limit": 1,
                "http_tokens": "optional"
              }
            ],
            "name": "wyze-020220928012519363200000013",
            "name_prefix": "wyze-0",
            "placement_tenancy": "",
            "root_block_device": [
              {
                "delete_on_termination": true,
                "encrypted": false,
                "iops": 0,
                "throughput": 0,
                "volume_size": 100,
                "volume_type": "gp2"
              }
            ],
            "security_groups": [
              "sg-006d4cf903c9ebb10"
            ],
            "spot_price": "",
            "user_data": null,
            "user_data_base64": "IyEvYmluL2Jhc2ggLWUKCiMgQWxsb3cgdXNlciBzdXBwbGllZCBwcmUgdXNlcmRhdGEgY29kZQoKCiMgQm9vdHN0cmFwIGFuZCBqb2luIHRoZSBjbHVzdGVyCi9ldGMvZWtzL2Jvb3RzdHJhcC5zaCAtLWI2NC1jbHVzdGVyLWNhICdMUzB0TFMxQ1JVZEpUaUJEUlZKVVNVWkpRMEZVUlMwdExTMHRDazFKU1VNMWVrTkRRV01yWjBGM1NVSkJaMGxDUVVSQlRrSm5hM0ZvYTJsSE9YY3dRa0ZSYzBaQlJFRldUVkpOZDBWUldVUldVVkZFUlhkd2NtUlhTbXdLWTIwMWJHUkhWbnBOUWpSWVJGUkplVTFFYTNsUFJFRjRUV3BGTVUxR2IxaEVWRTE1VFVScmVVNVVRWGhOYWtVeFRVWnZkMFpVUlZSTlFrVkhRVEZWUlFwQmVFMUxZVE5XYVZwWVNuVmFXRkpzWTNwRFEwRlRTWGRFVVZsS1MyOWFTV2gyWTA1QlVVVkNRbEZCUkdkblJWQkJSRU5EUVZGdlEyZG5SVUpCVEVoNkNqbFNUMG9yT0V4SlVWSlFlWEpxUnk5T2JFMVFSMEl4VDFkd2Vtb3pTWHBEVlRoQlRUTjVhelZwYVhWSFRESm5OV2xKV0ZGNWRXdG1WMGhsU0dWQlUwWUtVbGxTZERFeE1XRlhTM1V6UW5aeFNWaGtOa2RQZVhSV2JXbHNUVUZ2Y0ZKVWQyNWtiVTVKVFhoRmVsbHZXbGhLVFVOaFZVNVFVMWR5Ym1KNlYzcGxUZ3A1VjB4MFZtTldSbE5NVkRKVk1taFNRM1F5VGs5dVZHeE9USEpKVWk5TVNtMTFjRVF4V0hGNVRIVTVZbGRXYTBoeldHRjZVR05UVDFGcmFtbzBkMHRSQ2pCNEx6ZFZiV0o1TVZSS1JtOTZaMnhRUlRseU9VVlRNa2RyT0hVelNta3hNREEyVUZKUVpHSTRVbVppVVhKdFFURm1TVFZMZDNCaWNXVndXbGhrU1U0S1NrVm5hakp1WnpOWGRHUjFObmd6WWxkMU1YVk5MMFIxUzBvNWFGUjBOV2htVTNCc1EzQkNiMDUwT1VzMFVrUkxhR2N5WmpNNFRrbFJOelUyVlhoWlN3b3ZiVXM1VG5SV1l6TmpWWEpKVlU5MWFqVk5RMEYzUlVGQllVNURUVVZCZDBSbldVUldVakJRUVZGSUwwSkJVVVJCWjB0clRVRTRSMEV4VldSRmQwVkNDaTkzVVVaTlFVMUNRV1k0ZDBoUldVUldVakJQUWtKWlJVWkZXamRhUldGNFZXTkhSRGc0TkdoWFVGcDJVU3R2UVdzM00wRk5RVEJIUTFOeFIxTkpZak1LUkZGRlFrTjNWVUZCTkVsQ1FWRkRWMlZuZWt4T2JFOWxSbGRNTm5abFYybDNOMGRVVlV0aGFFNXRVbmhpUWs5WVFXVlBjeTlJVFhsNU0zQnFNMVJVUkFwUWNHcE9UVFpuYmt3eFRrSjRhRkIxWm1WdlR6TTRjVEV6VVZGRVJHUnFSM1JYWnpSUFNsRnRNRE55Ulc5b1NVdGlZMUZzWmtsRE9XUlNRazFYVTJocENqSk1ORlptZUhGelVWQlZZaTlSTlhGTlNVTkRUbGd4ZEdsd05IaGphVGN5ZVVNclRWVkdVVXhaVFN0V2VYWm1TbXRuY0hnME9XUnhla3RDUm1JeE5UWUtla1o2YlVSc2FXNU9hemxMVDI5Tk16QlpMMUl4ZEZGUVUwRXJkVmd2VjBGWFVYRkhWSFYxVmpCR1ZISktaSFp6VFZoRVRpdG5ZVFVyVFdGcVdXZ3dOQXBKSzFGblYzUklhakJSYTBSdmNrRktiVTgzTWxGeWVWQXdLMGhhYVZSdE9DOUdlVGhNU0VSVFJqQkdiekJOVEdSd0wwSlNNbTluTDBGNVNFUkJkbEV6Q2tWbVRsVTJWa0pzYVVOSVIwbHpXVUZMWmtwa2NVUkdaRmx5VlhWc1MxWmxSV042UVFvdExTMHRMVVZPUkNCRFJWSlVTVVpKUTBGVVJTMHRMUzB0Q2c9PScgLS1hcGlzZXJ2ZXItZW5kcG9pbnQgJ2h0dHBzOi8vMTM3OEE3Qjk2MDUwNDVBQjkxRkQ3QjlDNjZDRjJGQjEueWw0LnVzLWVhc3QtMi5la3MuYW1hem9uYXdzLmNvbScgIC0ta3ViZWxldC1leHRyYS1hcmdzICIiICd3eXplJwoKIyBBbGxvdyB1c2VyIHN1cHBsaWVkIHVzZXJkYXRhIGNvZGUKCg==",
            "vpc_classic_link_id": "",
            "vpc_classic_link_security_groups": null
          },
          "sensitive_attributes": [],
          "private": "bnVsbA==",
          "dependencies": [
            "module.local-cluster.aws_cloudwatch_log_group.this",
            "module.local-cluster.aws_eks_cluster.this",
            "module.local-cluster.aws_iam_instance_profile.workers",
            "module.local-cluster.aws_iam_role.cluster",
            "module.local-cluster.aws_iam_role.workers",
            "module.local-cluster.aws_iam_role_policy_attachment.cluster_AmazonEKSClusterPolicy",
            "module.local-cluster.aws_iam_role_policy_attachment.cluster_AmazonEKSServicePolicy",
            "module.local-cluster.aws_iam_role_policy_attachment.cluster_AmazonEKSVPCResourceControllerPolicy",
            "module.local-cluster.aws_iam_role_policy_attachment.workers_AmazonEC2ContainerRegistryReadOnly",
            "module.local-cluster.aws_iam_role_policy_attachment.workers_AmazonEKSWorkerNodePolicy",
            "module.local-cluster.aws_iam_role_policy_attachment.workers_AmazonEKS_CNI_Policy",
            "module.local-cluster.aws_iam_role_policy_attachment.workers_additional_policies",
            "module.local-cluster.aws_security_group.cluster",
            "module.local-cluster.aws_security_group.workers",
            "module.local-cluster.aws_security_group_rule.cluster_egress_internet",
            "module.local-cluster.aws_security_group_rule.cluster_https_worker_ingress",
            "module.local-cluster.aws_security_group_rule.cluster_primary_ingress_workers",
            "module.local-cluster.aws_security_group_rule.workers_egress_internet",
            "module.local-cluster.aws_security_group_rule.workers_ingress_cluster",
            "module.local-cluster.aws_security_group_rule.workers_ingress_cluster_https",
            "module.local-cluster.aws_security_group_rule.workers_ingress_cluster_kubelet",
            "module.local-cluster.aws_security_group_rule.workers_ingress_cluster_primary",
            "module.local-cluster.aws_security_group_rule.workers_ingress_self",
            "module.local-cluster.data.aws_ami.eks_worker",
            "module.local-cluster.data.aws_ami.eks_worker_windows",
            "module.local-cluster.data.aws_iam_instance_profile.custom_worker_group_iam_instance_profile",
            "module.local-cluster.data.aws_iam_policy_document.cluster_assume_role_policy",
            "module.local-cluster.data.aws_iam_policy_document.workers_assume_role_policy",
            "module.local-cluster.data.aws_iam_role.custom_cluster_iam_role",
            "module.local-cluster.data.aws_partition.current",
            "module.vpc.aws_subnet.private",
            "module.vpc.aws_vpc.this",
            "module.vpc.aws_vpc_ipv4_cidr_block_association.this"
          ],
          "create_before_destroy": true
        }
      ]
    },
    {
      "module": "module.local-cluster",
      "mode": "managed",
      "type": "aws_security_group",
      "name": "cluster",
      "provider": "provider[\"registry.terraform.io/hashicorp/aws\"]",
      "instances": [
        {
          "index_key": 0,
          "schema_version": 1,
          "attributes": {
            "arn": "arn:aws:ec2:us-east-2:525621568406:security-group/sg-076bff0f0b5710861",
            "description": "EKS cluster security group.",
            "egress": [],
            "id": "sg-076bff0f0b5710861",
            "ingress": [],
            "name": "wyze2022092801165107530000000b",
            "name_prefix": "wyze",
            "owner_id": "525621568406",
            "revoke_rules_on_delete": false,
            "tags": {
              "Name": "wyze-eks_cluster_sg"
            },
            "tags_all": {
              "Name": "wyze-eks_cluster_sg"
            },
            "timeouts": null,
            "vpc_id": "vpc-00634f39dda251a76"
          },
          "sensitive_attributes": [],
          "private": "eyJlMmJmYjczMC1lY2FhLTExZTYtOGY4OC0zNDM2M2JjN2M0YzAiOnsiY3JlYXRlIjo2MDAwMDAwMDAwMDAsImRlbGV0ZSI6OTAwMDAwMDAwMDAwfSwic2NoZW1hX3ZlcnNpb24iOiIxIn0=",
          "dependencies": [
            "module.vpc.aws_vpc.this"
          ],
          "create_before_destroy": true
        }
      ]
    },
    {
      "module": "module.local-cluster",
      "mode": "managed",
      "type": "aws_security_group",
      "name": "workers",
      "provider": "provider[\"registry.terraform.io/hashicorp/aws\"]",
      "instances": [
        {
          "index_key": 0,
          "schema_version": 1,
          "attributes": {
            "arn": "arn:aws:ec2:us-east-2:525621568406:security-group/sg-006d4cf903c9ebb10",
            "description": "Security group for all nodes in the cluster.",
            "egress": [],
            "id": "sg-006d4cf903c9ebb10",
            "ingress": [],
            "name": "wyze2022092801165109590000000c",
            "name_prefix": "wyze",
            "owner_id": "525621568406",
            "revoke_rules_on_delete": false,
            "tags": {
              "Name": "wyze-eks_worker_sg",
              "kubernetes.io/cluster/wyze": "owned"
            },
            "tags_all": {
              "Name": "wyze-eks_worker_sg",
              "kubernetes.io/cluster/wyze": "owned"
            },
            "timeouts": null,
            "vpc_id": "vpc-00634f39dda251a76"
          },
          "sensitive_attributes": [],
          "private": "eyJlMmJmYjczMC1lY2FhLTExZTYtOGY4OC0zNDM2M2JjN2M0YzAiOnsiY3JlYXRlIjo2MDAwMDAwMDAwMDAsImRlbGV0ZSI6OTAwMDAwMDAwMDAwfSwic2NoZW1hX3ZlcnNpb24iOiIxIn0=",
          "dependencies": [
            "module.vpc.aws_vpc.this"
          ],
          "create_before_destroy": true
        }
      ]
    },
    {
      "module": "module.local-cluster",
      "mode": "managed",
      "type": "aws_security_group_rule",
      "name": "cluster_egress_internet",
      "provider": "provider[\"registry.terraform.io/hashicorp/aws\"]",
      "instances": [
        {
          "index_key": 0,
          "schema_version": 2,
          "attributes": {
            "cidr_blocks": [
              "0.0.0.0/0"
            ],
            "description": "Allow cluster egress access to the Internet.",
            "from_port": 0,
            "id": "sgrule-1126600521",
            "ipv6_cidr_blocks": null,
            "prefix_list_ids": null,
            "protocol": "-1",
            "security_group_id": "sg-076bff0f0b5710861",
            "self": false,
            "source_security_group_id": null,
            "to_port": 0,
            "type": "egress"
          },
          "sensitive_attributes": [],
          "private": "eyJzY2hlbWFfdmVyc2lvbiI6IjIifQ==",
          "dependencies": [
            "module.local-cluster.aws_security_group.cluster",
            "module.vpc.aws_vpc.this"
          ],
          "create_before_destroy": true
        }
      ]
    },
    {
      "module": "module.local-cluster",
      "mode": "managed",
      "type": "aws_security_group_rule",
      "name": "cluster_https_worker_ingress",
      "provider": "provider[\"registry.terraform.io/hashicorp/aws\"]",
      "instances": [
        {
          "index_key": 0,
          "schema_version": 2,
          "attributes": {
            "cidr_blocks": null,
            "description": "Allow pods to communicate with the EKS cluster API.",
            "from_port": 443,
            "id": "sgrule-667032785",
            "ipv6_cidr_blocks": null,
            "prefix_list_ids": null,
            "protocol": "tcp",
            "security_group_id": "sg-076bff0f0b5710861",
            "self": false,
            "source_security_group_id": "sg-006d4cf903c9ebb10",
            "to_port": 443,
            "type": "ingress"
          },
          "sensitive_attributes": [],
          "private": "eyJzY2hlbWFfdmVyc2lvbiI6IjIifQ==",
          "dependencies": [
            "module.local-cluster.aws_security_group.cluster",
            "module.local-cluster.aws_security_group.workers",
            "module.vpc.aws_vpc.this"
          ],
          "create_before_destroy": true
        }
      ]
    },
    {
      "module": "module.local-cluster",
      "mode": "managed",
      "type": "aws_security_group_rule",
      "name": "workers_egress_internet",
      "provider": "provider[\"registry.terraform.io/hashicorp/aws\"]",
      "instances": [
        {
          "index_key": 0,
          "schema_version": 2,
          "attributes": {
            "cidr_blocks": [
              "0.0.0.0/0"
            ],
            "description": "Allow nodes all egress to the Internet.",
            "from_port": 0,
            "id": "sgrule-2842032635",
            "ipv6_cidr_blocks": null,
            "prefix_list_ids": null,
            "protocol": "-1",
            "security_group_id": "sg-006d4cf903c9ebb10",
            "self": false,
            "source_security_group_id": null,
            "to_port": 0,
            "type": "egress"
          },
          "sensitive_attributes": [],
          "private": "eyJzY2hlbWFfdmVyc2lvbiI6IjIifQ==",
          "dependencies": [
            "module.local-cluster.aws_security_group.workers",
            "module.vpc.aws_vpc.this"
          ],
          "create_before_destroy": true
        }
      ]
    },
    {
      "module": "module.local-cluster",
      "mode": "managed",
      "type": "aws_security_group_rule",
      "name": "workers_ingress_cluster",
      "provider": "provider[\"registry.terraform.io/hashicorp/aws\"]",
      "instances": [
        {
          "index_key": 0,
          "schema_version": 2,
          "attributes": {
            "cidr_blocks": null,
            "description": "Allow workers pods to receive communication from the cluster control plane.",
            "from_port": 1025,
            "id": "sgrule-364226620",
            "ipv6_cidr_blocks": null,
            "prefix_list_ids": null,
            "protocol": "tcp",
            "security_group_id": "sg-006d4cf903c9ebb10",
            "self": false,
            "source_security_group_id": "sg-076bff0f0b5710861",
            "to_port": 65535,
            "type": "ingress"
          },
          "sensitive_attributes": [],
          "private": "eyJzY2hlbWFfdmVyc2lvbiI6IjIifQ==",
          "dependencies": [
            "module.local-cluster.aws_security_group.cluster",
            "module.local-cluster.aws_security_group.workers",
            "module.vpc.aws_vpc.this"
          ],
          "create_before_destroy": true
        }
      ]
    },
    {
      "module": "module.local-cluster",
      "mode": "managed",
      "type": "aws_security_group_rule",
      "name": "workers_ingress_cluster_https",
      "provider": "provider[\"registry.terraform.io/hashicorp/aws\"]",
      "instances": [
        {
          "index_key": 0,
          "schema_version": 2,
          "attributes": {
            "cidr_blocks": null,
            "description": "Allow pods running extension API servers on port 443 to receive communication from cluster control plane.",
            "from_port": 443,
            "id": "sgrule-1657001024",
            "ipv6_cidr_blocks": null,
            "prefix_list_ids": null,
            "protocol": "tcp",
            "security_group_id": "sg-006d4cf903c9ebb10",
            "self": false,
            "source_security_group_id": "sg-076bff0f0b5710861",
            "to_port": 443,
            "type": "ingress"
          },
          "sensitive_attributes": [],
          "private": "eyJzY2hlbWFfdmVyc2lvbiI6IjIifQ==",
          "dependencies": [
            "module.local-cluster.aws_security_group.cluster",
            "module.local-cluster.aws_security_group.workers",
            "module.vpc.aws_vpc.this"
          ],
          "create_before_destroy": true
        }
      ]
    },
    {
      "module": "module.local-cluster",
      "mode": "managed",
      "type": "aws_security_group_rule",
      "name": "workers_ingress_self",
      "provider": "provider[\"registry.terraform.io/hashicorp/aws\"]",
      "instances": [
        {
          "index_key": 0,
          "schema_version": 2,
          "attributes": {
            "cidr_blocks": null,
            "description": "Allow node to communicate with each other.",
            "from_port": 0,
            "id": "sgrule-4142982122",
            "ipv6_cidr_blocks": null,
            "prefix_list_ids": null,
            "protocol": "-1",
            "security_group_id": "sg-006d4cf903c9ebb10",
            "self": false,
            "source_security_group_id": "sg-006d4cf903c9ebb10",
            "to_port": 65535,
            "type": "ingress"
          },
          "sensitive_attributes": [],
          "private": "eyJzY2hlbWFfdmVyc2lvbiI6IjIifQ==",
          "dependencies": [
            "module.local-cluster.aws_security_group.workers",
            "module.vpc.aws_vpc.this"
          ],
          "create_before_destroy": true
        }
      ]
    },
    {
      "module": "module.local-cluster",
      "mode": "managed",
      "type": "kubernetes_config_map",
      "name": "aws_auth",
      "provider": "provider[\"registry.terraform.io/hashicorp/kubernetes\"]",
      "instances": [
        {
          "index_key": 0,
          "schema_version": 0,
          "attributes": {
            "binary_data": null,
            "data": {
              "mapAccounts": "[]\n",
              "mapRoles": "- \"groups\":\n  - \"system:bootstrappers\"\n  - \"system:nodes\"\n  \"rolearn\": \"arn:aws:iam::525621568406:role/wyze2022092801251736540000000e\"\n  \"username\": \"system:node:{{EC2PrivateDNSName}}\"\n",
              "mapUsers": "[]\n"
            },
            "id": "kube-system/aws-auth",
            "metadata": [
              {
                "annotations": null,
                "generate_name": "",
                "generation": 0,
                "labels": {
                  "app.kubernetes.io/managed-by": "Terraform",
                  "terraform.io/module": "terraform-aws-modules.eks.aws"
                },
                "name": "aws-auth",
                "namespace": "kube-system",
                "resource_version": "754",
                "uid": "03133017-eeaa-4cee-865d-4a831089336b"
              }
            ]
          },
          "sensitive_attributes": [],
          "private": "bnVsbA==",
          "dependencies": [
            "data.aws_eks_cluster.cluster",
            "data.aws_eks_cluster_auth.cluster",
            "module.local-cluster.aws_cloudwatch_log_group.this",
            "module.local-cluster.aws_eks_cluster.this",
            "module.local-cluster.aws_iam_instance_profile.workers",
            "module.local-cluster.aws_iam_instance_profile.workers_launch_template",
            "module.local-cluster.aws_iam_role.cluster",
            "module.local-cluster.aws_iam_role.workers",
            "module.local-cluster.aws_iam_role_policy_attachment.cluster_AmazonEKSClusterPolicy",
            "module.local-cluster.aws_iam_role_policy_attachment.cluster_AmazonEKSServicePolicy",
            "module.local-cluster.aws_iam_role_policy_attachment.cluster_AmazonEKSVPCResourceControllerPolicy",
            "module.local-cluster.aws_iam_role_policy_attachment.workers_AmazonEC2ContainerRegistryReadOnly",
            "module.local-cluster.aws_iam_role_policy_attachment.workers_AmazonEKSWorkerNodePolicy",
            "module.local-cluster.aws_iam_role_policy_attachment.workers_AmazonEKS_CNI_Policy",
            "module.local-cluster.aws_security_group.cluster",
            "module.local-cluster.aws_security_group.workers",
            "module.local-cluster.aws_security_group_rule.cluster_egress_internet",
            "module.local-cluster.aws_security_group_rule.cluster_https_worker_ingress",
            "module.local-cluster.aws_security_group_rule.cluster_private_access_cidrs_source",
            "module.local-cluster.aws_security_group_rule.cluster_private_access_sg_source",
            "module.local-cluster.data.aws_ami.eks_worker",
            "module.local-cluster.data.aws_ami.eks_worker_windows",
            "module.local-cluster.data.aws_caller_identity.current",
            "module.local-cluster.data.aws_iam_instance_profile.custom_worker_group_iam_instance_profile",
            "module.local-cluster.data.aws_iam_instance_profile.custom_worker_group_launch_template_iam_instance_profile",
            "module.local-cluster.data.aws_iam_policy_document.cluster_assume_role_policy",
            "module.local-cluster.data.aws_iam_policy_document.workers_assume_role_policy",
            "module.local-cluster.data.aws_iam_role.custom_cluster_iam_role",
            "module.local-cluster.data.aws_partition.current",
            "module.local-cluster.data.http.wait_for_cluster",
            "module.local-cluster.module.fargate.aws_iam_role.eks_fargate_pod",
            "module.local-cluster.module.fargate.data.aws_iam_role.custom_fargate_iam_role",
            "module.vpc.aws_subnet.private",
            "module.vpc.aws_vpc.this",
            "module.vpc.aws_vpc_ipv4_cidr_block_association.this"
          ]
        }
      ]
    },
    {
      "module": "module.local-cluster",
      "mode": "managed",
      "type": "local_file",
      "name": "kubeconfig",
      "provider": "provider[\"registry.terraform.io/hashicorp/local\"]",
      "instances": [
        {
          "index_key": 0,
          "schema_version": 0,
          "attributes": {
            "content": "apiVersion: v1\npreferences: {}\nkind: Config\n\nclusters:\n- cluster:\n    server: https://1378A7B9605045AB91FD7B9C66CF2FB1.yl4.us-east-2.eks.amazonaws.com\n    certificate-authority-data: LS0tLS1CRUdJTiBDRVJUSUZJQ0FURS0tLS0tCk1JSUM1ekNDQWMrZ0F3SUJBZ0lCQURBTkJna3Foa2lHOXcwQkFRc0ZBREFWTVJNd0VRWURWUVFERXdwcmRXSmwKY201bGRHVnpNQjRYRFRJeU1Ea3lPREF4TWpFMU1Gb1hEVE15TURreU5UQXhNakUxTUZvd0ZURVRNQkVHQTFVRQpBeE1LYTNWaVpYSnVaWFJsY3pDQ0FTSXdEUVlKS29aSWh2Y05BUUVCQlFBRGdnRVBBRENDQVFvQ2dnRUJBTEh6CjlST0orOExJUVJQeXJqRy9ObE1QR0IxT1dwemozSXpDVThBTTN5azVpaXVHTDJnNWlJWFF5dWtmV0hlSGVBU0YKUllSdDExMWFXS3UzQnZxSVhkNkdPeXRWbWlsTUFvcFJUd25kbU5JTXhFellvWlhKTUNhVU5QU1dybmJ6V3plTgp5V0x0VmNWRlNMVDJVMmhSQ3QyTk9uVGxOTHJJUi9MSm11cEQxWHF5THU5YldWa0hzWGF6UGNTT1Framo0d0tRCjB4LzdVbWJ5MVRKRm96Z2xQRTlyOUVTMkdrOHUzSmkxMDA2UFJQZGI4UmZiUXJtQTFmSTVLd3BicWVwWlhkSU4KSkVnajJuZzNXdGR1NngzYld1MXVNL0R1S0o5aFR0NWhmU3BsQ3BCb050OUs0UkRLaGcyZjM4TklRNzU2VXhZSwovbUs5TnRWYzNjVXJJVU91ajVNQ0F3RUFBYU5DTUVBd0RnWURWUjBQQVFIL0JBUURBZ0trTUE4R0ExVWRFd0VCCi93UUZNQU1CQWY4d0hRWURWUjBPQkJZRUZFWjdaRWF4VWNHRDg4NGhXUFp2UStvQWs3M0FNQTBHQ1NxR1NJYjMKRFFFQkN3VUFBNElCQVFDV2VnekxObE9lRldMNnZlV2l3N0dUVUthaE5tUnhiQk9YQWVPcy9ITXl5M3BqM1RURApQcGpOTTZnbkwxTkJ4aFB1ZmVvTzM4cTEzUVFERGRqR3RXZzRPSlFtMDNyRW9oSUtiY1FsZklDOWRSQk1XU2hpCjJMNFZmeHFzUVBVYi9RNXFNSUNDTlgxdGlwNHhjaTcyeUMrTVVGUUxZTStWeXZmSmtncHg0OWRxektCRmIxNTYKekZ6bURsaW5OazlLT29NMzBZL1IxdFFQU0ErdVgvV0FXUXFHVHV1VjBGVHJKZHZzTVhETitnYTUrTWFqWWgwNApJK1FnV3RIajBRa0RvckFKbU83MlFyeVAwK0haaVRtOC9GeThMSERTRjBGbzBNTGRwL0JSMm9nL0F5SERBdlEzCkVmTlU2VkJsaUNIR0lzWUFLZkpkcURGZFlyVXVsS1ZlRWN6QQotLS0tLUVORCBDRVJUSUZJQ0FURS0tLS0tCg==\n  name: eks_wyze\n\ncontexts:\n- context:\n    cluster: eks_wyze\n    user: eks_wyze\n  name: eks_wyze\n\ncurrent-context: eks_wyze\n\nusers:\n- name: eks_wyze\n  user:\n    exec:\n      apiVersion: client.authentication.k8s.io/v1alpha1\n      command: aws-iam-authenticator\n      args:\n        - \"token\"\n        - \"-i\"\n        - \"wyze\"\n",
            "content_base64": null,
            "directory_permission": "0755",
            "file_permission": "0600",
            "filename": "./kubeconfig_wyze",
            "id": "b6a9199088a322dea8a6ad9a5c025d1c033bc58b",
            "sensitive_content": null,
            "source": null
          },
          "sensitive_attributes": [],
          "private": "bnVsbA==",
          "dependencies": [
            "module.local-cluster.aws_cloudwatch_log_group.this",
            "module.local-cluster.aws_eks_cluster.this",
            "module.local-cluster.aws_iam_role.cluster",
            "module.local-cluster.aws_iam_role_policy_attachment.cluster_AmazonEKSClusterPolicy",
            "module.local-cluster.aws_iam_role_policy_attachment.cluster_AmazonEKSServicePolicy",
            "module.local-cluster.aws_iam_role_policy_attachment.cluster_AmazonEKSVPCResourceControllerPolicy",
            "module.local-cluster.aws_security_group.cluster",
            "module.local-cluster.aws_security_group.workers",
            "module.local-cluster.aws_security_group_rule.cluster_egress_internet",
            "module.local-cluster.aws_security_group_rule.cluster_https_worker_ingress",
            "module.local-cluster.data.aws_iam_policy_document.cluster_assume_role_policy",
            "module.local-cluster.data.aws_iam_role.custom_cluster_iam_role",
            "module.local-cluster.data.aws_partition.current",
            "module.vpc.aws_subnet.private",
            "module.vpc.aws_vpc.this",
            "module.vpc.aws_vpc_ipv4_cidr_block_association.this"
          ]
        }
      ]
    },
    {
      "module": "module.local-cluster.module.fargate",
      "mode": "data",
      "type": "aws_partition",
      "name": "current",
      "provider": "provider[\"registry.terraform.io/hashicorp/aws\"]",
      "instances": [
        {
          "schema_version": 0,
          "attributes": {
            "dns_suffix": "amazonaws.com",
            "id": "aws",
            "partition": "aws",
            "reverse_dns_prefix": "com.amazonaws"
          },
          "sensitive_attributes": []
        }
      ]
    },
    {
      "module": "module.rds.module.postgresql_rds",
      "mode": "data",
      "type": "aws_iam_policy_document",
      "name": "enhanced_monitoring",
      "provider": "provider[\"registry.terraform.io/hashicorp/aws\"]",
      "instances": [
        {
          "schema_version": 0,
          "attributes": {
            "id": "1813475199",
            "json": "{\n  \"Version\": \"2012-10-17\",\n  \"Statement\": [\n    {\n      \"Sid\": \"\",\n      \"Effect\": \"Allow\",\n      \"Action\": \"sts:AssumeRole\",\n      \"Principal\": {\n        \"Service\": \"monitoring.rds.amazonaws.com\"\n      }\n    }\n  ]\n}",
            "override_json": null,
            "override_policy_documents": null,
            "policy_id": null,
            "source_json": null,
            "source_policy_documents": null,
            "statement": [
              {
                "actions": [
                  "sts:AssumeRole"
                ],
                "condition": [],
                "effect": "Allow",
                "not_actions": [],
                "not_principals": [],
                "not_resources": [],
                "principals": [
                  {
                    "identifiers": [
                      "monitoring.rds.amazonaws.com"
                    ],
                    "type": "Service"
                  }
                ],
                "resources": [],
                "sid": ""
              }
            ],
            "version": "2012-10-17"
          },
          "sensitive_attributes": []
        }
      ]
    },
    {
      "module": "module.rds.module.postgresql_rds",
      "mode": "managed",
      "type": "aws_cloudwatch_metric_alarm",
      "name": "database_cpu",
      "provider": "provider[\"registry.terraform.io/hashicorp/aws\"]",
      "instances": [
        {
          "schema_version": 1,
          "attributes": {
            "actions_enabled": true,
            "alarm_actions": [
              "arn:aws:sns:us-east-2:525621568406:wyze"
            ],
            "alarm_description": "Database server CPU utilization",
            "alarm_name": "alarmProductionDatabaseServerCPUUtilization-wyze",
            "arn": "arn:aws:cloudwatch:us-east-2:525621568406:alarm:alarmProductionDatabaseServerCPUUtilization-wyze",
            "comparison_operator": "GreaterThanThreshold",
            "datapoints_to_alarm": 0,
            "dimensions": {
              "DBInstanceIdentifier": "wyze"
            },
            "evaluate_low_sample_count_percentiles": "",
            "evaluation_periods": 1,
            "extended_statistic": "",
            "id": "alarmProductionDatabaseServerCPUUtilization-wyze",
            "insufficient_data_actions": [
              "arn:aws:sns:us-east-2:525621568406:wyze"
            ],
            "metric_name": "CPUUtilization",
            "metric_query": [],
            "namespace": "AWS/RDS",
            "ok_actions": [
              "arn:aws:sns:us-east-2:525621568406:wyze"
            ],
            "period": 300,
            "statistic": "Average",
            "tags": null,
            "tags_all": {},
            "threshold": 75,
            "threshold_metric_id": "",
            "treat_missing_data": "missing",
            "unit": ""
          },
          "sensitive_attributes": [],
          "private": "eyJzY2hlbWFfdmVyc2lvbiI6IjEifQ==",
          "dependencies": [
            "module.rds.module.postgresql_rds.aws_db_instance.postgresql",
            "module.rds.module.postgresql_rds.aws_iam_role.enhanced_monitoring",
            "module.rds.module.postgresql_rds.aws_security_group.postgresql",
            "module.rds.module.postgresql_rds.data.aws_iam_policy_document.enhanced_monitoring",
            "module.sns.module.sns_topic.aws_sns_topic.this",
            "module.vpc.aws_db_subnet_group.database",
            "module.vpc.aws_subnet.database",
            "module.vpc.aws_vpc.this",
            "module.vpc.aws_vpc_ipv4_cidr_block_association.this"
          ]
        }
      ]
    },
    {
      "module": "module.rds.module.postgresql_rds",
      "mode": "managed",
      "type": "aws_cloudwatch_metric_alarm",
      "name": "database_disk_free",
      "provider": "provider[\"registry.terraform.io/hashicorp/aws\"]",
      "instances": [
        {
          "schema_version": 1,
          "attributes": {
            "actions_enabled": true,
            "alarm_actions": [
              "arn:aws:sns:us-east-2:525621568406:wyze"
            ],
            "alarm_description": "Database server free storage space",
            "alarm_name": "alarmProductionDatabaseServerFreeStorageSpace-wyze",
            "arn": "arn:aws:cloudwatch:us-east-2:525621568406:alarm:alarmProductionDatabaseServerFreeStorageSpace-wyze",
            "comparison_operator": "LessThanThreshold",
            "datapoints_to_alarm": 0,
            "dimensions": {
              "DBInstanceIdentifier": "wyze"
            },
            "evaluate_low_sample_count_percentiles": "",
            "evaluation_periods": 1,
            "extended_statistic": "",
            "id": "alarmProductionDatabaseServerFreeStorageSpace-wyze",
            "insufficient_data_actions": [
              "arn:aws:sns:us-east-2:525621568406:wyze"
            ],
            "metric_name": "FreeStorageSpace",
            "metric_query": [],
            "namespace": "AWS/RDS",
            "ok_actions": [
              "arn:aws:sns:us-east-2:525621568406:wyze"
            ],
            "period": 60,
            "statistic": "Average",
            "tags": null,
            "tags_all": {},
            "threshold": 5000000000,
            "threshold_metric_id": "",
            "treat_missing_data": "missing",
            "unit": ""
          },
          "sensitive_attributes": [],
          "private": "eyJzY2hlbWFfdmVyc2lvbiI6IjEifQ==",
          "dependencies": [
            "module.rds.module.postgresql_rds.aws_db_instance.postgresql",
            "module.rds.module.postgresql_rds.aws_iam_role.enhanced_monitoring",
            "module.rds.module.postgresql_rds.aws_security_group.postgresql",
            "module.rds.module.postgresql_rds.data.aws_iam_policy_document.enhanced_monitoring",
            "module.sns.module.sns_topic.aws_sns_topic.this",
            "module.vpc.aws_db_subnet_group.database",
            "module.vpc.aws_subnet.database",
            "module.vpc.aws_vpc.this",
            "module.vpc.aws_vpc_ipv4_cidr_block_association.this"
          ]
        }
      ]
    },
    {
      "module": "module.rds.module.postgresql_rds",
      "mode": "managed",
      "type": "aws_cloudwatch_metric_alarm",
      "name": "database_disk_queue",
      "provider": "provider[\"registry.terraform.io/hashicorp/aws\"]",
      "instances": [
        {
          "schema_version": 1,
          "attributes": {
            "actions_enabled": true,
            "alarm_actions": [
              "arn:aws:sns:us-east-2:525621568406:wyze"
            ],
            "alarm_description": "Database server disk queue depth",
            "alarm_name": "alarmProductionDatabaseServerDiskQueueDepth-wyze",
            "arn": "arn:aws:cloudwatch:us-east-2:525621568406:alarm:alarmProductionDatabaseServerDiskQueueDepth-wyze",
            "comparison_operator": "GreaterThanThreshold",
            "datapoints_to_alarm": 0,
            "dimensions": {
              "DBInstanceIdentifier": "wyze"
            },
            "evaluate_low_sample_count_percentiles": "",
            "evaluation_periods": 1,
            "extended_statistic": "",
            "id": "alarmProductionDatabaseServerDiskQueueDepth-wyze",
            "insufficient_data_actions": [
              "arn:aws:sns:us-east-2:525621568406:wyze"
            ],
            "metric_name": "DiskQueueDepth",
            "metric_query": [],
            "namespace": "AWS/RDS",
            "ok_actions": [
              "arn:aws:sns:us-east-2:525621568406:wyze"
            ],
            "period": 60,
            "statistic": "Average",
            "tags": null,
            "tags_all": {},
            "threshold": 10,
            "threshold_metric_id": "",
            "treat_missing_data": "missing",
            "unit": ""
          },
          "sensitive_attributes": [],
          "private": "eyJzY2hlbWFfdmVyc2lvbiI6IjEifQ==",
          "dependencies": [
            "module.rds.module.postgresql_rds.aws_db_instance.postgresql",
            "module.rds.module.postgresql_rds.aws_iam_role.enhanced_monitoring",
            "module.rds.module.postgresql_rds.aws_security_group.postgresql",
            "module.rds.module.postgresql_rds.data.aws_iam_policy_document.enhanced_monitoring",
            "module.sns.module.sns_topic.aws_sns_topic.this",
            "module.vpc.aws_db_subnet_group.database",
            "module.vpc.aws_subnet.database",
            "module.vpc.aws_vpc.this",
            "module.vpc.aws_vpc_ipv4_cidr_block_association.this"
          ]
        }
      ]
    },
    {
      "module": "module.rds.module.postgresql_rds",
      "mode": "managed",
      "type": "aws_cloudwatch_metric_alarm",
      "name": "database_memory_free",
      "provider": "provider[\"registry.terraform.io/hashicorp/aws\"]",
      "instances": [
        {
          "schema_version": 1,
          "attributes": {
            "actions_enabled": true,
            "alarm_actions": [
              "arn:aws:sns:us-east-2:525621568406:wyze"
            ],
            "alarm_description": "Database server freeable memory",
            "alarm_name": "alarmProductionDatabaseServerFreeableMemory-wyze",
            "arn": "arn:aws:cloudwatch:us-east-2:525621568406:alarm:alarmProductionDatabaseServerFreeableMemory-wyze",
            "comparison_operator": "LessThanThreshold",
            "datapoints_to_alarm": 0,
            "dimensions": {
              "DBInstanceIdentifier": "wyze"
            },
            "evaluate_low_sample_count_percentiles": "",
            "evaluation_periods": 1,
            "extended_statistic": "",
            "id": "alarmProductionDatabaseServerFreeableMemory-wyze",
            "insufficient_data_actions": [
              "arn:aws:sns:us-east-2:525621568406:wyze"
            ],
            "metric_name": "FreeableMemory",
            "metric_query": [],
            "namespace": "AWS/RDS",
            "ok_actions": [
              "arn:aws:sns:us-east-2:525621568406:wyze"
            ],
            "period": 60,
            "statistic": "Average",
            "tags": null,
            "tags_all": {},
            "threshold": 128000000,
            "threshold_metric_id": "",
            "treat_missing_data": "missing",
            "unit": ""
          },
          "sensitive_attributes": [],
          "private": "eyJzY2hlbWFfdmVyc2lvbiI6IjEifQ==",
          "dependencies": [
            "module.rds.module.postgresql_rds.aws_db_instance.postgresql",
            "module.rds.module.postgresql_rds.aws_iam_role.enhanced_monitoring",
            "module.rds.module.postgresql_rds.aws_security_group.postgresql",
            "module.rds.module.postgresql_rds.data.aws_iam_policy_document.enhanced_monitoring",
            "module.sns.module.sns_topic.aws_sns_topic.this",
            "module.vpc.aws_db_subnet_group.database",
            "module.vpc.aws_subnet.database",
            "module.vpc.aws_vpc.this",
            "module.vpc.aws_vpc_ipv4_cidr_block_association.this"
          ]
        }
      ]
    },
    {
      "module": "module.rds.module.postgresql_rds",
      "mode": "managed",
      "type": "aws_db_instance",
      "name": "postgresql",
      "provider": "provider[\"registry.terraform.io/hashicorp/aws\"]",
      "instances": [
        {
          "schema_version": 1,
          "attributes": {
            "address": "wyze.cuvhtxsykwsi.us-east-2.rds.amazonaws.com",
            "allocated_storage": 32,
            "allow_major_version_upgrade": null,
            "apply_immediately": null,
            "arn": "arn:aws:rds:us-east-2:525621568406:db:wyze",
            "auto_minor_version_upgrade": false,
            "availability_zone": "us-east-2c",
            "backup_retention_period": 30,
            "backup_window": "04:00-04:30",
            "ca_cert_identifier": "rds-ca-2019",
            "character_set_name": "",
            "copy_tags_to_snapshot": false,
            "customer_owned_ip_enabled": false,
            "db_subnet_group_name": "wyze",
            "delete_automated_backups": true,
            "deletion_protection": false,
            "domain": "",
            "domain_iam_role_name": "",
            "enabled_cloudwatch_logs_exports": [
              "postgresql"
            ],
            "endpoint": "wyze.cuvhtxsykwsi.us-east-2.rds.amazonaws.com:5432",
            "engine": "postgres",
            "engine_version": "12.10",
            "engine_version_actual": "12.10",
            "final_snapshot_identifier": "terraform-aws-postgresql-rds-snapshot",
            "hosted_zone_id": "Z2XHWR1WZ565X2",
            "iam_database_authentication_enabled": false,
            "id": "wyze",
            "identifier": "wyze",
            "identifier_prefix": null,
            "instance_class": "db.t2.micro",
            "iops": 0,
            "kms_key_id": "",
            "latest_restorable_time": "2022-09-28T01:23:06Z",
            "license_model": "postgresql-license",
            "maintenance_window": "sun:04:30-sun:05:30",
            "max_allocated_storage": 0,
            "monitoring_interval": 60,
            "monitoring_role_arn": "arn:aws:iam::525621568406:role/rdsProductionEnhancedMonitoringRole",
            "multi_az": false,
            "name": "wyze",
            "nchar_character_set_name": "",
            "option_group_name": "default:postgres-12",
            "parameter_group_name": "default.postgres12",
            "password": "wyzepostgres",
            "performance_insights_enabled": false,
            "performance_insights_kms_key_id": "",
            "performance_insights_retention_period": 0,
            "port": 5432,
            "publicly_accessible": false,
            "replica_mode": "",
            "replicas": [],
            "replicate_source_db": "",
            "resource_id": "db-DVDMV54E6HP263V65VVQGG2Q3Q",
            "restore_to_point_in_time": [],
            "s3_import": [],
            "security_group_names": null,
            "skip_final_snapshot": true,
            "snapshot_identifier": null,
            "status": "available",
            "storage_encrypted": false,
            "storage_type": "gp2",
            "tags": {
              "Environment": "Production",
              "Name": "DatabaseServer",
              "Project": "Wyze"
            },
            "tags_all": {
              "Environment": "Production",
              "Name": "DatabaseServer",
              "Project": "Wyze"
            },
            "timeouts": null,
            "timezone": "",
            "username": "wyze",
            "vpc_security_group_ids": [
              "sg-04b036340119f54eb"
            ]
          },
          "sensitive_attributes": [],
          "private": "eyJlMmJmYjczMC1lY2FhLTExZTYtOGY4OC0zNDM2M2JjN2M0YzAiOnsiY3JlYXRlIjoyNDAwMDAwMDAwMDAwLCJkZWxldGUiOjM2MDAwMDAwMDAwMDAsInVwZGF0ZSI6NDgwMDAwMDAwMDAwMH0sInNjaGVtYV92ZXJzaW9uIjoiMSJ9",
          "dependencies": [
            "module.rds.module.postgresql_rds.aws_iam_role.enhanced_monitoring",
            "module.rds.module.postgresql_rds.aws_security_group.postgresql",
            "module.rds.module.postgresql_rds.data.aws_iam_policy_document.enhanced_monitoring",
            "module.vpc.aws_db_subnet_group.database",
            "module.vpc.aws_subnet.database",
            "module.vpc.aws_vpc.this",
            "module.vpc.aws_vpc_ipv4_cidr_block_association.this"
          ]
        }
      ]
    },
    {
      "module": "module.rds.module.postgresql_rds",
      "mode": "managed",
      "type": "aws_iam_role",
      "name": "enhanced_monitoring",
      "provider": "provider[\"registry.terraform.io/hashicorp/aws\"]",
      "instances": [
        {
          "schema_version": 0,
          "attributes": {
            "arn": "arn:aws:iam::525621568406:role/rdsProductionEnhancedMonitoringRole",
            "assume_role_policy": "{\"Version\":\"2012-10-17\",\"Statement\":[{\"Sid\":\"\",\"Effect\":\"Allow\",\"Principal\":{\"Service\":\"monitoring.rds.amazonaws.com\"},\"Action\":\"sts:AssumeRole\"}]}",
            "create_date": "2022-09-28T01:16:46Z",
            "description": "",
            "force_detach_policies": false,
            "id": "rdsProductionEnhancedMonitoringRole",
            "inline_policy": [
              {
                "name": "",
                "policy": ""
              }
            ],
            "managed_policy_arns": [],
            "max_session_duration": 3600,
            "name": "rdsProductionEnhancedMonitoringRole",
            "name_prefix": "",
            "path": "/",
            "permissions_boundary": null,
            "tags": null,
            "tags_all": {},
            "unique_id": "AROAXUYL4UOLFKBTJSFBM"
          },
          "sensitive_attributes": [],
          "private": "bnVsbA==",
          "dependencies": [
            "module.rds.module.postgresql_rds.data.aws_iam_policy_document.enhanced_monitoring"
          ]
        }
      ]
    },
    {
      "module": "module.rds.module.postgresql_rds",
      "mode": "managed",
      "type": "aws_iam_role_policy_attachment",
      "name": "enhanced_monitoring",
      "provider": "provider[\"registry.terraform.io/hashicorp/aws\"]",
      "instances": [
        {
          "schema_version": 0,
          "attributes": {
            "id": "rdsProductionEnhancedMonitoringRole-20220928011648202100000004",
            "policy_arn": "arn:aws:iam::aws:policy/service-role/AmazonRDSEnhancedMonitoringRole",
            "role": "rdsProductionEnhancedMonitoringRole"
          },
          "sensitive_attributes": [],
          "private": "bnVsbA==",
          "dependencies": [
            "module.rds.module.postgresql_rds.aws_iam_role.enhanced_monitoring",
            "module.rds.module.postgresql_rds.data.aws_iam_policy_document.enhanced_monitoring"
          ]
        }
      ]
    },
    {
      "module": "module.rds.module.postgresql_rds",
      "mode": "managed",
      "type": "aws_security_group",
      "name": "postgresql",
      "provider": "provider[\"registry.terraform.io/hashicorp/aws\"]",
      "instances": [
        {
          "schema_version": 1,
          "attributes": {
            "arn": "arn:aws:ec2:us-east-2:525621568406:security-group/sg-04b036340119f54eb",
            "description": "Managed by Terraform",
            "egress": [],
            "id": "sg-04b036340119f54eb",
            "ingress": [],
            "name": "terraform-2022092801165111710000000d",
            "name_prefix": "terraform-",
            "owner_id": "525621568406",
            "revoke_rules_on_delete": false,
            "tags": {
              "Environment": "Production",
              "Name": "sgDatabaseServer",
              "Project": "Wyze"
            },
            "tags_all": {
              "Environment": "Production",
              "Name": "sgDatabaseServer",
              "Project": "Wyze"
            },
            "timeouts": null,
            "vpc_id": "vpc-00634f39dda251a76"
          },
          "sensitive_attributes": [],
          "private": "eyJlMmJmYjczMC1lY2FhLTExZTYtOGY4OC0zNDM2M2JjN2M0YzAiOnsiY3JlYXRlIjo2MDAwMDAwMDAwMDAsImRlbGV0ZSI6OTAwMDAwMDAwMDAwfSwic2NoZW1hX3ZlcnNpb24iOiIxIn0=",
          "dependencies": [
            "module.vpc.aws_vpc.this"
          ]
        }
      ]
    },
    {
      "module": "module.sns.module.sns_topic",
      "mode": "managed",
      "type": "aws_sns_topic",
      "name": "this",
      "provider": "provider[\"registry.terraform.io/hashicorp/aws\"]",
      "instances": [
        {
          "index_key": 0,
          "schema_version": 0,
          "attributes": {
            "application_failure_feedback_role_arn": "",
            "application_success_feedback_role_arn": "",
            "application_success_feedback_sample_rate": 0,
            "arn": "arn:aws:sns:us-east-2:525621568406:wyze",
            "content_based_deduplication": false,
            "delivery_policy": "",
            "display_name": "",
            "fifo_topic": false,
            "firehose_failure_feedback_role_arn": "",
            "firehose_success_feedback_role_arn": "",
            "firehose_success_feedback_sample_rate": 0,
            "http_failure_feedback_role_arn": "",
            "http_success_feedback_role_arn": "",
            "http_success_feedback_sample_rate": 0,
            "id": "arn:aws:sns:us-east-2:525621568406:wyze",
            "kms_master_key_id": "",
            "lambda_failure_feedback_role_arn": "",
            "lambda_success_feedback_role_arn": "",
            "lambda_success_feedback_sample_rate": 0,
            "name": "wyze",
            "name_prefix": "",
            "owner": "525621568406",
            "policy": "{\"Version\":\"2008-10-17\",\"Id\":\"__default_policy_ID\",\"Statement\":[{\"Sid\":\"__default_statement_ID\",\"Effect\":\"Allow\",\"Principal\":{\"AWS\":\"*\"},\"Action\":[\"SNS:GetTopicAttributes\",\"SNS:SetTopicAttributes\",\"SNS:AddPermission\",\"SNS:RemovePermission\",\"SNS:DeleteTopic\",\"SNS:Subscribe\",\"SNS:ListSubscriptionsByTopic\",\"SNS:Publish\"],\"Resource\":\"arn:aws:sns:us-east-2:525621568406:wyze\",\"Condition\":{\"StringEquals\":{\"AWS:SourceOwner\":\"525621568406\"}}}]}",
            "sqs_failure_feedback_role_arn": "",
            "sqs_success_feedback_role_arn": "",
            "sqs_success_feedback_sample_rate": 0,
            "tags": null,
            "tags_all": {}
          },
          "sensitive_attributes": [],
          "private": "bnVsbA=="
        }
      ]
    },
    {
      "module": "module.vpc",
      "mode": "managed",
      "type": "aws_db_subnet_group",
      "name": "database",
      "provider": "provider[\"registry.terraform.io/hashicorp/aws\"]",
      "instances": [
        {
          "index_key": 0,
          "schema_version": 0,
          "attributes": {
            "arn": "arn:aws:rds:us-east-2:525621568406:subgrp:wyze",
            "description": "Database subnet group for wyze",
            "id": "wyze",
            "name": "wyze",
            "name_prefix": null,
            "subnet_ids": [
              "subnet-057a1370067d20168",
              "subnet-058a2ea2a8f6b064a",
              "subnet-0d5a7a83507fac0e6"
            ],
            "tags": {
              "Environment": "prod",
              "Name": "wyze",
              "Terraform": "true"
            },
            "tags_all": {
              "Environment": "prod",
              "Name": "wyze",
              "Terraform": "true"
            }
          },
          "sensitive_attributes": [],
          "private": "bnVsbA==",
          "dependencies": [
            "module.vpc.aws_subnet.database",
            "module.vpc.aws_vpc.this",
            "module.vpc.aws_vpc_ipv4_cidr_block_association.this"
          ]
        }
      ]
    },
    {
      "module": "module.vpc",
      "mode": "managed",
      "type": "aws_eip",
      "name": "nat",
      "provider": "provider[\"registry.terraform.io/hashicorp/aws\"]",
      "instances": [
        {
          "index_key": 0,
          "schema_version": 0,
          "attributes": {
            "address": null,
            "allocation_id": "eipalloc-0426161a0292f9eac",
            "associate_with_private_ip": null,
            "association_id": "",
            "carrier_ip": "",
            "customer_owned_ip": "",
            "customer_owned_ipv4_pool": "",
            "domain": "vpc",
            "id": "eipalloc-0426161a0292f9eac",
            "instance": "",
            "network_border_group": "us-east-2",
            "network_interface": "",
            "private_dns": null,
            "private_ip": "",
            "public_dns": "ec2-3-23-233-137.us-east-2.compute.amazonaws.com",
            "public_ip": "3.23.233.137",
            "public_ipv4_pool": "amazon",
            "tags": {
              "Environment": "prod",
              "Name": "wyze-us-east-2a",
              "Terraform": "true"
            },
            "tags_all": {
              "Environment": "prod",
              "Name": "wyze-us-east-2a",
              "Terraform": "true"
            },
            "timeouts": null,
            "vpc": true
          },
          "sensitive_attributes": [],
          "private": "eyJlMmJmYjczMC1lY2FhLTExZTYtOGY4OC0zNDM2M2JjN2M0YzAiOnsiZGVsZXRlIjoxODAwMDAwMDAwMDAsInJlYWQiOjkwMDAwMDAwMDAwMCwidXBkYXRlIjozMDAwMDAwMDAwMDB9fQ=="
        },
        {
          "index_key": 1,
          "schema_version": 0,
          "attributes": {
            "address": null,
            "allocation_id": "eipalloc-09fcc4e20d843f70a",
            "associate_with_private_ip": null,
            "association_id": "",
            "carrier_ip": "",
            "customer_owned_ip": "",
            "customer_owned_ipv4_pool": "",
            "domain": "vpc",
            "id": "eipalloc-09fcc4e20d843f70a",
            "instance": "",
            "network_border_group": "us-east-2",
            "network_interface": "",
            "private_dns": null,
            "private_ip": "",
            "public_dns": "ec2-3-140-35-84.us-east-2.compute.amazonaws.com",
            "public_ip": "3.140.35.84",
            "public_ipv4_pool": "amazon",
            "tags": {
              "Environment": "prod",
              "Name": "wyze-us-east-2b",
              "Terraform": "true"
            },
            "tags_all": {
              "Environment": "prod",
              "Name": "wyze-us-east-2b",
              "Terraform": "true"
            },
            "timeouts": null,
            "vpc": true
          },
          "sensitive_attributes": [],
          "private": "eyJlMmJmYjczMC1lY2FhLTExZTYtOGY4OC0zNDM2M2JjN2M0YzAiOnsiZGVsZXRlIjoxODAwMDAwMDAwMDAsInJlYWQiOjkwMDAwMDAwMDAwMCwidXBkYXRlIjozMDAwMDAwMDAwMDB9fQ=="
        },
        {
          "index_key": 2,
          "schema_version": 0,
          "attributes": {
            "address": null,
            "allocation_id": "eipalloc-0a65ae89ee43daa51",
            "associate_with_private_ip": null,
            "association_id": "",
            "carrier_ip": "",
            "customer_owned_ip": "",
            "customer_owned_ipv4_pool": "",
            "domain": "vpc",
            "id": "eipalloc-0a65ae89ee43daa51",
            "instance": "",
            "network_border_group": "us-east-2",
            "network_interface": "",
            "private_dns": null,
            "private_ip": "",
            "public_dns": "ec2-18-189-230-55.us-east-2.compute.amazonaws.com",
            "public_ip": "18.189.230.55",
            "public_ipv4_pool": "amazon",
            "tags": {
              "Environment": "prod",
              "Name": "wyze-us-east-2c",
              "Terraform": "true"
            },
            "tags_all": {
              "Environment": "prod",
              "Name": "wyze-us-east-2c",
              "Terraform": "true"
            },
            "timeouts": null,
            "vpc": true
          },
          "sensitive_attributes": [],
          "private": "eyJlMmJmYjczMC1lY2FhLTExZTYtOGY4OC0zNDM2M2JjN2M0YzAiOnsiZGVsZXRlIjoxODAwMDAwMDAwMDAsInJlYWQiOjkwMDAwMDAwMDAwMCwidXBkYXRlIjozMDAwMDAwMDAwMDB9fQ=="
        }
      ]
    },
    {
      "module": "module.vpc",
      "mode": "managed",
      "type": "aws_internet_gateway",
      "name": "this",
      "provider": "provider[\"registry.terraform.io/hashicorp/aws\"]",
      "instances": [
        {
          "index_key": 0,
          "schema_version": 0,
          "attributes": {
            "arn": "arn:aws:ec2:us-east-2:525621568406:internet-gateway/igw-0e442f16ef97b5de3",
            "id": "igw-0e442f16ef97b5de3",
            "owner_id": "525621568406",
            "tags": {
              "Environment": "prod",
              "Name": "wyze",
              "Terraform": "true"
            },
            "tags_all": {
              "Environment": "prod",
              "Name": "wyze",
              "Terraform": "true"
            },
            "vpc_id": "vpc-00634f39dda251a76"
          },
          "sensitive_attributes": [],
          "private": "bnVsbA==",
          "dependencies": [
            "module.vpc.aws_vpc.this",
            "module.vpc.aws_vpc_ipv4_cidr_block_association.this"
          ]
        }
      ]
    },
    {
      "module": "module.vpc",
      "mode": "managed",
      "type": "aws_nat_gateway",
      "name": "this",
      "provider": "provider[\"registry.terraform.io/hashicorp/aws\"]",
      "instances": [
        {
          "index_key": 0,
          "schema_version": 0,
          "attributes": {
            "allocation_id": "eipalloc-0426161a0292f9eac",
            "connectivity_type": "public",
            "id": "nat-02c0ddd2ee004cbd6",
            "network_interface_id": "eni-06d57a3c2005e2050",
            "private_ip": "10.0.101.103",
            "public_ip": "3.23.233.137",
            "subnet_id": "subnet-057ac2efa63c841bd",
            "tags": {
              "Environment": "prod",
              "Name": "wyze-us-east-2a",
              "Terraform": "true"
            },
            "tags_all": {
              "Environment": "prod",
              "Name": "wyze-us-east-2a",
              "Terraform": "true"
            }
          },
          "sensitive_attributes": [],
          "private": "bnVsbA==",
          "dependencies": [
            "module.vpc.aws_eip.nat",
            "module.vpc.aws_internet_gateway.this",
            "module.vpc.aws_subnet.public",
            "module.vpc.aws_vpc.this",
            "module.vpc.aws_vpc_ipv4_cidr_block_association.this"
          ]
        },
        {
          "index_key": 1,
          "schema_version": 0,
          "attributes": {
            "allocation_id": "eipalloc-09fcc4e20d843f70a",
            "connectivity_type": "public",
            "id": "nat-0925fd480a9679704",
            "network_interface_id": "eni-00e6bb3086dc63abf",
            "private_ip": "10.0.102.243",
            "public_ip": "3.140.35.84",
            "subnet_id": "subnet-0c1858d38700b1cf8",
            "tags": {
              "Environment": "prod",
              "Name": "wyze-us-east-2b",
              "Terraform": "true"
            },
            "tags_all": {
              "Environment": "prod",
              "Name": "wyze-us-east-2b",
              "Terraform": "true"
            }
          },
          "sensitive_attributes": [],
          "private": "bnVsbA==",
          "dependencies": [
            "module.vpc.aws_eip.nat",
            "module.vpc.aws_internet_gateway.this",
            "module.vpc.aws_subnet.public",
            "module.vpc.aws_vpc.this",
            "module.vpc.aws_vpc_ipv4_cidr_block_association.this"
          ]
        },
        {
          "index_key": 2,
          "schema_version": 0,
          "attributes": {
            "allocation_id": "eipalloc-0a65ae89ee43daa51",
            "connectivity_type": "public",
            "id": "nat-0b2325c2bf3778af3",
            "network_interface_id": "eni-0c29362fe049e0ed0",
            "private_ip": "10.0.103.213",
            "public_ip": "18.189.230.55",
            "subnet_id": "subnet-0b0a830c6d629c2bf",
            "tags": {
              "Environment": "prod",
              "Name": "wyze-us-east-2c",
              "Terraform": "true"
            },
            "tags_all": {
              "Environment": "prod",
              "Name": "wyze-us-east-2c",
              "Terraform": "true"
            }
          },
          "sensitive_attributes": [],
          "private": "bnVsbA==",
          "dependencies": [
            "module.vpc.aws_eip.nat",
            "module.vpc.aws_internet_gateway.this",
            "module.vpc.aws_subnet.public",
            "module.vpc.aws_vpc.this",
            "module.vpc.aws_vpc_ipv4_cidr_block_association.this"
          ]
        }
      ]
    },
    {
      "module": "module.vpc",
      "mode": "managed",
      "type": "aws_route",
      "name": "private_nat_gateway",
      "provider": "provider[\"registry.terraform.io/hashicorp/aws\"]",
      "instances": [
        {
          "index_key": 0,
          "schema_version": 0,
          "attributes": {
            "carrier_gateway_id": "",
            "destination_cidr_block": "0.0.0.0/0",
            "destination_ipv6_cidr_block": "",
            "destination_prefix_list_id": "",
            "egress_only_gateway_id": "",
            "gateway_id": "",
            "id": "r-rtb-0efa23725513efa7d1080289494",
            "instance_id": "",
            "instance_owner_id": "",
            "local_gateway_id": "",
            "nat_gateway_id": "nat-02c0ddd2ee004cbd6",
            "network_interface_id": "",
            "origin": "CreateRoute",
            "route_table_id": "rtb-0efa23725513efa7d",
            "state": "active",
            "timeouts": {
              "create": "5m",
              "delete": null,
              "update": null
            },
            "transit_gateway_id": "",
            "vpc_endpoint_id": "",
            "vpc_peering_connection_id": ""
          },
          "sensitive_attributes": [],
          "private": "eyJlMmJmYjczMC1lY2FhLTExZTYtOGY4OC0zNDM2M2JjN2M0YzAiOnsiY3JlYXRlIjozMDAwMDAwMDAwMDAsImRlbGV0ZSI6MzAwMDAwMDAwMDAwLCJ1cGRhdGUiOjEyMDAwMDAwMDAwMH19",
          "dependencies": [
            "module.vpc.aws_eip.nat",
            "module.vpc.aws_internet_gateway.this",
            "module.vpc.aws_nat_gateway.this",
            "module.vpc.aws_route_table.private",
            "module.vpc.aws_subnet.public",
            "module.vpc.aws_vpc.this",
            "module.vpc.aws_vpc_ipv4_cidr_block_association.this"
          ]
        },
        {
          "index_key": 1,
          "schema_version": 0,
          "attributes": {
            "carrier_gateway_id": "",
            "destination_cidr_block": "0.0.0.0/0",
            "destination_ipv6_cidr_block": "",
            "destination_prefix_list_id": "",
            "egress_only_gateway_id": "",
            "gateway_id": "",
            "id": "r-rtb-00ed0b5797828ec311080289494",
            "instance_id": "",
            "instance_owner_id": "",
            "local_gateway_id": "",
            "nat_gateway_id": "nat-0925fd480a9679704",
            "network_interface_id": "",
            "origin": "CreateRoute",
            "route_table_id": "rtb-00ed0b5797828ec31",
            "state": "active",
            "timeouts": {
              "create": "5m",
              "delete": null,
              "update": null
            },
            "transit_gateway_id": "",
            "vpc_endpoint_id": "",
            "vpc_peering_connection_id": ""
          },
          "sensitive_attributes": [],
          "private": "eyJlMmJmYjczMC1lY2FhLTExZTYtOGY4OC0zNDM2M2JjN2M0YzAiOnsiY3JlYXRlIjozMDAwMDAwMDAwMDAsImRlbGV0ZSI6MzAwMDAwMDAwMDAwLCJ1cGRhdGUiOjEyMDAwMDAwMDAwMH19",
          "dependencies": [
            "module.vpc.aws_eip.nat",
            "module.vpc.aws_internet_gateway.this",
            "module.vpc.aws_nat_gateway.this",
            "module.vpc.aws_route_table.private",
            "module.vpc.aws_subnet.public",
            "module.vpc.aws_vpc.this",
            "module.vpc.aws_vpc_ipv4_cidr_block_association.this"
          ]
        },
        {
          "index_key": 2,
          "schema_version": 0,
          "attributes": {
            "carrier_gateway_id": "",
            "destination_cidr_block": "0.0.0.0/0",
            "destination_ipv6_cidr_block": "",
            "destination_prefix_list_id": "",
            "egress_only_gateway_id": "",
            "gateway_id": "",
            "id": "r-rtb-02457fc9888fe83361080289494",
            "instance_id": "",
            "instance_owner_id": "",
            "local_gateway_id": "",
            "nat_gateway_id": "nat-0b2325c2bf3778af3",
            "network_interface_id": "",
            "origin": "CreateRoute",
            "route_table_id": "rtb-02457fc9888fe8336",
            "state": "active",
            "timeouts": {
              "create": "5m",
              "delete": null,
              "update": null
            },
            "transit_gateway_id": "",
            "vpc_endpoint_id": "",
            "vpc_peering_connection_id": ""
          },
          "sensitive_attributes": [],
          "private": "eyJlMmJmYjczMC1lY2FhLTExZTYtOGY4OC0zNDM2M2JjN2M0YzAiOnsiY3JlYXRlIjozMDAwMDAwMDAwMDAsImRlbGV0ZSI6MzAwMDAwMDAwMDAwLCJ1cGRhdGUiOjEyMDAwMDAwMDAwMH19",
          "dependencies": [
            "module.vpc.aws_eip.nat",
            "module.vpc.aws_internet_gateway.this",
            "module.vpc.aws_nat_gateway.this",
            "module.vpc.aws_route_table.private",
            "module.vpc.aws_subnet.public",
            "module.vpc.aws_vpc.this",
            "module.vpc.aws_vpc_ipv4_cidr_block_association.this"
          ]
        }
      ]
    },
    {
      "module": "module.vpc",
      "mode": "managed",
      "type": "aws_route",
      "name": "public_internet_gateway",
      "provider": "provider[\"registry.terraform.io/hashicorp/aws\"]",
      "instances": [
        {
          "index_key": 0,
          "schema_version": 0,
          "attributes": {
            "carrier_gateway_id": "",
            "destination_cidr_block": "0.0.0.0/0",
            "destination_ipv6_cidr_block": "",
            "destination_prefix_list_id": "",
            "egress_only_gateway_id": "",
            "gateway_id": "igw-0e442f16ef97b5de3",
            "id": "r-rtb-02bda44d4828a2f6c1080289494",
            "instance_id": "",
            "instance_owner_id": "",
            "local_gateway_id": "",
            "nat_gateway_id": "",
            "network_interface_id": "",
            "origin": "CreateRoute",
            "route_table_id": "rtb-02bda44d4828a2f6c",
            "state": "active",
            "timeouts": {
              "create": "5m",
              "delete": null,
              "update": null
            },
            "transit_gateway_id": "",
            "vpc_endpoint_id": "",
            "vpc_peering_connection_id": ""
          },
          "sensitive_attributes": [],
          "private": "eyJlMmJmYjczMC1lY2FhLTExZTYtOGY4OC0zNDM2M2JjN2M0YzAiOnsiY3JlYXRlIjozMDAwMDAwMDAwMDAsImRlbGV0ZSI6MzAwMDAwMDAwMDAwLCJ1cGRhdGUiOjEyMDAwMDAwMDAwMH19",
          "dependencies": [
            "module.vpc.aws_internet_gateway.this",
            "module.vpc.aws_route_table.public",
            "module.vpc.aws_vpc.this",
            "module.vpc.aws_vpc_ipv4_cidr_block_association.this"
          ]
        }
      ]
    },
    {
      "module": "module.vpc",
      "mode": "managed",
      "type": "aws_route_table",
      "name": "private",
      "provider": "provider[\"registry.terraform.io/hashicorp/aws\"]",
      "instances": [
        {
          "index_key": 0,
          "schema_version": 0,
          "attributes": {
            "arn": "arn:aws:ec2:us-east-2:525621568406:route-table/rtb-0efa23725513efa7d",
            "id": "rtb-0efa23725513efa7d",
            "owner_id": "525621568406",
            "propagating_vgws": [],
            "route": [],
            "tags": {
              "Environment": "prod",
              "Name": "wyze-private-us-east-2a",
              "Terraform": "true"
            },
            "tags_all": {
              "Environment": "prod",
              "Name": "wyze-private-us-east-2a",
              "Terraform": "true"
            },
            "timeouts": null,
            "vpc_id": "vpc-00634f39dda251a76"
          },
          "sensitive_attributes": [],
          "private": "eyJlMmJmYjczMC1lY2FhLTExZTYtOGY4OC0zNDM2M2JjN2M0YzAiOnsiY3JlYXRlIjozMDAwMDAwMDAwMDAsImRlbGV0ZSI6MzAwMDAwMDAwMDAwLCJ1cGRhdGUiOjEyMDAwMDAwMDAwMH19",
          "dependencies": [
            "module.vpc.aws_vpc.this",
            "module.vpc.aws_vpc_ipv4_cidr_block_association.this"
          ]
        },
        {
          "index_key": 1,
          "schema_version": 0,
          "attributes": {
            "arn": "arn:aws:ec2:us-east-2:525621568406:route-table/rtb-00ed0b5797828ec31",
            "id": "rtb-00ed0b5797828ec31",
            "owner_id": "525621568406",
            "propagating_vgws": [],
            "route": [],
            "tags": {
              "Environment": "prod",
              "Name": "wyze-private-us-east-2b",
              "Terraform": "true"
            },
            "tags_all": {
              "Environment": "prod",
              "Name": "wyze-private-us-east-2b",
              "Terraform": "true"
            },
            "timeouts": null,
            "vpc_id": "vpc-00634f39dda251a76"
          },
          "sensitive_attributes": [],
          "private": "eyJlMmJmYjczMC1lY2FhLTExZTYtOGY4OC0zNDM2M2JjN2M0YzAiOnsiY3JlYXRlIjozMDAwMDAwMDAwMDAsImRlbGV0ZSI6MzAwMDAwMDAwMDAwLCJ1cGRhdGUiOjEyMDAwMDAwMDAwMH19",
          "dependencies": [
            "module.vpc.aws_vpc.this",
            "module.vpc.aws_vpc_ipv4_cidr_block_association.this"
          ]
        },
        {
          "index_key": 2,
          "schema_version": 0,
          "attributes": {
            "arn": "arn:aws:ec2:us-east-2:525621568406:route-table/rtb-02457fc9888fe8336",
            "id": "rtb-02457fc9888fe8336",
            "owner_id": "525621568406",
            "propagating_vgws": [],
            "route": [],
            "tags": {
              "Environment": "prod",
              "Name": "wyze-private-us-east-2c",
              "Terraform": "true"
            },
            "tags_all": {
              "Environment": "prod",
              "Name": "wyze-private-us-east-2c",
              "Terraform": "true"
            },
            "timeouts": null,
            "vpc_id": "vpc-00634f39dda251a76"
          },
          "sensitive_attributes": [],
          "private": "eyJlMmJmYjczMC1lY2FhLTExZTYtOGY4OC0zNDM2M2JjN2M0YzAiOnsiY3JlYXRlIjozMDAwMDAwMDAwMDAsImRlbGV0ZSI6MzAwMDAwMDAwMDAwLCJ1cGRhdGUiOjEyMDAwMDAwMDAwMH19",
          "dependencies": [
            "module.vpc.aws_vpc.this",
            "module.vpc.aws_vpc_ipv4_cidr_block_association.this"
          ]
        }
      ]
    },
    {
      "module": "module.vpc",
      "mode": "managed",
      "type": "aws_route_table",
      "name": "public",
      "provider": "provider[\"registry.terraform.io/hashicorp/aws\"]",
      "instances": [
        {
          "index_key": 0,
          "schema_version": 0,
          "attributes": {
            "arn": "arn:aws:ec2:us-east-2:525621568406:route-table/rtb-02bda44d4828a2f6c",
            "id": "rtb-02bda44d4828a2f6c",
            "owner_id": "525621568406",
            "propagating_vgws": [],
            "route": [],
            "tags": {
              "Environment": "prod",
              "Name": "wyze-public",
              "Terraform": "true"
            },
            "tags_all": {
              "Environment": "prod",
              "Name": "wyze-public",
              "Terraform": "true"
            },
            "timeouts": null,
            "vpc_id": "vpc-00634f39dda251a76"
          },
          "sensitive_attributes": [],
          "private": "eyJlMmJmYjczMC1lY2FhLTExZTYtOGY4OC0zNDM2M2JjN2M0YzAiOnsiY3JlYXRlIjozMDAwMDAwMDAwMDAsImRlbGV0ZSI6MzAwMDAwMDAwMDAwLCJ1cGRhdGUiOjEyMDAwMDAwMDAwMH19",
          "dependencies": [
            "module.vpc.aws_vpc.this",
            "module.vpc.aws_vpc_ipv4_cidr_block_association.this"
          ]
        }
      ]
    },
    {
      "module": "module.vpc",
      "mode": "managed",
      "type": "aws_route_table_association",
      "name": "database",
      "provider": "provider[\"registry.terraform.io/hashicorp/aws\"]",
      "instances": [
        {
          "index_key": 0,
          "schema_version": 0,
          "attributes": {
            "gateway_id": "",
            "id": "rtbassoc-0db8cba8456ec5b3f",
            "route_table_id": "rtb-0efa23725513efa7d",
            "subnet_id": "subnet-057a1370067d20168"
          },
          "sensitive_attributes": [],
          "private": "bnVsbA==",
          "dependencies": [
            "module.vpc.aws_route_table.database",
            "module.vpc.aws_route_table.private",
            "module.vpc.aws_subnet.database",
            "module.vpc.aws_vpc.this",
            "module.vpc.aws_vpc_ipv4_cidr_block_association.this"
          ]
        },
        {
          "index_key": 1,
          "schema_version": 0,
          "attributes": {
            "gateway_id": "",
            "id": "rtbassoc-08bf70a1e01f79cb6",
            "route_table_id": "rtb-00ed0b5797828ec31",
            "subnet_id": "subnet-058a2ea2a8f6b064a"
          },
          "sensitive_attributes": [],
          "private": "bnVsbA==",
          "dependencies": [
            "module.vpc.aws_route_table.database",
            "module.vpc.aws_route_table.private",
            "module.vpc.aws_subnet.database",
            "module.vpc.aws_vpc.this",
            "module.vpc.aws_vpc_ipv4_cidr_block_association.this"
          ]
        },
        {
          "index_key": 2,
          "schema_version": 0,
          "attributes": {
            "gateway_id": "",
            "id": "rtbassoc-02d07f9a9e4365d54",
            "route_table_id": "rtb-02457fc9888fe8336",
            "subnet_id": "subnet-0d5a7a83507fac0e6"
          },
          "sensitive_attributes": [],
          "private": "bnVsbA==",
          "dependencies": [
            "module.vpc.aws_route_table.database",
            "module.vpc.aws_route_table.private",
            "module.vpc.aws_subnet.database",
            "module.vpc.aws_vpc.this",
            "module.vpc.aws_vpc_ipv4_cidr_block_association.this"
          ]
        }
      ]
    },
    {
      "module": "module.vpc",
      "mode": "managed",
      "type": "aws_route_table_association",
      "name": "private",
      "provider": "provider[\"registry.terraform.io/hashicorp/aws\"]",
      "instances": [
        {
          "index_key": 0,
          "schema_version": 0,
          "attributes": {
            "gateway_id": "",
            "id": "rtbassoc-00b8ea56e0428527b",
            "route_table_id": "rtb-0efa23725513efa7d",
            "subnet_id": "subnet-0a4e7e92482a9b249"
          },
          "sensitive_attributes": [],
          "private": "bnVsbA==",
          "dependencies": [
            "module.vpc.aws_route_table.private",
            "module.vpc.aws_subnet.private",
            "module.vpc.aws_vpc.this",
            "module.vpc.aws_vpc_ipv4_cidr_block_association.this"
          ]
        },
        {
          "index_key": 1,
          "schema_version": 0,
          "attributes": {
            "gateway_id": "",
            "id": "rtbassoc-0426ecf4718907896",
            "route_table_id": "rtb-00ed0b5797828ec31",
            "subnet_id": "subnet-085eda479b8f8e7d1"
          },
          "sensitive_attributes": [],
          "private": "bnVsbA==",
          "dependencies": [
            "module.vpc.aws_route_table.private",
            "module.vpc.aws_subnet.private",
            "module.vpc.aws_vpc.this",
            "module.vpc.aws_vpc_ipv4_cidr_block_association.this"
          ]
        },
        {
          "index_key": 2,
          "schema_version": 0,
          "attributes": {
            "gateway_id": "",
            "id": "rtbassoc-0af2c131f4958ecf1",
            "route_table_id": "rtb-02457fc9888fe8336",
            "subnet_id": "subnet-0f098cf9b2d28bc6f"
          },
          "sensitive_attributes": [],
          "private": "bnVsbA==",
          "dependencies": [
            "module.vpc.aws_route_table.private",
            "module.vpc.aws_subnet.private",
            "module.vpc.aws_vpc.this",
            "module.vpc.aws_vpc_ipv4_cidr_block_association.this"
          ]
        }
      ]
    },
    {
      "module": "module.vpc",
      "mode": "managed",
      "type": "aws_route_table_association",
      "name": "public",
      "provider": "provider[\"registry.terraform.io/hashicorp/aws\"]",
      "instances": [
        {
          "index_key": 0,
          "schema_version": 0,
          "attributes": {
            "gateway_id": "",
            "id": "rtbassoc-09a913be91e19c656",
            "route_table_id": "rtb-02bda44d4828a2f6c",
            "subnet_id": "subnet-057ac2efa63c841bd"
          },
          "sensitive_attributes": [],
          "private": "bnVsbA==",
          "dependencies": [
            "module.vpc.aws_route_table.public",
            "module.vpc.aws_subnet.public",
            "module.vpc.aws_vpc.this",
            "module.vpc.aws_vpc_ipv4_cidr_block_association.this"
          ]
        },
        {
          "index_key": 1,
          "schema_version": 0,
          "attributes": {
            "gateway_id": "",
            "id": "rtbassoc-06b7217798f5d86da",
            "route_table_id": "rtb-02bda44d4828a2f6c",
            "subnet_id": "subnet-0c1858d38700b1cf8"
          },
          "sensitive_attributes": [],
          "private": "bnVsbA==",
          "dependencies": [
            "module.vpc.aws_route_table.public",
            "module.vpc.aws_subnet.public",
            "module.vpc.aws_vpc.this",
            "module.vpc.aws_vpc_ipv4_cidr_block_association.this"
          ]
        },
        {
          "index_key": 2,
          "schema_version": 0,
          "attributes": {
            "gateway_id": "",
            "id": "rtbassoc-0ea821f03c4cb9c74",
            "route_table_id": "rtb-02bda44d4828a2f6c",
            "subnet_id": "subnet-0b0a830c6d629c2bf"
          },
          "sensitive_attributes": [],
          "private": "bnVsbA==",
          "dependencies": [
            "module.vpc.aws_route_table.public",
            "module.vpc.aws_subnet.public",
            "module.vpc.aws_vpc.this",
            "module.vpc.aws_vpc_ipv4_cidr_block_association.this"
          ]
        }
      ]
    },
    {
      "module": "module.vpc",
      "mode": "managed",
      "type": "aws_subnet",
      "name": "database",
      "provider": "provider[\"registry.terraform.io/hashicorp/aws\"]",
      "instances": [
        {
          "index_key": 0,
          "schema_version": 1,
          "attributes": {
            "arn": "arn:aws:ec2:us-east-2:525621568406:subnet/subnet-057a1370067d20168",
            "assign_ipv6_address_on_creation": false,
            "availability_zone": "us-east-2a",
            "availability_zone_id": "use2-az1",
            "cidr_block": "10.0.201.0/24",
            "customer_owned_ipv4_pool": "",
            "enable_dns64": false,
            "enable_resource_name_dns_a_record_on_launch": false,
            "enable_resource_name_dns_aaaa_record_on_launch": false,
            "id": "subnet-057a1370067d20168",
            "ipv6_cidr_block": "",
            "ipv6_cidr_block_association_id": "",
            "ipv6_native": false,
            "map_customer_owned_ip_on_launch": false,
            "map_public_ip_on_launch": false,
            "outpost_arn": "",
            "owner_id": "525621568406",
            "private_dns_hostname_type_on_launch": "ip-name",
            "tags": {
              "Environment": "prod",
              "Name": "wyze-db-us-east-2a",
              "Terraform": "true"
            },
            "tags_all": {
              "Environment": "prod",
              "Name": "wyze-db-us-east-2a",
              "Terraform": "true"
            },
            "timeouts": null,
            "vpc_id": "vpc-00634f39dda251a76"
          },
          "sensitive_attributes": [],
          "private": "eyJlMmJmYjczMC1lY2FhLTExZTYtOGY4OC0zNDM2M2JjN2M0YzAiOnsiY3JlYXRlIjo2MDAwMDAwMDAwMDAsImRlbGV0ZSI6MTIwMDAwMDAwMDAwMH0sInNjaGVtYV92ZXJzaW9uIjoiMSJ9",
          "dependencies": [
            "module.vpc.aws_vpc.this",
            "module.vpc.aws_vpc_ipv4_cidr_block_association.this"
          ]
        },
        {
          "index_key": 1,
          "schema_version": 1,
          "attributes": {
            "arn": "arn:aws:ec2:us-east-2:525621568406:subnet/subnet-058a2ea2a8f6b064a",
            "assign_ipv6_address_on_creation": false,
            "availability_zone": "us-east-2b",
            "availability_zone_id": "use2-az2",
            "cidr_block": "10.0.202.0/24",
            "customer_owned_ipv4_pool": "",
            "enable_dns64": false,
            "enable_resource_name_dns_a_record_on_launch": false,
            "enable_resource_name_dns_aaaa_record_on_launch": false,
            "id": "subnet-058a2ea2a8f6b064a",
            "ipv6_cidr_block": "",
            "ipv6_cidr_block_association_id": "",
            "ipv6_native": false,
            "map_customer_owned_ip_on_launch": false,
            "map_public_ip_on_launch": false,
            "outpost_arn": "",
            "owner_id": "525621568406",
            "private_dns_hostname_type_on_launch": "ip-name",
            "tags": {
              "Environment": "prod",
              "Name": "wyze-db-us-east-2b",
              "Terraform": "true"
            },
            "tags_all": {
              "Environment": "prod",
              "Name": "wyze-db-us-east-2b",
              "Terraform": "true"
            },
            "timeouts": null,
            "vpc_id": "vpc-00634f39dda251a76"
          },
          "sensitive_attributes": [],
          "private": "eyJlMmJmYjczMC1lY2FhLTExZTYtOGY4OC0zNDM2M2JjN2M0YzAiOnsiY3JlYXRlIjo2MDAwMDAwMDAwMDAsImRlbGV0ZSI6MTIwMDAwMDAwMDAwMH0sInNjaGVtYV92ZXJzaW9uIjoiMSJ9",
          "dependencies": [
            "module.vpc.aws_vpc.this",
            "module.vpc.aws_vpc_ipv4_cidr_block_association.this"
          ]
        },
        {
          "index_key": 2,
          "schema_version": 1,
          "attributes": {
            "arn": "arn:aws:ec2:us-east-2:525621568406:subnet/subnet-0d5a7a83507fac0e6",
            "assign_ipv6_address_on_creation": false,
            "availability_zone": "us-east-2c",
            "availability_zone_id": "use2-az3",
            "cidr_block": "10.0.203.0/24",
            "customer_owned_ipv4_pool": "",
            "enable_dns64": false,
            "enable_resource_name_dns_a_record_on_launch": false,
            "enable_resource_name_dns_aaaa_record_on_launch": false,
            "id": "subnet-0d5a7a83507fac0e6",
            "ipv6_cidr_block": "",
            "ipv6_cidr_block_association_id": "",
            "ipv6_native": false,
            "map_customer_owned_ip_on_launch": false,
            "map_public_ip_on_launch": false,
            "outpost_arn": "",
            "owner_id": "525621568406",
            "private_dns_hostname_type_on_launch": "ip-name",
            "tags": {
              "Environment": "prod",
              "Name": "wyze-db-us-east-2c",
              "Terraform": "true"
            },
            "tags_all": {
              "Environment": "prod",
              "Name": "wyze-db-us-east-2c",
              "Terraform": "true"
            },
            "timeouts": null,
            "vpc_id": "vpc-00634f39dda251a76"
          },
          "sensitive_attributes": [],
          "private": "eyJlMmJmYjczMC1lY2FhLTExZTYtOGY4OC0zNDM2M2JjN2M0YzAiOnsiY3JlYXRlIjo2MDAwMDAwMDAwMDAsImRlbGV0ZSI6MTIwMDAwMDAwMDAwMH0sInNjaGVtYV92ZXJzaW9uIjoiMSJ9",
          "dependencies": [
            "module.vpc.aws_vpc.this",
            "module.vpc.aws_vpc_ipv4_cidr_block_association.this"
          ]
        }
      ]
    },
    {
      "module": "module.vpc",
      "mode": "managed",
      "type": "aws_subnet",
      "name": "private",
      "provider": "provider[\"registry.terraform.io/hashicorp/aws\"]",
      "instances": [
        {
          "index_key": 0,
          "schema_version": 1,
          "attributes": {
            "arn": "arn:aws:ec2:us-east-2:525621568406:subnet/subnet-0a4e7e92482a9b249",
            "assign_ipv6_address_on_creation": false,
            "availability_zone": "us-east-2a",
            "availability_zone_id": "use2-az1",
            "cidr_block": "10.0.1.0/24",
            "customer_owned_ipv4_pool": "",
            "enable_dns64": false,
            "enable_resource_name_dns_a_record_on_launch": false,
            "enable_resource_name_dns_aaaa_record_on_launch": false,
            "id": "subnet-0a4e7e92482a9b249",
            "ipv6_cidr_block": "",
            "ipv6_cidr_block_association_id": "",
            "ipv6_native": false,
            "map_customer_owned_ip_on_launch": false,
            "map_public_ip_on_launch": false,
            "outpost_arn": "",
            "owner_id": "525621568406",
            "private_dns_hostname_type_on_launch": "ip-name",
            "tags": {
              "Environment": "prod",
              "Name": "wyze-private-us-east-2a",
              "Terraform": "true"
            },
            "tags_all": {
              "Environment": "prod",
              "Name": "wyze-private-us-east-2a",
              "Terraform": "true"
            },
            "timeouts": null,
            "vpc_id": "vpc-00634f39dda251a76"
          },
          "sensitive_attributes": [],
          "private": "eyJlMmJmYjczMC1lY2FhLTExZTYtOGY4OC0zNDM2M2JjN2M0YzAiOnsiY3JlYXRlIjo2MDAwMDAwMDAwMDAsImRlbGV0ZSI6MTIwMDAwMDAwMDAwMH0sInNjaGVtYV92ZXJzaW9uIjoiMSJ9",
          "dependencies": [
            "module.vpc.aws_vpc.this",
            "module.vpc.aws_vpc_ipv4_cidr_block_association.this"
          ],
          "create_before_destroy": true
        },
        {
          "index_key": 1,
          "schema_version": 1,
          "attributes": {
            "arn": "arn:aws:ec2:us-east-2:525621568406:subnet/subnet-085eda479b8f8e7d1",
            "assign_ipv6_address_on_creation": false,
            "availability_zone": "us-east-2b",
            "availability_zone_id": "use2-az2",
            "cidr_block": "10.0.2.0/24",
            "customer_owned_ipv4_pool": "",
            "enable_dns64": false,
            "enable_resource_name_dns_a_record_on_launch": false,
            "enable_resource_name_dns_aaaa_record_on_launch": false,
            "id": "subnet-085eda479b8f8e7d1",
            "ipv6_cidr_block": "",
            "ipv6_cidr_block_association_id": "",
            "ipv6_native": false,
            "map_customer_owned_ip_on_launch": false,
            "map_public_ip_on_launch": false,
            "outpost_arn": "",
            "owner_id": "525621568406",
            "private_dns_hostname_type_on_launch": "ip-name",
            "tags": {
              "Environment": "prod",
              "Name": "wyze-private-us-east-2b",
              "Terraform": "true"
            },
            "tags_all": {
              "Environment": "prod",
              "Name": "wyze-private-us-east-2b",
              "Terraform": "true"
            },
            "timeouts": null,
            "vpc_id": "vpc-00634f39dda251a76"
          },
          "sensitive_attributes": [],
          "private": "eyJlMmJmYjczMC1lY2FhLTExZTYtOGY4OC0zNDM2M2JjN2M0YzAiOnsiY3JlYXRlIjo2MDAwMDAwMDAwMDAsImRlbGV0ZSI6MTIwMDAwMDAwMDAwMH0sInNjaGVtYV92ZXJzaW9uIjoiMSJ9",
          "dependencies": [
            "module.vpc.aws_vpc.this",
            "module.vpc.aws_vpc_ipv4_cidr_block_association.this"
          ],
          "create_before_destroy": true
        },
        {
          "index_key": 2,
          "schema_version": 1,
          "attributes": {
            "arn": "arn:aws:ec2:us-east-2:525621568406:subnet/subnet-0f098cf9b2d28bc6f",
            "assign_ipv6_address_on_creation": false,
            "availability_zone": "us-east-2c",
            "availability_zone_id": "use2-az3",
            "cidr_block": "10.0.3.0/24",
            "customer_owned_ipv4_pool": "",
            "enable_dns64": false,
            "enable_resource_name_dns_a_record_on_launch": false,
            "enable_resource_name_dns_aaaa_record_on_launch": false,
            "id": "subnet-0f098cf9b2d28bc6f",
            "ipv6_cidr_block": "",
            "ipv6_cidr_block_association_id": "",
            "ipv6_native": false,
            "map_customer_owned_ip_on_launch": false,
            "map_public_ip_on_launch": false,
            "outpost_arn": "",
            "owner_id": "525621568406",
            "private_dns_hostname_type_on_launch": "ip-name",
            "tags": {
              "Environment": "prod",
              "Name": "wyze-private-us-east-2c",
              "Terraform": "true"
            },
            "tags_all": {
              "Environment": "prod",
              "Name": "wyze-private-us-east-2c",
              "Terraform": "true"
            },
            "timeouts": null,
            "vpc_id": "vpc-00634f39dda251a76"
          },
          "sensitive_attributes": [],
          "private": "eyJlMmJmYjczMC1lY2FhLTExZTYtOGY4OC0zNDM2M2JjN2M0YzAiOnsiY3JlYXRlIjo2MDAwMDAwMDAwMDAsImRlbGV0ZSI6MTIwMDAwMDAwMDAwMH0sInNjaGVtYV92ZXJzaW9uIjoiMSJ9",
          "dependencies": [
            "module.vpc.aws_vpc.this",
            "module.vpc.aws_vpc_ipv4_cidr_block_association.this"
          ],
          "create_before_destroy": true
        }
      ]
    },
    {
      "module": "module.vpc",
      "mode": "managed",
      "type": "aws_subnet",
      "name": "public",
      "provider": "provider[\"registry.terraform.io/hashicorp/aws\"]",
      "instances": [
        {
          "index_key": 0,
          "schema_version": 1,
          "attributes": {
            "arn": "arn:aws:ec2:us-east-2:525621568406:subnet/subnet-057ac2efa63c841bd",
            "assign_ipv6_address_on_creation": false,
            "availability_zone": "us-east-2a",
            "availability_zone_id": "use2-az1",
            "cidr_block": "10.0.101.0/24",
            "customer_owned_ipv4_pool": "",
            "enable_dns64": false,
            "enable_resource_name_dns_a_record_on_launch": false,
            "enable_resource_name_dns_aaaa_record_on_launch": false,
            "id": "subnet-057ac2efa63c841bd",
            "ipv6_cidr_block": "",
            "ipv6_cidr_block_association_id": "",
            "ipv6_native": false,
            "map_customer_owned_ip_on_launch": false,
            "map_public_ip_on_launch": true,
            "outpost_arn": "",
            "owner_id": "525621568406",
            "private_dns_hostname_type_on_launch": "ip-name",
            "tags": {
              "Environment": "prod",
              "Name": "wyze-public-us-east-2a",
              "Terraform": "true"
            },
            "tags_all": {
              "Environment": "prod",
              "Name": "wyze-public-us-east-2a",
              "Terraform": "true"
            },
            "timeouts": null,
            "vpc_id": "vpc-00634f39dda251a76"
          },
          "sensitive_attributes": [],
          "private": "eyJlMmJmYjczMC1lY2FhLTExZTYtOGY4OC0zNDM2M2JjN2M0YzAiOnsiY3JlYXRlIjo2MDAwMDAwMDAwMDAsImRlbGV0ZSI6MTIwMDAwMDAwMDAwMH0sInNjaGVtYV92ZXJzaW9uIjoiMSJ9",
          "dependencies": [
            "module.vpc.aws_vpc.this",
            "module.vpc.aws_vpc_ipv4_cidr_block_association.this"
          ]
        },
        {
          "index_key": 1,
          "schema_version": 1,
          "attributes": {
            "arn": "arn:aws:ec2:us-east-2:525621568406:subnet/subnet-0c1858d38700b1cf8",
            "assign_ipv6_address_on_creation": false,
            "availability_zone": "us-east-2b",
            "availability_zone_id": "use2-az2",
            "cidr_block": "10.0.102.0/24",
            "customer_owned_ipv4_pool": "",
            "enable_dns64": false,
            "enable_resource_name_dns_a_record_on_launch": false,
            "enable_resource_name_dns_aaaa_record_on_launch": false,
            "id": "subnet-0c1858d38700b1cf8",
            "ipv6_cidr_block": "",
            "ipv6_cidr_block_association_id": "",
            "ipv6_native": false,
            "map_customer_owned_ip_on_launch": false,
            "map_public_ip_on_launch": true,
            "outpost_arn": "",
            "owner_id": "525621568406",
            "private_dns_hostname_type_on_launch": "ip-name",
            "tags": {
              "Environment": "prod",
              "Name": "wyze-public-us-east-2b",
              "Terraform": "true"
            },
            "tags_all": {
              "Environment": "prod",
              "Name": "wyze-public-us-east-2b",
              "Terraform": "true"
            },
            "timeouts": null,
            "vpc_id": "vpc-00634f39dda251a76"
          },
          "sensitive_attributes": [],
          "private": "eyJlMmJmYjczMC1lY2FhLTExZTYtOGY4OC0zNDM2M2JjN2M0YzAiOnsiY3JlYXRlIjo2MDAwMDAwMDAwMDAsImRlbGV0ZSI6MTIwMDAwMDAwMDAwMH0sInNjaGVtYV92ZXJzaW9uIjoiMSJ9",
          "dependencies": [
            "module.vpc.aws_vpc.this",
            "module.vpc.aws_vpc_ipv4_cidr_block_association.this"
          ]
        },
        {
          "index_key": 2,
          "schema_version": 1,
          "attributes": {
            "arn": "arn:aws:ec2:us-east-2:525621568406:subnet/subnet-0b0a830c6d629c2bf",
            "assign_ipv6_address_on_creation": false,
            "availability_zone": "us-east-2c",
            "availability_zone_id": "use2-az3",
            "cidr_block": "10.0.103.0/24",
            "customer_owned_ipv4_pool": "",
            "enable_dns64": false,
            "enable_resource_name_dns_a_record_on_launch": false,
            "enable_resource_name_dns_aaaa_record_on_launch": false,
            "id": "subnet-0b0a830c6d629c2bf",
            "ipv6_cidr_block": "",
            "ipv6_cidr_block_association_id": "",
            "ipv6_native": false,
            "map_customer_owned_ip_on_launch": false,
            "map_public_ip_on_launch": true,
            "outpost_arn": "",
            "owner_id": "525621568406",
            "private_dns_hostname_type_on_launch": "ip-name",
            "tags": {
              "Environment": "prod",
              "Name": "wyze-public-us-east-2c",
              "Terraform": "true"
            },
            "tags_all": {
              "Environment": "prod",
              "Name": "wyze-public-us-east-2c",
              "Terraform": "true"
            },
            "timeouts": null,
            "vpc_id": "vpc-00634f39dda251a76"
          },
          "sensitive_attributes": [],
          "private": "eyJlMmJmYjczMC1lY2FhLTExZTYtOGY4OC0zNDM2M2JjN2M0YzAiOnsiY3JlYXRlIjo2MDAwMDAwMDAwMDAsImRlbGV0ZSI6MTIwMDAwMDAwMDAwMH0sInNjaGVtYV92ZXJzaW9uIjoiMSJ9",
          "dependencies": [
            "module.vpc.aws_vpc.this",
            "module.vpc.aws_vpc_ipv4_cidr_block_association.this"
          ]
        }
      ]
    },
    {
      "module": "module.vpc",
      "mode": "managed",
      "type": "aws_vpc",
      "name": "this",
      "provider": "provider[\"registry.terraform.io/hashicorp/aws\"]",
      "instances": [
        {
          "index_key": 0,
          "schema_version": 1,
          "attributes": {
            "arn": "arn:aws:ec2:us-east-2:525621568406:vpc/vpc-00634f39dda251a76",
            "assign_generated_ipv6_cidr_block": false,
            "cidr_block": "10.0.0.0/16",
            "default_network_acl_id": "acl-09e99146374ae9d52",
            "default_route_table_id": "rtb-01bdbd46aedcd7f51",
            "default_security_group_id": "sg-01dd7d8ccc27c56dd",
            "dhcp_options_id": "dopt-0937643f3ebc7e8af",
            "enable_classiclink": false,
            "enable_classiclink_dns_support": false,
            "enable_dns_hostnames": false,
            "enable_dns_support": true,
            "id": "vpc-00634f39dda251a76",
            "instance_tenancy": "default",
            "ipv4_ipam_pool_id": null,
            "ipv4_netmask_length": null,
            "ipv6_association_id": "",
            "ipv6_cidr_block": "",
            "ipv6_cidr_block_network_border_group": "",
            "ipv6_ipam_pool_id": "",
            "ipv6_netmask_length": 0,
            "main_route_table_id": "rtb-01bdbd46aedcd7f51",
            "owner_id": "525621568406",
            "tags": {
              "Environment": "prod",
              "Name": "wyze",
              "Terraform": "true"
            },
            "tags_all": {
              "Environment": "prod",
              "Name": "wyze",
              "Terraform": "true"
            }
          },
          "sensitive_attributes": [],
          "private": "eyJzY2hlbWFfdmVyc2lvbiI6IjEifQ==",
          "create_before_destroy": true
        }
      ]
    },
    {
      "module": "module.vpc",
      "mode": "managed",
      "type": "aws_vpn_gateway",
      "name": "this",
      "provider": "provider[\"registry.terraform.io/hashicorp/aws\"]",
      "instances": [
        {
          "index_key": 0,
          "schema_version": 0,
          "attributes": {
            "amazon_side_asn": "64512",
            "arn": "arn:aws:ec2:us-east-2:525621568406:vpn-gateway/vgw-007ec5245ab163744",
            "availability_zone": null,
            "id": "vgw-007ec5245ab163744",
            "tags": {
              "Environment": "prod",
              "Name": "wyze",
              "Terraform": "true"
            },
            "tags_all": {
              "Environment": "prod",
              "Name": "wyze",
              "Terraform": "true"
            },
            "vpc_id": "vpc-00634f39dda251a76"
          },
          "sensitive_attributes": [],
          "private": "bnVsbA==",
          "dependencies": [
            "module.vpc.aws_vpc.this",
            "module.vpc.aws_vpc_ipv4_cidr_block_association.this"
          ]
        }
      ]
    }
  ]
}
